
Microsoft Visual Studio Solution File, Format Version 12.00
# Visual Studio 14
VisualStudioVersion = 14.0.23107.0
MinimumVisualStudioVersion = 10.0.40219.1
Project("{FAE04EC0-301F-11D3-BF4B-00C04F79EFBC}") = "Acr.Geofencing.Android", "Acr.Geofencing.Android\Acr.Geofencing.Android.csproj", "{62C62ADD-D238-4555-AD10-8F9A3034D9DC}"
EndProject
Project("{FAE04EC0-301F-11D3-BF4B-00C04F79EFBC}") = "Acr.Geofencing", "Acr.Geofencing\Acr.Geofencing.csproj", "{31FA338F-6BC7-4BC3-95DF-3E91ABD7A01A}"
EndProject
Project("{FAE04EC0-301F-11D3-BF4B-00C04F79EFBC}") = "Acr.Geofencing.Interfaces", "Acr.Geofencing.Interfaces\Acr.Geofencing.Interfaces.csproj", "{5EFF1CD0-BB12-47AE-A348-D0C761A754F3}"
EndProject
Project("{FAE04EC0-301F-11D3-BF4B-00C04F79EFBC}") = "Acr.Geofencing.iOS", "Acr.Geofencing.iOS\Acr.Geofencing.iOS.csproj", "{A62A945C-0797-4805-A1BD-C7B809D4EA14}"
EndProject
Project("{2150E333-8FDC-42A3-9474-1A3956D46DE8}") = "Solution Items", "Solution Items", "{5B00BCAB-D8AA-4D9D-861F-5F758D3B1E64}"
	ProjectSection(SolutionItems) = preProject
		nuspec\Acr.Geofencing.nuspec = nuspec\Acr.Geofencing.nuspec
		nuspec\nuget.exe = nuspec\nuget.exe
		nuspec\pack.cmd = nuspec\pack.cmd
		nuspec\push.cmd = nuspec\push.cmd
		README.md = README.md
	EndProjectSection
EndProject
Project("{D954291E-2A0B-460D-934E-DC6B0785DB48}") = "Acr.Geofencing.Shared", "Acr.Geofencing.Shared\Acr.Geofencing.Shared.shproj", "{7E23F192-5D23-4B7F-9823-2960083E47EC}"
EndProject
Project("{FAE04EC0-301F-11D3-BF4B-00C04F79EFBC}") = "Samples", "Samples\Samples\Samples.csproj", "{01553D0E-1BA0-40A4-A759-ADE7068A126D}"
EndProject
Project("{FAE04EC0-301F-11D3-BF4B-00C04F79EFBC}") = "Samples.iOS", "Samples\Samples.iOS\Samples.iOS.csproj", "{BA6FC514-15DB-4435-BFE8-2D453D46FAD9}"
EndProject
Project("{FAE04EC0-301F-11D3-BF4B-00C04F79EFBC}") = "Samples.Droid", "Samples\Samples.Droid\Samples.Droid.csproj", "{2FB69D22-A357-43CA-84A6-6924A7C87B23}"
EndProject
Project("{FAE04EC0-301F-11D3-BF4B-00C04F79EFBC}") = "Samples.WinPhone", "Samples\Samples.WinPhone\Samples.WinPhone.csproj", "{362B47E7-74BC-4557-B179-CF054A2164AD}"
EndProject
Project("{2150E333-8FDC-42A3-9474-1A3956D46DE8}") = "lib", "lib", "{5A2C2356-A926-4917-9A1F-6101A6CD515D}"
EndProject
Project("{FAE04EC0-301F-11D3-BF4B-00C04F79EFBC}") = "Acr.Geofencing.Windows", "Acr.Geofencing.Windows\Acr.Geofencing.Windows.csproj", "{2350E5B6-10EB-4AC0-B1DA-729E2F9776C2}"
EndProject
Global
	GlobalSection(SharedMSBuildProjectFiles) = preSolution
		Acr.Geofencing.Shared\Acr.Geofencing.Shared.projitems*{7e23f192-5d23-4b7f-9823-2960083e47ec}*SharedItemsImports = 13
		Acr.Geofencing.Shared\Acr.Geofencing.Shared.projitems*{62c62add-d238-4555-ad10-8f9a3034d9dc}*SharedItemsImports = 4
		Acr.Geofencing.Shared\Acr.Geofencing.Shared.projitems*{2350e5b6-10eb-4ac0-b1da-729e2f9776c2}*SharedItemsImports = 4
		Acr.Geofencing.Shared\Acr.Geofencing.Shared.projitems*{31fa338f-6bc7-4bc3-95df-3e91abd7a01a}*SharedItemsImports = 4
		Acr.Geofencing.Shared\Acr.Geofencing.Shared.projitems*{a62a945c-0797-4805-a1bd-c7b809d4ea14}*SharedItemsImports = 4
	EndGlobalSection
	GlobalSection(SolutionConfigurationPlatforms) = preSolution
		Ad-Hoc|Any CPU = Ad-Hoc|Any CPU
		Ad-Hoc|ARM = Ad-Hoc|ARM
		Ad-Hoc|iPhone = Ad-Hoc|iPhone
		Ad-Hoc|iPhoneSimulator = Ad-Hoc|iPhoneSimulator
		Ad-Hoc|x86 = Ad-Hoc|x86
		AppStore|Any CPU = AppStore|Any CPU
		AppStore|ARM = AppStore|ARM
		AppStore|iPhone = AppStore|iPhone
		AppStore|iPhoneSimulator = AppStore|iPhoneSimulator
		AppStore|x86 = AppStore|x86
		Debug|Any CPU = Debug|Any CPU
		Debug|ARM = Debug|ARM
		Debug|iPhone = Debug|iPhone
		Debug|iPhoneSimulator = Debug|iPhoneSimulator
		Debug|x86 = Debug|x86
		Release|Any CPU = Release|Any CPU
		Release|ARM = Release|ARM
		Release|iPhone = Release|iPhone
		Release|iPhoneSimulator = Release|iPhoneSimulator
		Release|x86 = Release|x86
	EndGlobalSection
	GlobalSection(ProjectConfigurationPlatforms) = postSolution
		{62C62ADD-D238-4555-AD10-8F9A3034D9DC}.Ad-Hoc|Any CPU.ActiveCfg = Release|Any CPU
		{62C62ADD-D238-4555-AD10-8F9A3034D9DC}.Ad-Hoc|Any CPU.Build.0 = Release|Any CPU
		{62C62ADD-D238-4555-AD10-8F9A3034D9DC}.Ad-Hoc|ARM.ActiveCfg = Release|Any CPU
		{62C62ADD-D238-4555-AD10-8F9A3034D9DC}.Ad-Hoc|ARM.Build.0 = Release|Any CPU
		{62C62ADD-D238-4555-AD10-8F9A3034D9DC}.Ad-Hoc|iPhone.ActiveCfg = Release|Any CPU
		{62C62ADD-D238-4555-AD10-8F9A3034D9DC}.Ad-Hoc|iPhone.Build.0 = Release|Any CPU
		{62C62ADD-D238-4555-AD10-8F9A3034D9DC}.Ad-Hoc|iPhoneSimulator.ActiveCfg = Release|Any CPU
		{62C62ADD-D238-4555-AD10-8F9A3034D9DC}.Ad-Hoc|iPhoneSimulator.Build.0 = Release|Any CPU
		{62C62ADD-D238-4555-AD10-8F9A3034D9DC}.Ad-Hoc|x86.ActiveCfg = Release|Any CPU
		{62C62ADD-D238-4555-AD10-8F9A3034D9DC}.Ad-Hoc|x86.Build.0 = Release|Any CPU
		{62C62ADD-D238-4555-AD10-8F9A3034D9DC}.AppStore|Any CPU.ActiveCfg = Release|Any CPU
		{62C62ADD-D238-4555-AD10-8F9A3034D9DC}.AppStore|Any CPU.Build.0 = Release|Any CPU
		{62C62ADD-D238-4555-AD10-8F9A3034D9DC}.AppStore|ARM.ActiveCfg = Release|Any CPU
		{62C62ADD-D238-4555-AD10-8F9A3034D9DC}.AppStore|ARM.Build.0 = Release|Any CPU
		{62C62ADD-D238-4555-AD10-8F9A3034D9DC}.AppStore|iPhone.ActiveCfg = Release|Any CPU
		{62C62ADD-D238-4555-AD10-8F9A3034D9DC}.AppStore|iPhone.Build.0 = Release|Any CPU
		{62C62ADD-D238-4555-AD10-8F9A3034D9DC}.AppStore|iPhoneSimulator.ActiveCfg = Release|Any CPU
		{62C62ADD-D238-4555-AD10-8F9A3034D9DC}.AppStore|iPhoneSimulator.Build.0 = Release|Any CPU
		{62C62ADD-D238-4555-AD10-8F9A3034D9DC}.AppStore|x86.ActiveCfg = Release|Any CPU
		{62C62ADD-D238-4555-AD10-8F9A3034D9DC}.AppStore|x86.Build.0 = Release|Any CPU
		{62C62ADD-D238-4555-AD10-8F9A3034D9DC}.Debug|Any CPU.ActiveCfg = Debug|Any CPU
		{62C62ADD-D238-4555-AD10-8F9A3034D9DC}.Debug|Any CPU.Build.0 = Debug|Any CPU
		{62C62ADD-D238-4555-AD10-8F9A3034D9DC}.Debug|ARM.ActiveCfg = Debug|Any CPU
		{62C62ADD-D238-4555-AD10-8F9A3034D9DC}.Debug|ARM.Build.0 = Debug|Any CPU
		{62C62ADD-D238-4555-AD10-8F9A3034D9DC}.Debug|iPhone.ActiveCfg = Debug|Any CPU
		{62C62ADD-D238-4555-AD10-8F9A3034D9DC}.Debug|iPhone.Build.0 = Debug|Any CPU
		{62C62ADD-D238-4555-AD10-8F9A3034D9DC}.Debug|iPhoneSimulator.ActiveCfg = Debug|Any CPU
		{62C62ADD-D238-4555-AD10-8F9A3034D9DC}.Debug|iPhoneSimulator.Build.0 = Debug|Any CPU
		{62C62ADD-D238-4555-AD10-8F9A3034D9DC}.Debug|x86.ActiveCfg = Debug|Any CPU
		{62C62ADD-D238-4555-AD10-8F9A3034D9DC}.Debug|x86.Build.0 = Debug|Any CPU
		{62C62ADD-D238-4555-AD10-8F9A3034D9DC}.Release|Any CPU.ActiveCfg = Release|Any CPU
		{62C62ADD-D238-4555-AD10-8F9A3034D9DC}.Release|Any CPU.Build.0 = Release|Any CPU
		{62C62ADD-D238-4555-AD10-8F9A3034D9DC}.Release|ARM.ActiveCfg = Release|Any CPU
		{62C62ADD-D238-4555-AD10-8F9A3034D9DC}.Release|ARM.Build.0 = Release|Any CPU
		{62C62ADD-D238-4555-AD10-8F9A3034D9DC}.Release|iPhone.ActiveCfg = Release|Any CPU
		{62C62ADD-D238-4555-AD10-8F9A3034D9DC}.Release|iPhone.Build.0 = Release|Any CPU
		{62C62ADD-D238-4555-AD10-8F9A3034D9DC}.Release|iPhoneSimulator.ActiveCfg = Release|Any CPU
		{62C62ADD-D238-4555-AD10-8F9A3034D9DC}.Release|iPhoneSimulator.Build.0 = Release|Any CPU
		{62C62ADD-D238-4555-AD10-8F9A3034D9DC}.Release|x86.ActiveCfg = Release|Any CPU
		{62C62ADD-D238-4555-AD10-8F9A3034D9DC}.Release|x86.Build.0 = Release|Any CPU
		{31FA338F-6BC7-4BC3-95DF-3E91ABD7A01A}.Ad-Hoc|Any CPU.ActiveCfg = Release|Any CPU
		{31FA338F-6BC7-4BC3-95DF-3E91ABD7A01A}.Ad-Hoc|Any CPU.Build.0 = Release|Any CPU
		{31FA338F-6BC7-4BC3-95DF-3E91ABD7A01A}.Ad-Hoc|ARM.ActiveCfg = Release|Any CPU
		{31FA338F-6BC7-4BC3-95DF-3E91ABD7A01A}.Ad-Hoc|ARM.Build.0 = Release|Any CPU
		{31FA338F-6BC7-4BC3-95DF-3E91ABD7A01A}.Ad-Hoc|iPhone.ActiveCfg = Release|Any CPU
		{31FA338F-6BC7-4BC3-95DF-3E91ABD7A01A}.Ad-Hoc|iPhone.Build.0 = Release|Any CPU
		{31FA338F-6BC7-4BC3-95DF-3E91ABD7A01A}.Ad-Hoc|iPhoneSimulator.ActiveCfg = Release|Any CPU
		{31FA338F-6BC7-4BC3-95DF-3E91ABD7A01A}.Ad-Hoc|iPhoneSimulator.Build.0 = Release|Any CPU
		{31FA338F-6BC7-4BC3-95DF-3E91ABD7A01A}.Ad-Hoc|x86.ActiveCfg = Release|Any CPU
		{31FA338F-6BC7-4BC3-95DF-3E91ABD7A01A}.Ad-Hoc|x86.Build.0 = Release|Any CPU
		{31FA338F-6BC7-4BC3-95DF-3E91ABD7A01A}.AppStore|Any CPU.ActiveCfg = Release|Any CPU
		{31FA338F-6BC7-4BC3-95DF-3E91ABD7A01A}.AppStore|Any CPU.Build.0 = Release|Any CPU
		{31FA338F-6BC7-4BC3-95DF-3E91ABD7A01A}.AppStore|ARM.ActiveCfg = Release|Any CPU
		{31FA338F-6BC7-4BC3-95DF-3E91ABD7A01A}.AppStore|ARM.Build.0 = Release|Any CPU
		{31FA338F-6BC7-4BC3-95DF-3E91ABD7A01A}.AppStore|iPhone.ActiveCfg = Release|Any CPU
		{31FA338F-6BC7-4BC3-95DF-3E91ABD7A01A}.AppStore|iPhone.Build.0 = Release|Any CPU
		{31FA338F-6BC7-4BC3-95DF-3E91ABD7A01A}.AppStore|iPhoneSimulator.ActiveCfg = Release|Any CPU
		{31FA338F-6BC7-4BC3-95DF-3E91ABD7A01A}.AppStore|iPhoneSimulator.Build.0 = Release|Any CPU
		{31FA338F-6BC7-4BC3-95DF-3E91ABD7A01A}.AppStore|x86.ActiveCfg = Release|Any CPU
		{31FA338F-6BC7-4BC3-95DF-3E91ABD7A01A}.AppStore|x86.Build.0 = Release|Any CPU
		{31FA338F-6BC7-4BC3-95DF-3E91ABD7A01A}.Debug|Any CPU.ActiveCfg = Debug|Any CPU
		{31FA338F-6BC7-4BC3-95DF-3E91ABD7A01A}.Debug|Any CPU.Build.0 = Debug|Any CPU
		{31FA338F-6BC7-4BC3-95DF-3E91ABD7A01A}.Debug|ARM.ActiveCfg = Debug|Any CPU
		{31FA338F-6BC7-4BC3-95DF-3E91ABD7A01A}.Debug|ARM.Build.0 = Debug|Any CPU
		{31FA338F-6BC7-4BC3-95DF-3E91ABD7A01A}.Debug|iPhone.ActiveCfg = Debug|Any CPU
		{31FA338F-6BC7-4BC3-95DF-3E91ABD7A01A}.Debug|iPhone.Build.0 = Debug|Any CPU
		{31FA338F-6BC7-4BC3-95DF-3E91ABD7A01A}.Debug|iPhoneSimulator.ActiveCfg = Debug|Any CPU
		{31FA338F-6BC7-4BC3-95DF-3E91ABD7A01A}.Debug|iPhoneSimulator.Build.0 = Debug|Any CPU
		{31FA338F-6BC7-4BC3-95DF-3E91ABD7A01A}.Debug|x86.ActiveCfg = Debug|Any CPU
		{31FA338F-6BC7-4BC3-95DF-3E91ABD7A01A}.Debug|x86.Build.0 = Debug|Any CPU
		{31FA338F-6BC7-4BC3-95DF-3E91ABD7A01A}.Release|Any CPU.ActiveCfg = Release|Any CPU
		{31FA338F-6BC7-4BC3-95DF-3E91ABD7A01A}.Release|Any CPU.Build.0 = Release|Any CPU
		{31FA338F-6BC7-4BC3-95DF-3E91ABD7A01A}.Release|ARM.ActiveCfg = Release|Any CPU
		{31FA338F-6BC7-4BC3-95DF-3E91ABD7A01A}.Release|ARM.Build.0 = Release|Any CPU
		{31FA338F-6BC7-4BC3-95DF-3E91ABD7A01A}.Release|iPhone.ActiveCfg = Release|Any CPU
		{31FA338F-6BC7-4BC3-95DF-3E91ABD7A01A}.Release|iPhone.Build.0 = Release|Any CPU
		{31FA338F-6BC7-4BC3-95DF-3E91ABD7A01A}.Release|iPhoneSimulator.ActiveCfg = Release|Any CPU
		{31FA338F-6BC7-4BC3-95DF-3E91ABD7A01A}.Release|iPhoneSimulator.Build.0 = Release|Any CPU
		{31FA338F-6BC7-4BC3-95DF-3E91ABD7A01A}.Release|x86.ActiveCfg = Release|Any CPU
		{31FA338F-6BC7-4BC3-95DF-3E91ABD7A01A}.Release|x86.Build.0 = Release|Any CPU
		{5EFF1CD0-BB12-47AE-A348-D0C761A754F3}.Ad-Hoc|Any CPU.ActiveCfg = Release|Any CPU
		{5EFF1CD0-BB12-47AE-A348-D0C761A754F3}.Ad-Hoc|Any CPU.Build.0 = Release|Any CPU
		{5EFF1CD0-BB12-47AE-A348-D0C761A754F3}.Ad-Hoc|ARM.ActiveCfg = Release|Any CPU
		{5EFF1CD0-BB12-47AE-A348-D0C761A754F3}.Ad-Hoc|ARM.Build.0 = Release|Any CPU
		{5EFF1CD0-BB12-47AE-A348-D0C761A754F3}.Ad-Hoc|iPhone.ActiveCfg = Release|Any CPU
		{5EFF1CD0-BB12-47AE-A348-D0C761A754F3}.Ad-Hoc|iPhone.Build.0 = Release|Any CPU
		{5EFF1CD0-BB12-47AE-A348-D0C761A754F3}.Ad-Hoc|iPhoneSimulator.ActiveCfg = Release|Any CPU
		{5EFF1CD0-BB12-47AE-A348-D0C761A754F3}.Ad-Hoc|iPhoneSimulator.Build.0 = Release|Any CPU
		{5EFF1CD0-BB12-47AE-A348-D0C761A754F3}.Ad-Hoc|x86.ActiveCfg = Release|Any CPU
		{5EFF1CD0-BB12-47AE-A348-D0C761A754F3}.Ad-Hoc|x86.Build.0 = Release|Any CPU
		{5EFF1CD0-BB12-47AE-A348-D0C761A754F3}.AppStore|Any CPU.ActiveCfg = Release|Any CPU
		{5EFF1CD0-BB12-47AE-A348-D0C761A754F3}.AppStore|Any CPU.Build.0 = Release|Any CPU
		{5EFF1CD0-BB12-47AE-A348-D0C761A754F3}.AppStore|ARM.ActiveCfg = Release|Any CPU
		{5EFF1CD0-BB12-47AE-A348-D0C761A754F3}.AppStore|ARM.Build.0 = Release|Any CPU
		{5EFF1CD0-BB12-47AE-A348-D0C761A754F3}.AppStore|iPhone.ActiveCfg = Release|Any CPU
		{5EFF1CD0-BB12-47AE-A348-D0C761A754F3}.AppStore|iPhone.Build.0 = Release|Any CPU
		{5EFF1CD0-BB12-47AE-A348-D0C761A754F3}.AppStore|iPhoneSimulator.ActiveCfg = Release|Any CPU
		{5EFF1CD0-BB12-47AE-A348-D0C761A754F3}.AppStore|iPhoneSimulator.Build.0 = Release|Any CPU
		{5EFF1CD0-BB12-47AE-A348-D0C761A754F3}.AppStore|x86.ActiveCfg = Release|Any CPU
		{5EFF1CD0-BB12-47AE-A348-D0C761A754F3}.AppStore|x86.Build.0 = Release|Any CPU
		{5EFF1CD0-BB12-47AE-A348-D0C761A754F3}.Debug|Any CPU.ActiveCfg = Debug|Any CPU
		{5EFF1CD0-BB12-47AE-A348-D0C761A754F3}.Debug|Any CPU.Build.0 = Debug|Any CPU
		{5EFF1CD0-BB12-47AE-A348-D0C761A754F3}.Debug|ARM.ActiveCfg = Debug|Any CPU
		{5EFF1CD0-BB12-47AE-A348-D0C761A754F3}.Debug|ARM.Build.0 = Debug|Any CPU
		{5EFF1CD0-BB12-47AE-A348-D0C761A754F3}.Debug|iPhone.ActiveCfg = Debug|Any CPU
		{5EFF1CD0-BB12-47AE-A348-D0C761A754F3}.Debug|iPhone.Build.0 = Debug|Any CPU
		{5EFF1CD0-BB12-47AE-A348-D0C761A754F3}.Debug|iPhoneSimulator.ActiveCfg = Debug|Any CPU
		{5EFF1CD0-BB12-47AE-A348-D0C761A754F3}.Debug|iPhoneSimulator.Build.0 = Debug|Any CPU
		{5EFF1CD0-BB12-47AE-A348-D0C761A754F3}.Debug|x86.ActiveCfg = Debug|Any CPU
		{5EFF1CD0-BB12-47AE-A348-D0C761A754F3}.Debug|x86.Build.0 = Debug|Any CPU
		{5EFF1CD0-BB12-47AE-A348-D0C761A754F3}.Release|Any CPU.ActiveCfg = Release|Any CPU
		{5EFF1CD0-BB12-47AE-A348-D0C761A754F3}.Release|Any CPU.Build.0 = Release|Any CPU
		{5EFF1CD0-BB12-47AE-A348-D0C761A754F3}.Release|ARM.ActiveCfg = Release|Any CPU
		{5EFF1CD0-BB12-47AE-A348-D0C761A754F3}.Release|ARM.Build.0 = Release|Any CPU
		{5EFF1CD0-BB12-47AE-A348-D0C761A754F3}.Release|iPhone.ActiveCfg = Release|Any CPU
		{5EFF1CD0-BB12-47AE-A348-D0C761A754F3}.Release|iPhone.Build.0 = Release|Any CPU
		{5EFF1CD0-BB12-47AE-A348-D0C761A754F3}.Release|iPhoneSimulator.ActiveCfg = Release|Any CPU
		{5EFF1CD0-BB12-47AE-A348-D0C761A754F3}.Release|iPhoneSimulator.Build.0 = Release|Any CPU
		{5EFF1CD0-BB12-47AE-A348-D0C761A754F3}.Release|x86.ActiveCfg = Release|Any CPU
		{5EFF1CD0-BB12-47AE-A348-D0C761A754F3}.Release|x86.Build.0 = Release|Any CPU
		{A62A945C-0797-4805-A1BD-C7B809D4EA14}.Ad-Hoc|Any CPU.ActiveCfg = Release|Any CPU
		{A62A945C-0797-4805-A1BD-C7B809D4EA14}.Ad-Hoc|Any CPU.Build.0 = Release|Any CPU
		{A62A945C-0797-4805-A1BD-C7B809D4EA14}.Ad-Hoc|ARM.ActiveCfg = Release|Any CPU
		{A62A945C-0797-4805-A1BD-C7B809D4EA14}.Ad-Hoc|ARM.Build.0 = Release|Any CPU
		{A62A945C-0797-4805-A1BD-C7B809D4EA14}.Ad-Hoc|iPhone.ActiveCfg = Release|Any CPU
		{A62A945C-0797-4805-A1BD-C7B809D4EA14}.Ad-Hoc|iPhone.Build.0 = Release|Any CPU
		{A62A945C-0797-4805-A1BD-C7B809D4EA14}.Ad-Hoc|iPhoneSimulator.ActiveCfg = Release|Any CPU
		{A62A945C-0797-4805-A1BD-C7B809D4EA14}.Ad-Hoc|iPhoneSimulator.Build.0 = Release|Any CPU
		{A62A945C-0797-4805-A1BD-C7B809D4EA14}.Ad-Hoc|x86.ActiveCfg = Release|Any CPU
		{A62A945C-0797-4805-A1BD-C7B809D4EA14}.Ad-Hoc|x86.Build.0 = Release|Any CPU
		{A62A945C-0797-4805-A1BD-C7B809D4EA14}.AppStore|Any CPU.ActiveCfg = Release|Any CPU
		{A62A945C-0797-4805-A1BD-C7B809D4EA14}.AppStore|Any CPU.Build.0 = Release|Any CPU
		{A62A945C-0797-4805-A1BD-C7B809D4EA14}.AppStore|ARM.ActiveCfg = Release|Any CPU
		{A62A945C-0797-4805-A1BD-C7B809D4EA14}.AppStore|ARM.Build.0 = Release|Any CPU
		{A62A945C-0797-4805-A1BD-C7B809D4EA14}.AppStore|iPhone.ActiveCfg = Release|Any CPU
		{A62A945C-0797-4805-A1BD-C7B809D4EA14}.AppStore|iPhone.Build.0 = Release|Any CPU
		{A62A945C-0797-4805-A1BD-C7B809D4EA14}.AppStore|iPhoneSimulator.ActiveCfg = Release|Any CPU
		{A62A945C-0797-4805-A1BD-C7B809D4EA14}.AppStore|iPhoneSimulator.Build.0 = Release|Any CPU
		{A62A945C-0797-4805-A1BD-C7B809D4EA14}.AppStore|x86.ActiveCfg = Release|Any CPU
		{A62A945C-0797-4805-A1BD-C7B809D4EA14}.AppStore|x86.Build.0 = Release|Any CPU
		{A62A945C-0797-4805-A1BD-C7B809D4EA14}.Debug|Any CPU.ActiveCfg = Debug|Any CPU
		{A62A945C-0797-4805-A1BD-C7B809D4EA14}.Debug|Any CPU.Build.0 = Debug|Any CPU
		{A62A945C-0797-4805-A1BD-C7B809D4EA14}.Debug|ARM.ActiveCfg = Debug|Any CPU
		{A62A945C-0797-4805-A1BD-C7B809D4EA14}.Debug|ARM.Build.0 = Debug|Any CPU
		{A62A945C-0797-4805-A1BD-C7B809D4EA14}.Debug|iPhone.ActiveCfg = Debug|Any CPU
		{A62A945C-0797-4805-A1BD-C7B809D4EA14}.Debug|iPhone.Build.0 = Debug|Any CPU
		{A62A945C-0797-4805-A1BD-C7B809D4EA14}.Debug|iPhoneSimulator.ActiveCfg = Debug|Any CPU
		{A62A945C-0797-4805-A1BD-C7B809D4EA14}.Debug|iPhoneSimulator.Build.0 = Debug|Any CPU
		{A62A945C-0797-4805-A1BD-C7B809D4EA14}.Debug|x86.ActiveCfg = Debug|Any CPU
		{A62A945C-0797-4805-A1BD-C7B809D4EA14}.Debug|x86.Build.0 = Debug|Any CPU
		{A62A945C-0797-4805-A1BD-C7B809D4EA14}.Release|Any CPU.ActiveCfg = Release|Any CPU
		{A62A945C-0797-4805-A1BD-C7B809D4EA14}.Release|Any CPU.Build.0 = Release|Any CPU
		{A62A945C-0797-4805-A1BD-C7B809D4EA14}.Release|ARM.ActiveCfg = Release|Any CPU
		{A62A945C-0797-4805-A1BD-C7B809D4EA14}.Release|ARM.Build.0 = Release|Any CPU
		{A62A945C-0797-4805-A1BD-C7B809D4EA14}.Release|iPhone.ActiveCfg = Release|Any CPU
		{A62A945C-0797-4805-A1BD-C7B809D4EA14}.Release|iPhone.Build.0 = Release|Any CPU
		{A62A945C-0797-4805-A1BD-C7B809D4EA14}.Release|iPhoneSimulator.ActiveCfg = Release|Any CPU
		{A62A945C-0797-4805-A1BD-C7B809D4EA14}.Release|iPhoneSimulator.Build.0 = Release|Any CPU
		{A62A945C-0797-4805-A1BD-C7B809D4EA14}.Release|x86.ActiveCfg = Release|Any CPU
		{A62A945C-0797-4805-A1BD-C7B809D4EA14}.Release|x86.Build.0 = Release|Any CPU
		{01553D0E-1BA0-40A4-A759-ADE7068A126D}.Ad-Hoc|Any CPU.ActiveCfg = Release|Any CPU
		{01553D0E-1BA0-40A4-A759-ADE7068A126D}.Ad-Hoc|Any CPU.Build.0 = Release|Any CPU
		{01553D0E-1BA0-40A4-A759-ADE7068A126D}.Ad-Hoc|ARM.ActiveCfg = Release|Any CPU
		{01553D0E-1BA0-40A4-A759-ADE7068A126D}.Ad-Hoc|ARM.Build.0 = Release|Any CPU
		{01553D0E-1BA0-40A4-A759-ADE7068A126D}.Ad-Hoc|iPhone.ActiveCfg = Release|Any CPU
		{01553D0E-1BA0-40A4-A759-ADE7068A126D}.Ad-Hoc|iPhone.Build.0 = Release|Any CPU
		{01553D0E-1BA0-40A4-A759-ADE7068A126D}.Ad-Hoc|iPhoneSimulator.ActiveCfg = Release|Any CPU
		{01553D0E-1BA0-40A4-A759-ADE7068A126D}.Ad-Hoc|iPhoneSimulator.Build.0 = Release|Any CPU
		{01553D0E-1BA0-40A4-A759-ADE7068A126D}.Ad-Hoc|x86.ActiveCfg = Release|Any CPU
		{01553D0E-1BA0-40A4-A759-ADE7068A126D}.Ad-Hoc|x86.Build.0 = Release|Any CPU
		{01553D0E-1BA0-40A4-A759-ADE7068A126D}.AppStore|Any CPU.ActiveCfg = Release|Any CPU
		{01553D0E-1BA0-40A4-A759-ADE7068A126D}.AppStore|Any CPU.Build.0 = Release|Any CPU
		{01553D0E-1BA0-40A4-A759-ADE7068A126D}.AppStore|ARM.ActiveCfg = Release|Any CPU
		{01553D0E-1BA0-40A4-A759-ADE7068A126D}.AppStore|ARM.Build.0 = Release|Any CPU
		{01553D0E-1BA0-40A4-A759-ADE7068A126D}.AppStore|iPhone.ActiveCfg = Release|Any CPU
		{01553D0E-1BA0-40A4-A759-ADE7068A126D}.AppStore|iPhone.Build.0 = Release|Any CPU
		{01553D0E-1BA0-40A4-A759-ADE7068A126D}.AppStore|iPhoneSimulator.ActiveCfg = Release|Any CPU
		{01553D0E-1BA0-40A4-A759-ADE7068A126D}.AppStore|iPhoneSimulator.Build.0 = Release|Any CPU
		{01553D0E-1BA0-40A4-A759-ADE7068A126D}.AppStore|x86.ActiveCfg = Release|Any CPU
		{01553D0E-1BA0-40A4-A759-ADE7068A126D}.AppStore|x86.Build.0 = Release|Any CPU
		{01553D0E-1BA0-40A4-A759-ADE7068A126D}.Debug|Any CPU.ActiveCfg = Debug|Any CPU
		{01553D0E-1BA0-40A4-A759-ADE7068A126D}.Debug|Any CPU.Build.0 = Debug|Any CPU
		{01553D0E-1BA0-40A4-A759-ADE7068A126D}.Debug|ARM.ActiveCfg = Debug|Any CPU
		{01553D0E-1BA0-40A4-A759-ADE7068A126D}.Debug|ARM.Build.0 = Debug|Any CPU
		{01553D0E-1BA0-40A4-A759-ADE7068A126D}.Debug|iPhone.ActiveCfg = Debug|Any CPU
		{01553D0E-1BA0-40A4-A759-ADE7068A126D}.Debug|iPhone.Build.0 = Debug|Any CPU
		{01553D0E-1BA0-40A4-A759-ADE7068A126D}.Debug|iPhoneSimulator.ActiveCfg = Debug|Any CPU
		{01553D0E-1BA0-40A4-A759-ADE7068A126D}.Debug|iPhoneSimulator.Build.0 = Debug|Any CPU
		{01553D0E-1BA0-40A4-A759-ADE7068A126D}.Debug|x86.ActiveCfg = Debug|Any CPU
		{01553D0E-1BA0-40A4-A759-ADE7068A126D}.Debug|x86.Build.0 = Debug|Any CPU
		{01553D0E-1BA0-40A4-A759-ADE7068A126D}.Release|Any CPU.ActiveCfg = Release|Any CPU
		{01553D0E-1BA0-40A4-A759-ADE7068A126D}.Release|Any CPU.Build.0 = Release|Any CPU
		{01553D0E-1BA0-40A4-A759-ADE7068A126D}.Release|ARM.ActiveCfg = Release|Any CPU
		{01553D0E-1BA0-40A4-A759-ADE7068A126D}.Release|ARM.Build.0 = Release|Any CPU
		{01553D0E-1BA0-40A4-A759-ADE7068A126D}.Release|iPhone.ActiveCfg = Release|Any CPU
		{01553D0E-1BA0-40A4-A759-ADE7068A126D}.Release|iPhone.Build.0 = Release|Any CPU
		{01553D0E-1BA0-40A4-A759-ADE7068A126D}.Release|iPhoneSimulator.ActiveCfg = Release|Any CPU
		{01553D0E-1BA0-40A4-A759-ADE7068A126D}.Release|iPhoneSimulator.Build.0 = Release|Any CPU
		{01553D0E-1BA0-40A4-A759-ADE7068A126D}.Release|x86.ActiveCfg = Release|Any CPU
		{01553D0E-1BA0-40A4-A759-ADE7068A126D}.Release|x86.Build.0 = Release|Any CPU
		{BA6FC514-15DB-4435-BFE8-2D453D46FAD9}.Ad-Hoc|Any CPU.ActiveCfg = Ad-Hoc|iPhone
		{BA6FC514-15DB-4435-BFE8-2D453D46FAD9}.Ad-Hoc|ARM.ActiveCfg = Ad-Hoc|iPhone
		{BA6FC514-15DB-4435-BFE8-2D453D46FAD9}.Ad-Hoc|iPhone.ActiveCfg = Ad-Hoc|iPhone
		{BA6FC514-15DB-4435-BFE8-2D453D46FAD9}.Ad-Hoc|iPhone.Build.0 = Ad-Hoc|iPhone
		{BA6FC514-15DB-4435-BFE8-2D453D46FAD9}.Ad-Hoc|iPhoneSimulator.ActiveCfg = Ad-Hoc|iPhoneSimulator
		{BA6FC514-15DB-4435-BFE8-2D453D46FAD9}.Ad-Hoc|iPhoneSimulator.Build.0 = Ad-Hoc|iPhoneSimulator
		{BA6FC514-15DB-4435-BFE8-2D453D46FAD9}.Ad-Hoc|x86.ActiveCfg = Ad-Hoc|iPhone
		{BA6FC514-15DB-4435-BFE8-2D453D46FAD9}.AppStore|Any CPU.ActiveCfg = AppStore|iPhone
		{BA6FC514-15DB-4435-BFE8-2D453D46FAD9}.AppStore|ARM.ActiveCfg = AppStore|iPhone
		{BA6FC514-15DB-4435-BFE8-2D453D46FAD9}.AppStore|iPhone.ActiveCfg = AppStore|iPhone
		{BA6FC514-15DB-4435-BFE8-2D453D46FAD9}.AppStore|iPhone.Build.0 = AppStore|iPhone
		{BA6FC514-15DB-4435-BFE8-2D453D46FAD9}.AppStore|iPhoneSimulator.ActiveCfg = AppStore|iPhoneSimulator
		{BA6FC514-15DB-4435-BFE8-2D453D46FAD9}.AppStore|iPhoneSimulator.Build.0 = AppStore|iPhoneSimulator
		{BA6FC514-15DB-4435-BFE8-2D453D46FAD9}.AppStore|x86.ActiveCfg = AppStore|iPhone
		{BA6FC514-15DB-4435-BFE8-2D453D46FAD9}.Debug|Any CPU.ActiveCfg = Debug|iPhone
		{BA6FC514-15DB-4435-BFE8-2D453D46FAD9}.Debug|ARM.ActiveCfg = Debug|iPhone
		{BA6FC514-15DB-4435-BFE8-2D453D46FAD9}.Debug|iPhone.ActiveCfg = Debug|iPhone
		{BA6FC514-15DB-4435-BFE8-2D453D46FAD9}.Debug|iPhone.Build.0 = Debug|iPhone
		{BA6FC514-15DB-4435-BFE8-2D453D46FAD9}.Debug|iPhoneSimulator.ActiveCfg = Debug|iPhoneSimulator
		{BA6FC514-15DB-4435-BFE8-2D453D46FAD9}.Debug|iPhoneSimulator.Build.0 = Debug|iPhoneSimulator
		{BA6FC514-15DB-4435-BFE8-2D453D46FAD9}.Debug|x86.ActiveCfg = Debug|iPhone
		{BA6FC514-15DB-4435-BFE8-2D453D46FAD9}.Release|Any CPU.ActiveCfg = Release|iPhone
		{BA6FC514-15DB-4435-BFE8-2D453D46FAD9}.Release|ARM.ActiveCfg = Release|iPhone
		{BA6FC514-15DB-4435-BFE8-2D453D46FAD9}.Release|iPhone.ActiveCfg = Release|iPhone
		{BA6FC514-15DB-4435-BFE8-2D453D46FAD9}.Release|iPhone.Build.0 = Release|iPhone
		{BA6FC514-15DB-4435-BFE8-2D453D46FAD9}.Release|iPhoneSimulator.ActiveCfg = Release|iPhoneSimulator
		{BA6FC514-15DB-4435-BFE8-2D453D46FAD9}.Release|iPhoneSimulator.Build.0 = Release|iPhoneSimulator
		{BA6FC514-15DB-4435-BFE8-2D453D46FAD9}.Release|x86.ActiveCfg = Release|iPhone
		{2FB69D22-A357-43CA-84A6-6924A7C87B23}.Ad-Hoc|Any CPU.ActiveCfg = Release|Any CPU
		{2FB69D22-A357-43CA-84A6-6924A7C87B23}.Ad-Hoc|Any CPU.Build.0 = Release|Any CPU
		{2FB69D22-A357-43CA-84A6-6924A7C87B23}.Ad-Hoc|Any CPU.Deploy.0 = Release|Any CPU
		{2FB69D22-A357-43CA-84A6-6924A7C87B23}.Ad-Hoc|ARM.ActiveCfg = Release|Any CPU
		{2FB69D22-A357-43CA-84A6-6924A7C87B23}.Ad-Hoc|ARM.Build.0 = Release|Any CPU
		{2FB69D22-A357-43CA-84A6-6924A7C87B23}.Ad-Hoc|ARM.Deploy.0 = Release|Any CPU
		{2FB69D22-A357-43CA-84A6-6924A7C87B23}.Ad-Hoc|iPhone.ActiveCfg = Release|Any CPU
		{2FB69D22-A357-43CA-84A6-6924A7C87B23}.Ad-Hoc|iPhone.Build.0 = Release|Any CPU
		{2FB69D22-A357-43CA-84A6-6924A7C87B23}.Ad-Hoc|iPhone.Deploy.0 = Release|Any CPU
		{2FB69D22-A357-43CA-84A6-6924A7C87B23}.Ad-Hoc|iPhoneSimulator.ActiveCfg = Release|Any CPU
		{2FB69D22-A357-43CA-84A6-6924A7C87B23}.Ad-Hoc|iPhoneSimulator.Build.0 = Release|Any CPU
		{2FB69D22-A357-43CA-84A6-6924A7C87B23}.Ad-Hoc|iPhoneSimulator.Deploy.0 = Release|Any CPU
		{2FB69D22-A357-43CA-84A6-6924A7C87B23}.Ad-Hoc|x86.ActiveCfg = Release|Any CPU
		{2FB69D22-A357-43CA-84A6-6924A7C87B23}.Ad-Hoc|x86.Build.0 = Release|Any CPU
		{2FB69D22-A357-43CA-84A6-6924A7C87B23}.Ad-Hoc|x86.Deploy.0 = Release|Any CPU
		{2FB69D22-A357-43CA-84A6-6924A7C87B23}.AppStore|Any CPU.ActiveCfg = Release|Any CPU
		{2FB69D22-A357-43CA-84A6-6924A7C87B23}.AppStore|Any CPU.Build.0 = Release|Any CPU
		{2FB69D22-A357-43CA-84A6-6924A7C87B23}.AppStore|Any CPU.Deploy.0 = Release|Any CPU
		{2FB69D22-A357-43CA-84A6-6924A7C87B23}.AppStore|ARM.ActiveCfg = Release|Any CPU
		{2FB69D22-A357-43CA-84A6-6924A7C87B23}.AppStore|ARM.Build.0 = Release|Any CPU
		{2FB69D22-A357-43CA-84A6-6924A7C87B23}.AppStore|ARM.Deploy.0 = Release|Any CPU
		{2FB69D22-A357-43CA-84A6-6924A7C87B23}.AppStore|iPhone.ActiveCfg = Release|Any CPU
		{2FB69D22-A357-43CA-84A6-6924A7C87B23}.AppStore|iPhone.Build.0 = Release|Any CPU
		{2FB69D22-A357-43CA-84A6-6924A7C87B23}.AppStore|iPhone.Deploy.0 = Release|Any CPU
		{2FB69D22-A357-43CA-84A6-6924A7C87B23}.AppStore|iPhoneSimulator.ActiveCfg = Release|Any CPU
		{2FB69D22-A357-43CA-84A6-6924A7C87B23}.AppStore|iPhoneSimulator.Build.0 = Release|Any CPU
		{2FB69D22-A357-43CA-84A6-6924A7C87B23}.AppStore|iPhoneSimulator.Deploy.0 = Release|Any CPU
		{2FB69D22-A357-43CA-84A6-6924A7C87B23}.AppStore|x86.ActiveCfg = Release|Any CPU
		{2FB69D22-A357-43CA-84A6-6924A7C87B23}.AppStore|x86.Build.0 = Release|Any CPU
		{2FB69D22-A357-43CA-84A6-6924A7C87B23}.AppStore|x86.Deploy.0 = Release|Any CPU
		{2FB69D22-A357-43CA-84A6-6924A7C87B23}.Debug|Any CPU.ActiveCfg = Debug|Any CPU
		{2FB69D22-A357-43CA-84A6-6924A7C87B23}.Debug|Any CPU.Build.0 = Debug|Any CPU
		{2FB69D22-A357-43CA-84A6-6924A7C87B23}.Debug|Any CPU.Deploy.0 = Debug|Any CPU
		{2FB69D22-A357-43CA-84A6-6924A7C87B23}.Debug|ARM.ActiveCfg = Debug|Any CPU
		{2FB69D22-A357-43CA-84A6-6924A7C87B23}.Debug|ARM.Build.0 = Debug|Any CPU
		{2FB69D22-A357-43CA-84A6-6924A7C87B23}.Debug|ARM.Deploy.0 = Debug|Any CPU
		{2FB69D22-A357-43CA-84A6-6924A7C87B23}.Debug|iPhone.ActiveCfg = Debug|Any CPU
		{2FB69D22-A357-43CA-84A6-6924A7C87B23}.Debug|iPhone.Build.0 = Debug|Any CPU
		{2FB69D22-A357-43CA-84A6-6924A7C87B23}.Debug|iPhone.Deploy.0 = Debug|Any CPU
		{2FB69D22-A357-43CA-84A6-6924A7C87B23}.Debug|iPhoneSimulator.ActiveCfg = Debug|Any CPU
		{2FB69D22-A357-43CA-84A6-6924A7C87B23}.Debug|iPhoneSimulator.Build.0 = Debug|Any CPU
		{2FB69D22-A357-43CA-84A6-6924A7C87B23}.Debug|iPhoneSimulator.Deploy.0 = Debug|Any CPU
		{2FB69D22-A357-43CA-84A6-6924A7C87B23}.Debug|x86.ActiveCfg = Debug|Any CPU
		{2FB69D22-A357-43CA-84A6-6924A7C87B23}.Debug|x86.Build.0 = Debug|Any CPU
		{2FB69D22-A357-43CA-84A6-6924A7C87B23}.Debug|x86.Deploy.0 = Debug|Any CPU
		{2FB69D22-A357-43CA-84A6-6924A7C87B23}.Release|Any CPU.ActiveCfg = Release|Any CPU
		{2FB69D22-A357-43CA-84A6-6924A7C87B23}.Release|Any CPU.Build.0 = Release|Any CPU
		{2FB69D22-A357-43CA-84A6-6924A7C87B23}.Release|Any CPU.Deploy.0 = Release|Any CPU
		{2FB69D22-A357-43CA-84A6-6924A7C87B23}.Release|ARM.ActiveCfg = Release|Any CPU
		{2FB69D22-A357-43CA-84A6-6924A7C87B23}.Release|ARM.Build.0 = Release|Any CPU
		{2FB69D22-A357-43CA-84A6-6924A7C87B23}.Release|ARM.Deploy.0 = Release|Any CPU
		{2FB69D22-A357-43CA-84A6-6924A7C87B23}.Release|iPhone.ActiveCfg = Release|Any CPU
		{2FB69D22-A357-43CA-84A6-6924A7C87B23}.Release|iPhone.Build.0 = Release|Any CPU
		{2FB69D22-A357-43CA-84A6-6924A7C87B23}.Release|iPhone.Deploy.0 = Release|Any CPU
		{2FB69D22-A357-43CA-84A6-6924A7C87B23}.Release|iPhoneSimulator.ActiveCfg = Release|Any CPU
		{2FB69D22-A357-43CA-84A6-6924A7C87B23}.Release|iPhoneSimulator.Build.0 = Release|Any CPU
		{2FB69D22-A357-43CA-84A6-6924A7C87B23}.Release|iPhoneSimulator.Deploy.0 = Release|Any CPU
		{2FB69D22-A357-43CA-84A6-6924A7C87B23}.Release|x86.ActiveCfg = Release|Any CPU
		{2FB69D22-A357-43CA-84A6-6924A7C87B23}.Release|x86.Build.0 = Release|Any CPU
		{2FB69D22-A357-43CA-84A6-6924A7C87B23}.Release|x86.Deploy.0 = Release|Any CPU
		{362B47E7-74BC-4557-B179-CF054A2164AD}.Ad-Hoc|Any CPU.ActiveCfg = Release|Any CPU
		{362B47E7-74BC-4557-B179-CF054A2164AD}.Ad-Hoc|Any CPU.Build.0 = Release|Any CPU
		{362B47E7-74BC-4557-B179-CF054A2164AD}.Ad-Hoc|Any CPU.Deploy.0 = Release|Any CPU
		{362B47E7-74BC-4557-B179-CF054A2164AD}.Ad-Hoc|ARM.ActiveCfg = Release|ARM
		{362B47E7-74BC-4557-B179-CF054A2164AD}.Ad-Hoc|ARM.Build.0 = Release|ARM
		{362B47E7-74BC-4557-B179-CF054A2164AD}.Ad-Hoc|ARM.Deploy.0 = Release|ARM
		{362B47E7-74BC-4557-B179-CF054A2164AD}.Ad-Hoc|iPhone.ActiveCfg = Release|Any CPU
		{362B47E7-74BC-4557-B179-CF054A2164AD}.Ad-Hoc|iPhone.Build.0 = Release|Any CPU
		{362B47E7-74BC-4557-B179-CF054A2164AD}.Ad-Hoc|iPhone.Deploy.0 = Release|Any CPU
		{362B47E7-74BC-4557-B179-CF054A2164AD}.Ad-Hoc|iPhoneSimulator.ActiveCfg = Release|Any CPU
		{362B47E7-74BC-4557-B179-CF054A2164AD}.Ad-Hoc|iPhoneSimulator.Build.0 = Release|Any CPU
		{362B47E7-74BC-4557-B179-CF054A2164AD}.Ad-Hoc|iPhoneSimulator.Deploy.0 = Release|Any CPU
		{362B47E7-74BC-4557-B179-CF054A2164AD}.Ad-Hoc|x86.ActiveCfg = Release|x86
		{362B47E7-74BC-4557-B179-CF054A2164AD}.Ad-Hoc|x86.Build.0 = Release|x86
		{362B47E7-74BC-4557-B179-CF054A2164AD}.Ad-Hoc|x86.Deploy.0 = Release|x86
		{362B47E7-74BC-4557-B179-CF054A2164AD}.AppStore|Any CPU.ActiveCfg = Release|Any CPU
		{362B47E7-74BC-4557-B179-CF054A2164AD}.AppStore|Any CPU.Build.0 = Release|Any CPU
		{362B47E7-74BC-4557-B179-CF054A2164AD}.AppStore|Any CPU.Deploy.0 = Release|Any CPU
		{362B47E7-74BC-4557-B179-CF054A2164AD}.AppStore|ARM.ActiveCfg = Release|ARM
		{362B47E7-74BC-4557-B179-CF054A2164AD}.AppStore|ARM.Build.0 = Release|ARM
		{362B47E7-74BC-4557-B179-CF054A2164AD}.AppStore|ARM.Deploy.0 = Release|ARM
		{362B47E7-74BC-4557-B179-CF054A2164AD}.AppStore|iPhone.ActiveCfg = Release|Any CPU
		{362B47E7-74BC-4557-B179-CF054A2164AD}.AppStore|iPhone.Build.0 = Release|Any CPU
		{362B47E7-74BC-4557-B179-CF054A2164AD}.AppStore|iPhone.Deploy.0 = Release|Any CPU
		{362B47E7-74BC-4557-B179-CF054A2164AD}.AppStore|iPhoneSimulator.ActiveCfg = Release|Any CPU
		{362B47E7-74BC-4557-B179-CF054A2164AD}.AppStore|iPhoneSimulator.Build.0 = Release|Any CPU
		{362B47E7-74BC-4557-B179-CF054A2164AD}.AppStore|iPhoneSimulator.Deploy.0 = Release|Any CPU
		{362B47E7-74BC-4557-B179-CF054A2164AD}.AppStore|x86.ActiveCfg = Release|x86
		{362B47E7-74BC-4557-B179-CF054A2164AD}.AppStore|x86.Build.0 = Release|x86
		{362B47E7-74BC-4557-B179-CF054A2164AD}.AppStore|x86.Deploy.0 = Release|x86
		{362B47E7-74BC-4557-B179-CF054A2164AD}.Debug|Any CPU.ActiveCfg = Debug|Any CPU
		{362B47E7-74BC-4557-B179-CF054A2164AD}.Debug|Any CPU.Build.0 = Debug|Any CPU
		{362B47E7-74BC-4557-B179-CF054A2164AD}.Debug|Any CPU.Deploy.0 = Debug|Any CPU
		{362B47E7-74BC-4557-B179-CF054A2164AD}.Debug|ARM.ActiveCfg = Debug|ARM
		{362B47E7-74BC-4557-B179-CF054A2164AD}.Debug|ARM.Build.0 = Debug|ARM
		{362B47E7-74BC-4557-B179-CF054A2164AD}.Debug|ARM.Deploy.0 = Debug|ARM
		{362B47E7-74BC-4557-B179-CF054A2164AD}.Debug|iPhone.ActiveCfg = Debug|Any CPU
		{362B47E7-74BC-4557-B179-CF054A2164AD}.Debug|iPhone.Build.0 = Debug|Any CPU
		{362B47E7-74BC-4557-B179-CF054A2164AD}.Debug|iPhone.Deploy.0 = Debug|Any CPU
		{362B47E7-74BC-4557-B179-CF054A2164AD}.Debug|iPhoneSimulator.ActiveCfg = Debug|Any CPU
		{362B47E7-74BC-4557-B179-CF054A2164AD}.Debug|iPhoneSimulator.Build.0 = Debug|Any CPU
		{362B47E7-74BC-4557-B179-CF054A2164AD}.Debug|iPhoneSimulator.Deploy.0 = Debug|Any CPU
		{362B47E7-74BC-4557-B179-CF054A2164AD}.Debug|x86.ActiveCfg = Debug|x86
		{362B47E7-74BC-4557-B179-CF054A2164AD}.Debug|x86.Build.0 = Debug|x86
		{362B47E7-74BC-4557-B179-CF054A2164AD}.Debug|x86.Deploy.0 = Debug|x86
		{362B47E7-74BC-4557-B179-CF054A2164AD}.Release|Any CPU.ActiveCfg = Release|Any CPU
		{362B47E7-74BC-4557-B179-CF054A2164AD}.Release|Any CPU.Build.0 = Release|Any CPU
		{362B47E7-74BC-4557-B179-CF054A2164AD}.Release|Any CPU.Deploy.0 = Release|Any CPU
		{362B47E7-74BC-4557-B179-CF054A2164AD}.Release|ARM.ActiveCfg = Release|ARM
		{362B47E7-74BC-4557-B179-CF054A2164AD}.Release|ARM.Build.0 = Release|ARM
		{362B47E7-74BC-4557-B179-CF054A2164AD}.Release|ARM.Deploy.0 = Release|ARM
		{362B47E7-74BC-4557-B179-CF054A2164AD}.Release|iPhone.ActiveCfg = Release|Any CPU
		{362B47E7-74BC-4557-B179-CF054A2164AD}.Release|iPhone.Build.0 = Release|Any CPU
		{362B47E7-74BC-4557-B179-CF054A2164AD}.Release|iPhone.Deploy.0 = Release|Any CPU
		{362B47E7-74BC-4557-B179-CF054A2164AD}.Release|iPhoneSimulator.ActiveCfg = Release|Any CPU
		{362B47E7-74BC-4557-B179-CF054A2164AD}.Release|iPhoneSimulator.Build.0 = Release|Any CPU
		{362B47E7-74BC-4557-B179-CF054A2164AD}.Release|iPhoneSimulator.Deploy.0 = Release|Any CPU
		{362B47E7-74BC-4557-B179-CF054A2164AD}.Release|x86.ActiveCfg = Release|x86
		{362B47E7-74BC-4557-B179-CF054A2164AD}.Release|x86.Build.0 = Release|x86
		{362B47E7-74BC-4557-B179-CF054A2164AD}.Release|x86.Deploy.0 = Release|x86
		{2350E5B6-10EB-4AC0-B1DA-729E2F9776C2}.Ad-Hoc|Any CPU.ActiveCfg = Release|Any CPU
		{2350E5B6-10EB-4AC0-B1DA-729E2F9776C2}.Ad-Hoc|Any CPU.Build.0 = Release|Any CPU
		{2350E5B6-10EB-4AC0-B1DA-729E2F9776C2}.Ad-Hoc|ARM.ActiveCfg = Release|Any CPU
		{2350E5B6-10EB-4AC0-B1DA-729E2F9776C2}.Ad-Hoc|ARM.Build.0 = Release|Any CPU
		{2350E5B6-10EB-4AC0-B1DA-729E2F9776C2}.Ad-Hoc|iPhone.ActiveCfg = Release|Any CPU
		{2350E5B6-10EB-4AC0-B1DA-729E2F9776C2}.Ad-Hoc|iPhone.Build.0 = Release|Any CPU
		{2350E5B6-10EB-4AC0-B1DA-729E2F9776C2}.Ad-Hoc|iPhoneSimulator.ActiveCfg = Release|Any CPU
		{2350E5B6-10EB-4AC0-B1DA-729E2F9776C2}.Ad-Hoc|iPhoneSimulator.Build.0 = Release|Any CPU
		{2350E5B6-10EB-4AC0-B1DA-729E2F9776C2}.Ad-Hoc|x86.ActiveCfg = Release|Any CPU
		{2350E5B6-10EB-4AC0-B1DA-729E2F9776C2}.Ad-Hoc|x86.Build.0 = Release|Any CPU
		{2350E5B6-10EB-4AC0-B1DA-729E2F9776C2}.AppStore|Any CPU.ActiveCfg = Release|Any CPU
		{2350E5B6-10EB-4AC0-B1DA-729E2F9776C2}.AppStore|Any CPU.Build.0 = Release|Any CPU
		{2350E5B6-10EB-4AC0-B1DA-729E2F9776C2}.AppStore|ARM.ActiveCfg = Release|Any CPU
		{2350E5B6-10EB-4AC0-B1DA-729E2F9776C2}.AppStore|ARM.Build.0 = Release|Any CPU
		{2350E5B6-10EB-4AC0-B1DA-729E2F9776C2}.AppStore|iPhone.ActiveCfg = Release|Any CPU
		{2350E5B6-10EB-4AC0-B1DA-729E2F9776C2}.AppStore|iPhone.Build.0 = Release|Any CPU
		{2350E5B6-10EB-4AC0-B1DA-729E2F9776C2}.AppStore|iPhoneSimulator.ActiveCfg = Release|Any CPU
		{2350E5B6-10EB-4AC0-B1DA-729E2F9776C2}.AppStore|iPhoneSimulator.Build.0 = Release|Any CPU
		{2350E5B6-10EB-4AC0-B1DA-729E2F9776C2}.AppStore|x86.ActiveCfg = Release|Any CPU
		{2350E5B6-10EB-4AC0-B1DA-729E2F9776C2}.AppStore|x86.Build.0 = Release|Any CPU
		{2350E5B6-10EB-4AC0-B1DA-729E2F9776C2}.Debug|Any CPU.ActiveCfg = Debug|Any CPU
		{2350E5B6-10EB-4AC0-B1DA-729E2F9776C2}.Debug|Any CPU.Build.0 = Debug|Any CPU
		{2350E5B6-10EB-4AC0-B1DA-729E2F9776C2}.Debug|ARM.ActiveCfg = Debug|Any CPU
		{2350E5B6-10EB-4AC0-B1DA-729E2F9776C2}.Debug|ARM.Build.0 = Debug|Any CPU
		{2350E5B6-10EB-4AC0-B1DA-729E2F9776C2}.Debug|iPhone.ActiveCfg = Debug|Any CPU
		{2350E5B6-10EB-4AC0-B1DA-729E2F9776C2}.Debug|iPhone.Build.0 = Debug|Any CPU
		{2350E5B6-10EB-4AC0-B1DA-729E2F9776C2}.Debug|iPhoneSimulator.ActiveCfg = Debug|Any CPU
		{2350E5B6-10EB-4AC0-B1DA-729E2F9776C2}.Debug|iPhoneSimulator.Build.0 = Debug|Any CPU
		{2350E5B6-10EB-4AC0-B1DA-729E2F9776C2}.Debug|x86.ActiveCfg = Debug|Any CPU
		{2350E5B6-10EB-4AC0-B1DA-729E2F9776C2}.Debug|x86.Build.0 = Debug|Any CPU
		{2350E5B6-10EB-4AC0-B1DA-729E2F9776C2}.Release|Any CPU.ActiveCfg = Release|Any CPU
		{2350E5B6-10EB-4AC0-B1DA-729E2F9776C2}.Release|Any CPU.Build.0 = Release|Any CPU
		{2350E5B6-10EB-4AC0-B1DA-729E2F9776C2}.Release|ARM.ActiveCfg = Release|Any CPU
		{2350E5B6-10EB-4AC0-B1DA-729E2F9776C2}.Release|ARM.Build.0 = Release|Any CPU
		{2350E5B6-10EB-4AC0-B1DA-729E2F9776C2}.Release|iPhone.ActiveCfg = Release|Any CPU
		{2350E5B6-10EB-4AC0-B1DA-729E2F9776C2}.Release|iPhone.Build.0 = Release|Any CPU
		{2350E5B6-10EB-4AC0-B1DA-729E2F9776C2}.Release|iPhoneSimulator.ActiveCfg = Release|Any CPU
		{2350E5B6-10EB-4AC0-B1DA-729E2F9776C2}.Release|iPhoneSimulator.Build.0 = Release|Any CPU
		{2350E5B6-10EB-4AC0-B1DA-729E2F9776C2}.Release|x86.ActiveCfg = Release|Any CPU
		{2350E5B6-10EB-4AC0-B1DA-729E2F9776C2}.Release|x86.Build.0 = Release|Any CPU
	EndGlobalSection
	GlobalSection(SolutionProperties) = preSolution
		HideSolutionNode = FALSE
	EndGlobalSection
	GlobalSection(NestedProjects) = preSolution
		{62C62ADD-D238-4555-AD10-8F9A3034D9DC} = {5A2C2356-A926-4917-9A1F-6101A6CD515D}
		{31FA338F-6BC7-4BC3-95DF-3E91ABD7A01A} = {5A2C2356-A926-4917-9A1F-6101A6CD515D}
		{5EFF1CD0-BB12-47AE-A348-D0C761A754F3} = {5A2C2356-A926-4917-9A1F-6101A6CD515D}
		{A62A945C-0797-4805-A1BD-C7B809D4EA14} = {5A2C2356-A926-4917-9A1F-6101A6CD515D}
		{7E23F192-5D23-4B7F-9823-2960083E47EC} = {5A2C2356-A926-4917-9A1F-6101A6CD515D}
		{2350E5B6-10EB-4AC0-B1DA-729E2F9776C2} = {5A2C2356-A926-4917-9A1F-6101A6CD515D}
	EndGlobalSection
EndGlobal
