
Microsoft Visual Studio Solution File, Format Version 12.00
# Visual Studio 14
VisualStudioVersion = 14.0.25420.1
MinimumVisualStudioVersion = 10.0.40219.1
Project("{FAE04EC0-301F-11D3-BF4B-00C04F79EFBC}") = "Acr.Geofencing", "Acr.Geofencing\Acr.Geofencing.csproj", "{31FA338F-6BC7-4BC3-95DF-3E91ABD7A01A}"
EndProject
Project("{FAE04EC0-301F-11D3-BF4B-00C04F79EFBC}") = "Acr.Geofencing.Interfaces", "Acr.Geofencing.Interfaces\Acr.Geofencing.Interfaces.csproj", "{5EFF1CD0-BB12-47AE-A348-D0C761A754F3}"
EndProject
Project("{FAE04EC0-301F-11D3-BF4B-00C04F79EFBC}") = "Acr.Geofencing.iOS", "Acr.Geofencing.iOS\Acr.Geofencing.iOS.csproj", "{A62A945C-0797-4805-A1BD-C7B809D4EA14}"
EndProject
Project("{2150E333-8FDC-42A3-9474-1A3956D46DE8}") = "Solution Items", "Solution Items", "{5B00BCAB-D8AA-4D9D-861F-5F758D3B1E64}"
	ProjectSection(SolutionItems) = preProject
		nuspec\Acr.Geofencing.nuspec = nuspec\Acr.Geofencing.nuspec
		bootbuild.ps1 = bootbuild.ps1
		bootbuild.sh = bootbuild.sh
		build.cake = build.cake
		build.cmd = build.cmd
		nuspec\nuget.exe = nuspec\nuget.exe
		nuspec\pack.cmd = nuspec\pack.cmd
		nuspec\push.cmd = nuspec\push.cmd
		README.md = README.md
	EndProjectSection
EndProject
Project("{D954291E-2A0B-460D-934E-DC6B0785DB48}") = "Acr.Geofencing.Shared", "Acr.Geofencing.Shared\Acr.Geofencing.Shared.shproj", "{7E23F192-5D23-4B7F-9823-2960083E47EC}"
EndProject
Project("{FAE04EC0-301F-11D3-BF4B-00C04F79EFBC}") = "Samples", "Samples\Samples\Samples.csproj", "{01553D0E-1BA0-40A4-A759-ADE7068A126D}"
EndProject
Project("{FAE04EC0-301F-11D3-BF4B-00C04F79EFBC}") = "Samples.iOS", "Samples\Samples.iOS\Samples.iOS.csproj", "{BA6FC514-15DB-4435-BFE8-2D453D46FAD9}"
EndProject
Project("{FAE04EC0-301F-11D3-BF4B-00C04F79EFBC}") = "Samples.Droid", "Samples\Samples.Droid\Samples.Droid.csproj", "{2FB69D22-A357-43CA-84A6-6924A7C87B23}"
EndProject
Project("{2150E333-8FDC-42A3-9474-1A3956D46DE8}") = "lib", "lib", "{5A2C2356-A926-4917-9A1F-6101A6CD515D}"
EndProject
Project("{FAE04EC0-301F-11D3-BF4B-00C04F79EFBC}") = "Acr.Geofencing.Interfaces.Tests", "Acr.Geofencing.Interfaces.Tests\Acr.Geofencing.Interfaces.Tests.csproj", "{C180CADB-A0EA-4088-98F5-534C13397D27}"
EndProject
Project("{FAE04EC0-301F-11D3-BF4B-00C04F79EFBC}") = "Samples.Uwp", "samples\Samples.Uwp\Samples.Uwp.csproj", "{D27B7763-76AE-459A-8BA9-4079E3773E59}"
EndProject
Project("{FAE04EC0-301F-11D3-BF4B-00C04F79EFBC}") = "Acr.Geofencing.Generic", "Acr.Geofencing.Generic\Acr.Geofencing.Generic.csproj", "{72B25A56-5586-4620-92C7-27404F7C1622}"
EndProject
Project("{FAE04EC0-301F-11D3-BF4B-00C04F79EFBC}") = "Acr.Geofencing.Generic.Tests", "Acr.Geofencing.Generic.Tests\Acr.Geofencing.Generic.Tests.csproj", "{C2C3B4AB-0CB1-418B-A3F1-F5ACB56920D3}"
EndProject
Global
	GlobalSection(SharedMSBuildProjectFiles) = preSolution
		Acr.Geofencing.Shared\Acr.Geofencing.Shared.projitems*{31fa338f-6bc7-4bc3-95df-3e91abd7a01a}*SharedItemsImports = 4
		Acr.Geofencing.Shared\Acr.Geofencing.Shared.projitems*{72b25a56-5586-4620-92c7-27404f7c1622}*SharedItemsImports = 4
		Acr.Geofencing.Shared\Acr.Geofencing.Shared.projitems*{7e23f192-5d23-4b7f-9823-2960083e47ec}*SharedItemsImports = 13
		Acr.Geofencing.Shared\Acr.Geofencing.Shared.projitems*{a62a945c-0797-4805-a1bd-c7b809d4ea14}*SharedItemsImports = 4
	EndGlobalSection
	GlobalSection(SolutionConfigurationPlatforms) = preSolution
		Ad-Hoc|Any CPU = Ad-Hoc|Any CPU
		Ad-Hoc|ARM = Ad-Hoc|ARM
		Ad-Hoc|iPhone = Ad-Hoc|iPhone
		Ad-Hoc|iPhoneSimulator = Ad-Hoc|iPhoneSimulator
		Ad-Hoc|x64 = Ad-Hoc|x64
		Ad-Hoc|x86 = Ad-Hoc|x86
		AppStore|Any CPU = AppStore|Any CPU
		AppStore|ARM = AppStore|ARM
		AppStore|iPhone = AppStore|iPhone
		AppStore|iPhoneSimulator = AppStore|iPhoneSimulator
		AppStore|x64 = AppStore|x64
		AppStore|x86 = AppStore|x86
		Debug|Any CPU = Debug|Any CPU
		Debug|ARM = Debug|ARM
		Debug|iPhone = Debug|iPhone
		Debug|iPhoneSimulator = Debug|iPhoneSimulator
		Debug|x64 = Debug|x64
		Debug|x86 = Debug|x86
		Release|Any CPU = Release|Any CPU
		Release|ARM = Release|ARM
		Release|iPhone = Release|iPhone
		Release|iPhoneSimulator = Release|iPhoneSimulator
		Release|x64 = Release|x64
		Release|x86 = Release|x86
	EndGlobalSection
	GlobalSection(ProjectConfigurationPlatforms) = postSolution
		{31FA338F-6BC7-4BC3-95DF-3E91ABD7A01A}.Ad-Hoc|Any CPU.ActiveCfg = Release|Any CPU
		{31FA338F-6BC7-4BC3-95DF-3E91ABD7A01A}.Ad-Hoc|Any CPU.Build.0 = Release|Any CPU
		{31FA338F-6BC7-4BC3-95DF-3E91ABD7A01A}.Ad-Hoc|ARM.ActiveCfg = Release|Any CPU
		{31FA338F-6BC7-4BC3-95DF-3E91ABD7A01A}.Ad-Hoc|ARM.Build.0 = Release|Any CPU
		{31FA338F-6BC7-4BC3-95DF-3E91ABD7A01A}.Ad-Hoc|iPhone.ActiveCfg = Release|Any CPU
		{31FA338F-6BC7-4BC3-95DF-3E91ABD7A01A}.Ad-Hoc|iPhone.Build.0 = Release|Any CPU
		{31FA338F-6BC7-4BC3-95DF-3E91ABD7A01A}.Ad-Hoc|iPhoneSimulator.ActiveCfg = Release|Any CPU
		{31FA338F-6BC7-4BC3-95DF-3E91ABD7A01A}.Ad-Hoc|iPhoneSimulator.Build.0 = Release|Any CPU
		{31FA338F-6BC7-4BC3-95DF-3E91ABD7A01A}.Ad-Hoc|x64.ActiveCfg = Debug|Any CPU
		{31FA338F-6BC7-4BC3-95DF-3E91ABD7A01A}.Ad-Hoc|x64.Build.0 = Debug|Any CPU
		{31FA338F-6BC7-4BC3-95DF-3E91ABD7A01A}.Ad-Hoc|x86.ActiveCfg = Release|Any CPU
		{31FA338F-6BC7-4BC3-95DF-3E91ABD7A01A}.Ad-Hoc|x86.Build.0 = Release|Any CPU
		{31FA338F-6BC7-4BC3-95DF-3E91ABD7A01A}.AppStore|Any CPU.ActiveCfg = Release|Any CPU
		{31FA338F-6BC7-4BC3-95DF-3E91ABD7A01A}.AppStore|Any CPU.Build.0 = Release|Any CPU
		{31FA338F-6BC7-4BC3-95DF-3E91ABD7A01A}.AppStore|ARM.ActiveCfg = Release|Any CPU
		{31FA338F-6BC7-4BC3-95DF-3E91ABD7A01A}.AppStore|ARM.Build.0 = Release|Any CPU
		{31FA338F-6BC7-4BC3-95DF-3E91ABD7A01A}.AppStore|iPhone.ActiveCfg = Release|Any CPU
		{31FA338F-6BC7-4BC3-95DF-3E91ABD7A01A}.AppStore|iPhone.Build.0 = Release|Any CPU
		{31FA338F-6BC7-4BC3-95DF-3E91ABD7A01A}.AppStore|iPhoneSimulator.ActiveCfg = Release|Any CPU
		{31FA338F-6BC7-4BC3-95DF-3E91ABD7A01A}.AppStore|iPhoneSimulator.Build.0 = Release|Any CPU
		{31FA338F-6BC7-4BC3-95DF-3E91ABD7A01A}.AppStore|x64.ActiveCfg = Debug|Any CPU
		{31FA338F-6BC7-4BC3-95DF-3E91ABD7A01A}.AppStore|x64.Build.0 = Debug|Any CPU
		{31FA338F-6BC7-4BC3-95DF-3E91ABD7A01A}.AppStore|x86.ActiveCfg = Release|Any CPU
		{31FA338F-6BC7-4BC3-95DF-3E91ABD7A01A}.AppStore|x86.Build.0 = Release|Any CPU
		{31FA338F-6BC7-4BC3-95DF-3E91ABD7A01A}.Debug|Any CPU.ActiveCfg = Debug|Any CPU
		{31FA338F-6BC7-4BC3-95DF-3E91ABD7A01A}.Debug|Any CPU.Build.0 = Debug|Any CPU
		{31FA338F-6BC7-4BC3-95DF-3E91ABD7A01A}.Debug|ARM.ActiveCfg = Debug|Any CPU
		{31FA338F-6BC7-4BC3-95DF-3E91ABD7A01A}.Debug|ARM.Build.0 = Debug|Any CPU
		{31FA338F-6BC7-4BC3-95DF-3E91ABD7A01A}.Debug|iPhone.ActiveCfg = Debug|Any CPU
		{31FA338F-6BC7-4BC3-95DF-3E91ABD7A01A}.Debug|iPhone.Build.0 = Debug|Any CPU
		{31FA338F-6BC7-4BC3-95DF-3E91ABD7A01A}.Debug|iPhoneSimulator.ActiveCfg = Debug|Any CPU
		{31FA338F-6BC7-4BC3-95DF-3E91ABD7A01A}.Debug|iPhoneSimulator.Build.0 = Debug|Any CPU
		{31FA338F-6BC7-4BC3-95DF-3E91ABD7A01A}.Debug|x64.ActiveCfg = Debug|Any CPU
		{31FA338F-6BC7-4BC3-95DF-3E91ABD7A01A}.Debug|x64.Build.0 = Debug|Any CPU
		{31FA338F-6BC7-4BC3-95DF-3E91ABD7A01A}.Debug|x86.ActiveCfg = Debug|Any CPU
		{31FA338F-6BC7-4BC3-95DF-3E91ABD7A01A}.Debug|x86.Build.0 = Debug|Any CPU
		{31FA338F-6BC7-4BC3-95DF-3E91ABD7A01A}.Release|Any CPU.ActiveCfg = Release|Any CPU
		{31FA338F-6BC7-4BC3-95DF-3E91ABD7A01A}.Release|Any CPU.Build.0 = Release|Any CPU
		{31FA338F-6BC7-4BC3-95DF-3E91ABD7A01A}.Release|ARM.ActiveCfg = Release|Any CPU
		{31FA338F-6BC7-4BC3-95DF-3E91ABD7A01A}.Release|ARM.Build.0 = Release|Any CPU
		{31FA338F-6BC7-4BC3-95DF-3E91ABD7A01A}.Release|iPhone.ActiveCfg = Release|Any CPU
		{31FA338F-6BC7-4BC3-95DF-3E91ABD7A01A}.Release|iPhone.Build.0 = Release|Any CPU
		{31FA338F-6BC7-4BC3-95DF-3E91ABD7A01A}.Release|iPhoneSimulator.ActiveCfg = Release|Any CPU
		{31FA338F-6BC7-4BC3-95DF-3E91ABD7A01A}.Release|iPhoneSimulator.Build.0 = Release|Any CPU
		{31FA338F-6BC7-4BC3-95DF-3E91ABD7A01A}.Release|x64.ActiveCfg = Release|Any CPU
		{31FA338F-6BC7-4BC3-95DF-3E91ABD7A01A}.Release|x64.Build.0 = Release|Any CPU
		{31FA338F-6BC7-4BC3-95DF-3E91ABD7A01A}.Release|x86.ActiveCfg = Release|Any CPU
		{31FA338F-6BC7-4BC3-95DF-3E91ABD7A01A}.Release|x86.Build.0 = Release|Any CPU
		{5EFF1CD0-BB12-47AE-A348-D0C761A754F3}.Ad-Hoc|Any CPU.ActiveCfg = Release|Any CPU
		{5EFF1CD0-BB12-47AE-A348-D0C761A754F3}.Ad-Hoc|Any CPU.Build.0 = Release|Any CPU
		{5EFF1CD0-BB12-47AE-A348-D0C761A754F3}.Ad-Hoc|ARM.ActiveCfg = Release|Any CPU
		{5EFF1CD0-BB12-47AE-A348-D0C761A754F3}.Ad-Hoc|ARM.Build.0 = Release|Any CPU
		{5EFF1CD0-BB12-47AE-A348-D0C761A754F3}.Ad-Hoc|iPhone.ActiveCfg = Release|Any CPU
		{5EFF1CD0-BB12-47AE-A348-D0C761A754F3}.Ad-Hoc|iPhone.Build.0 = Release|Any CPU
		{5EFF1CD0-BB12-47AE-A348-D0C761A754F3}.Ad-Hoc|iPhoneSimulator.ActiveCfg = Release|Any CPU
		{5EFF1CD0-BB12-47AE-A348-D0C761A754F3}.Ad-Hoc|iPhoneSimulator.Build.0 = Release|Any CPU
		{5EFF1CD0-BB12-47AE-A348-D0C761A754F3}.Ad-Hoc|x64.ActiveCfg = Debug|Any CPU
		{5EFF1CD0-BB12-47AE-A348-D0C761A754F3}.Ad-Hoc|x64.Build.0 = Debug|Any CPU
		{5EFF1CD0-BB12-47AE-A348-D0C761A754F3}.Ad-Hoc|x86.ActiveCfg = Release|Any CPU
		{5EFF1CD0-BB12-47AE-A348-D0C761A754F3}.Ad-Hoc|x86.Build.0 = Release|Any CPU
		{5EFF1CD0-BB12-47AE-A348-D0C761A754F3}.AppStore|Any CPU.ActiveCfg = Release|Any CPU
		{5EFF1CD0-BB12-47AE-A348-D0C761A754F3}.AppStore|Any CPU.Build.0 = Release|Any CPU
		{5EFF1CD0-BB12-47AE-A348-D0C761A754F3}.AppStore|ARM.ActiveCfg = Release|Any CPU
		{5EFF1CD0-BB12-47AE-A348-D0C761A754F3}.AppStore|ARM.Build.0 = Release|Any CPU
		{5EFF1CD0-BB12-47AE-A348-D0C761A754F3}.AppStore|iPhone.ActiveCfg = Release|Any CPU
		{5EFF1CD0-BB12-47AE-A348-D0C761A754F3}.AppStore|iPhone.Build.0 = Release|Any CPU
		{5EFF1CD0-BB12-47AE-A348-D0C761A754F3}.AppStore|iPhoneSimulator.ActiveCfg = Release|Any CPU
		{5EFF1CD0-BB12-47AE-A348-D0C761A754F3}.AppStore|iPhoneSimulator.Build.0 = Release|Any CPU
		{5EFF1CD0-BB12-47AE-A348-D0C761A754F3}.AppStore|x64.ActiveCfg = Debug|Any CPU
		{5EFF1CD0-BB12-47AE-A348-D0C761A754F3}.AppStore|x64.Build.0 = Debug|Any CPU
		{5EFF1CD0-BB12-47AE-A348-D0C761A754F3}.AppStore|x86.ActiveCfg = Release|Any CPU
		{5EFF1CD0-BB12-47AE-A348-D0C761A754F3}.AppStore|x86.Build.0 = Release|Any CPU
		{5EFF1CD0-BB12-47AE-A348-D0C761A754F3}.Debug|Any CPU.ActiveCfg = Debug|Any CPU
		{5EFF1CD0-BB12-47AE-A348-D0C761A754F3}.Debug|Any CPU.Build.0 = Debug|Any CPU
		{5EFF1CD0-BB12-47AE-A348-D0C761A754F3}.Debug|ARM.ActiveCfg = Debug|Any CPU
		{5EFF1CD0-BB12-47AE-A348-D0C761A754F3}.Debug|ARM.Build.0 = Debug|Any CPU
		{5EFF1CD0-BB12-47AE-A348-D0C761A754F3}.Debug|iPhone.ActiveCfg = Debug|Any CPU
		{5EFF1CD0-BB12-47AE-A348-D0C761A754F3}.Debug|iPhone.Build.0 = Debug|Any CPU
		{5EFF1CD0-BB12-47AE-A348-D0C761A754F3}.Debug|iPhoneSimulator.ActiveCfg = Debug|Any CPU
		{5EFF1CD0-BB12-47AE-A348-D0C761A754F3}.Debug|iPhoneSimulator.Build.0 = Debug|Any CPU
		{5EFF1CD0-BB12-47AE-A348-D0C761A754F3}.Debug|x64.ActiveCfg = Debug|Any CPU
		{5EFF1CD0-BB12-47AE-A348-D0C761A754F3}.Debug|x64.Build.0 = Debug|Any CPU
		{5EFF1CD0-BB12-47AE-A348-D0C761A754F3}.Debug|x86.ActiveCfg = Debug|Any CPU
		{5EFF1CD0-BB12-47AE-A348-D0C761A754F3}.Debug|x86.Build.0 = Debug|Any CPU
		{5EFF1CD0-BB12-47AE-A348-D0C761A754F3}.Release|Any CPU.ActiveCfg = Release|Any CPU
		{5EFF1CD0-BB12-47AE-A348-D0C761A754F3}.Release|Any CPU.Build.0 = Release|Any CPU
		{5EFF1CD0-BB12-47AE-A348-D0C761A754F3}.Release|ARM.ActiveCfg = Release|Any CPU
		{5EFF1CD0-BB12-47AE-A348-D0C761A754F3}.Release|ARM.Build.0 = Release|Any CPU
		{5EFF1CD0-BB12-47AE-A348-D0C761A754F3}.Release|iPhone.ActiveCfg = Release|Any CPU
		{5EFF1CD0-BB12-47AE-A348-D0C761A754F3}.Release|iPhone.Build.0 = Release|Any CPU
		{5EFF1CD0-BB12-47AE-A348-D0C761A754F3}.Release|iPhoneSimulator.ActiveCfg = Release|Any CPU
		{5EFF1CD0-BB12-47AE-A348-D0C761A754F3}.Release|iPhoneSimulator.Build.0 = Release|Any CPU
		{5EFF1CD0-BB12-47AE-A348-D0C761A754F3}.Release|x64.ActiveCfg = Release|Any CPU
		{5EFF1CD0-BB12-47AE-A348-D0C761A754F3}.Release|x64.Build.0 = Release|Any CPU
		{5EFF1CD0-BB12-47AE-A348-D0C761A754F3}.Release|x86.ActiveCfg = Release|Any CPU
		{5EFF1CD0-BB12-47AE-A348-D0C761A754F3}.Release|x86.Build.0 = Release|Any CPU
		{A62A945C-0797-4805-A1BD-C7B809D4EA14}.Ad-Hoc|Any CPU.ActiveCfg = Release|Any CPU
		{A62A945C-0797-4805-A1BD-C7B809D4EA14}.Ad-Hoc|Any CPU.Build.0 = Release|Any CPU
		{A62A945C-0797-4805-A1BD-C7B809D4EA14}.Ad-Hoc|ARM.ActiveCfg = Release|Any CPU
		{A62A945C-0797-4805-A1BD-C7B809D4EA14}.Ad-Hoc|ARM.Build.0 = Release|Any CPU
		{A62A945C-0797-4805-A1BD-C7B809D4EA14}.Ad-Hoc|iPhone.ActiveCfg = Release|Any CPU
		{A62A945C-0797-4805-A1BD-C7B809D4EA14}.Ad-Hoc|iPhone.Build.0 = Release|Any CPU
		{A62A945C-0797-4805-A1BD-C7B809D4EA14}.Ad-Hoc|iPhoneSimulator.ActiveCfg = Release|Any CPU
		{A62A945C-0797-4805-A1BD-C7B809D4EA14}.Ad-Hoc|iPhoneSimulator.Build.0 = Release|Any CPU
		{A62A945C-0797-4805-A1BD-C7B809D4EA14}.Ad-Hoc|x64.ActiveCfg = Debug|Any CPU
		{A62A945C-0797-4805-A1BD-C7B809D4EA14}.Ad-Hoc|x64.Build.0 = Debug|Any CPU
		{A62A945C-0797-4805-A1BD-C7B809D4EA14}.Ad-Hoc|x86.ActiveCfg = Release|Any CPU
		{A62A945C-0797-4805-A1BD-C7B809D4EA14}.Ad-Hoc|x86.Build.0 = Release|Any CPU
		{A62A945C-0797-4805-A1BD-C7B809D4EA14}.AppStore|Any CPU.ActiveCfg = Release|Any CPU
		{A62A945C-0797-4805-A1BD-C7B809D4EA14}.AppStore|Any CPU.Build.0 = Release|Any CPU
		{A62A945C-0797-4805-A1BD-C7B809D4EA14}.AppStore|ARM.ActiveCfg = Release|Any CPU
		{A62A945C-0797-4805-A1BD-C7B809D4EA14}.AppStore|ARM.Build.0 = Release|Any CPU
		{A62A945C-0797-4805-A1BD-C7B809D4EA14}.AppStore|iPhone.ActiveCfg = Release|Any CPU
		{A62A945C-0797-4805-A1BD-C7B809D4EA14}.AppStore|iPhone.Build.0 = Release|Any CPU
		{A62A945C-0797-4805-A1BD-C7B809D4EA14}.AppStore|iPhoneSimulator.ActiveCfg = Release|Any CPU
		{A62A945C-0797-4805-A1BD-C7B809D4EA14}.AppStore|iPhoneSimulator.Build.0 = Release|Any CPU
		{A62A945C-0797-4805-A1BD-C7B809D4EA14}.AppStore|x64.ActiveCfg = Debug|Any CPU
		{A62A945C-0797-4805-A1BD-C7B809D4EA14}.AppStore|x64.Build.0 = Debug|Any CPU
		{A62A945C-0797-4805-A1BD-C7B809D4EA14}.AppStore|x86.ActiveCfg = Release|Any CPU
		{A62A945C-0797-4805-A1BD-C7B809D4EA14}.AppStore|x86.Build.0 = Release|Any CPU
		{A62A945C-0797-4805-A1BD-C7B809D4EA14}.Debug|Any CPU.ActiveCfg = Debug|Any CPU
		{A62A945C-0797-4805-A1BD-C7B809D4EA14}.Debug|Any CPU.Build.0 = Debug|Any CPU
		{A62A945C-0797-4805-A1BD-C7B809D4EA14}.Debug|ARM.ActiveCfg = Debug|Any CPU
		{A62A945C-0797-4805-A1BD-C7B809D4EA14}.Debug|ARM.Build.0 = Debug|Any CPU
		{A62A945C-0797-4805-A1BD-C7B809D4EA14}.Debug|iPhone.ActiveCfg = Debug|Any CPU
		{A62A945C-0797-4805-A1BD-C7B809D4EA14}.Debug|iPhone.Build.0 = Debug|Any CPU
		{A62A945C-0797-4805-A1BD-C7B809D4EA14}.Debug|iPhoneSimulator.ActiveCfg = Debug|Any CPU
		{A62A945C-0797-4805-A1BD-C7B809D4EA14}.Debug|iPhoneSimulator.Build.0 = Debug|Any CPU
		{A62A945C-0797-4805-A1BD-C7B809D4EA14}.Debug|x64.ActiveCfg = Debug|Any CPU
		{A62A945C-0797-4805-A1BD-C7B809D4EA14}.Debug|x64.Build.0 = Debug|Any CPU
		{A62A945C-0797-4805-A1BD-C7B809D4EA14}.Debug|x86.ActiveCfg = Debug|Any CPU
		{A62A945C-0797-4805-A1BD-C7B809D4EA14}.Debug|x86.Build.0 = Debug|Any CPU
		{A62A945C-0797-4805-A1BD-C7B809D4EA14}.Release|Any CPU.ActiveCfg = Release|Any CPU
		{A62A945C-0797-4805-A1BD-C7B809D4EA14}.Release|Any CPU.Build.0 = Release|Any CPU
		{A62A945C-0797-4805-A1BD-C7B809D4EA14}.Release|ARM.ActiveCfg = Release|Any CPU
		{A62A945C-0797-4805-A1BD-C7B809D4EA14}.Release|ARM.Build.0 = Release|Any CPU
		{A62A945C-0797-4805-A1BD-C7B809D4EA14}.Release|iPhone.ActiveCfg = Release|Any CPU
		{A62A945C-0797-4805-A1BD-C7B809D4EA14}.Release|iPhone.Build.0 = Release|Any CPU
		{A62A945C-0797-4805-A1BD-C7B809D4EA14}.Release|iPhoneSimulator.ActiveCfg = Release|Any CPU
		{A62A945C-0797-4805-A1BD-C7B809D4EA14}.Release|iPhoneSimulator.Build.0 = Release|Any CPU
		{A62A945C-0797-4805-A1BD-C7B809D4EA14}.Release|x64.ActiveCfg = Release|Any CPU
		{A62A945C-0797-4805-A1BD-C7B809D4EA14}.Release|x64.Build.0 = Release|Any CPU
		{A62A945C-0797-4805-A1BD-C7B809D4EA14}.Release|x86.ActiveCfg = Release|Any CPU
		{A62A945C-0797-4805-A1BD-C7B809D4EA14}.Release|x86.Build.0 = Release|Any CPU
		{01553D0E-1BA0-40A4-A759-ADE7068A126D}.Ad-Hoc|Any CPU.ActiveCfg = Release|Any CPU
		{01553D0E-1BA0-40A4-A759-ADE7068A126D}.Ad-Hoc|Any CPU.Build.0 = Release|Any CPU
		{01553D0E-1BA0-40A4-A759-ADE7068A126D}.Ad-Hoc|ARM.ActiveCfg = Release|Any CPU
		{01553D0E-1BA0-40A4-A759-ADE7068A126D}.Ad-Hoc|ARM.Build.0 = Release|Any CPU
		{01553D0E-1BA0-40A4-A759-ADE7068A126D}.Ad-Hoc|iPhone.ActiveCfg = Release|Any CPU
		{01553D0E-1BA0-40A4-A759-ADE7068A126D}.Ad-Hoc|iPhone.Build.0 = Release|Any CPU
		{01553D0E-1BA0-40A4-A759-ADE7068A126D}.Ad-Hoc|iPhoneSimulator.ActiveCfg = Release|Any CPU
		{01553D0E-1BA0-40A4-A759-ADE7068A126D}.Ad-Hoc|iPhoneSimulator.Build.0 = Release|Any CPU
		{01553D0E-1BA0-40A4-A759-ADE7068A126D}.Ad-Hoc|x64.ActiveCfg = Debug|Any CPU
		{01553D0E-1BA0-40A4-A759-ADE7068A126D}.Ad-Hoc|x64.Build.0 = Debug|Any CPU
		{01553D0E-1BA0-40A4-A759-ADE7068A126D}.Ad-Hoc|x86.ActiveCfg = Release|Any CPU
		{01553D0E-1BA0-40A4-A759-ADE7068A126D}.Ad-Hoc|x86.Build.0 = Release|Any CPU
		{01553D0E-1BA0-40A4-A759-ADE7068A126D}.AppStore|Any CPU.ActiveCfg = Release|Any CPU
		{01553D0E-1BA0-40A4-A759-ADE7068A126D}.AppStore|Any CPU.Build.0 = Release|Any CPU
		{01553D0E-1BA0-40A4-A759-ADE7068A126D}.AppStore|ARM.ActiveCfg = Release|Any CPU
		{01553D0E-1BA0-40A4-A759-ADE7068A126D}.AppStore|ARM.Build.0 = Release|Any CPU
		{01553D0E-1BA0-40A4-A759-ADE7068A126D}.AppStore|iPhone.ActiveCfg = Release|Any CPU
		{01553D0E-1BA0-40A4-A759-ADE7068A126D}.AppStore|iPhone.Build.0 = Release|Any CPU
		{01553D0E-1BA0-40A4-A759-ADE7068A126D}.AppStore|iPhoneSimulator.ActiveCfg = Release|Any CPU
		{01553D0E-1BA0-40A4-A759-ADE7068A126D}.AppStore|iPhoneSimulator.Build.0 = Release|Any CPU
		{01553D0E-1BA0-40A4-A759-ADE7068A126D}.AppStore|x64.ActiveCfg = Debug|Any CPU
		{01553D0E-1BA0-40A4-A759-ADE7068A126D}.AppStore|x64.Build.0 = Debug|Any CPU
		{01553D0E-1BA0-40A4-A759-ADE7068A126D}.AppStore|x86.ActiveCfg = Release|Any CPU
		{01553D0E-1BA0-40A4-A759-ADE7068A126D}.AppStore|x86.Build.0 = Release|Any CPU
		{01553D0E-1BA0-40A4-A759-ADE7068A126D}.Debug|Any CPU.ActiveCfg = Debug|Any CPU
		{01553D0E-1BA0-40A4-A759-ADE7068A126D}.Debug|Any CPU.Build.0 = Debug|Any CPU
		{01553D0E-1BA0-40A4-A759-ADE7068A126D}.Debug|ARM.ActiveCfg = Debug|Any CPU
		{01553D0E-1BA0-40A4-A759-ADE7068A126D}.Debug|ARM.Build.0 = Debug|Any CPU
		{01553D0E-1BA0-40A4-A759-ADE7068A126D}.Debug|iPhone.ActiveCfg = Debug|Any CPU
		{01553D0E-1BA0-40A4-A759-ADE7068A126D}.Debug|iPhone.Build.0 = Debug|Any CPU
		{01553D0E-1BA0-40A4-A759-ADE7068A126D}.Debug|iPhoneSimulator.ActiveCfg = Debug|Any CPU
		{01553D0E-1BA0-40A4-A759-ADE7068A126D}.Debug|iPhoneSimulator.Build.0 = Debug|Any CPU
		{01553D0E-1BA0-40A4-A759-ADE7068A126D}.Debug|x64.ActiveCfg = Debug|Any CPU
		{01553D0E-1BA0-40A4-A759-ADE7068A126D}.Debug|x64.Build.0 = Debug|Any CPU
		{01553D0E-1BA0-40A4-A759-ADE7068A126D}.Debug|x86.ActiveCfg = Debug|Any CPU
		{01553D0E-1BA0-40A4-A759-ADE7068A126D}.Debug|x86.Build.0 = Debug|Any CPU
		{01553D0E-1BA0-40A4-A759-ADE7068A126D}.Release|Any CPU.ActiveCfg = Release|Any CPU
		{01553D0E-1BA0-40A4-A759-ADE7068A126D}.Release|Any CPU.Build.0 = Release|Any CPU
		{01553D0E-1BA0-40A4-A759-ADE7068A126D}.Release|ARM.ActiveCfg = Release|Any CPU
		{01553D0E-1BA0-40A4-A759-ADE7068A126D}.Release|ARM.Build.0 = Release|Any CPU
		{01553D0E-1BA0-40A4-A759-ADE7068A126D}.Release|iPhone.ActiveCfg = Release|Any CPU
		{01553D0E-1BA0-40A4-A759-ADE7068A126D}.Release|iPhone.Build.0 = Release|Any CPU
		{01553D0E-1BA0-40A4-A759-ADE7068A126D}.Release|iPhoneSimulator.ActiveCfg = Release|Any CPU
		{01553D0E-1BA0-40A4-A759-ADE7068A126D}.Release|iPhoneSimulator.Build.0 = Release|Any CPU
		{01553D0E-1BA0-40A4-A759-ADE7068A126D}.Release|x64.ActiveCfg = Release|Any CPU
		{01553D0E-1BA0-40A4-A759-ADE7068A126D}.Release|x64.Build.0 = Release|Any CPU
		{01553D0E-1BA0-40A4-A759-ADE7068A126D}.Release|x86.ActiveCfg = Release|Any CPU
		{01553D0E-1BA0-40A4-A759-ADE7068A126D}.Release|x86.Build.0 = Release|Any CPU
		{BA6FC514-15DB-4435-BFE8-2D453D46FAD9}.Ad-Hoc|Any CPU.ActiveCfg = Ad-Hoc|iPhone
		{BA6FC514-15DB-4435-BFE8-2D453D46FAD9}.Ad-Hoc|ARM.ActiveCfg = Ad-Hoc|iPhone
		{BA6FC514-15DB-4435-BFE8-2D453D46FAD9}.Ad-Hoc|iPhone.ActiveCfg = Ad-Hoc|iPhone
		{BA6FC514-15DB-4435-BFE8-2D453D46FAD9}.Ad-Hoc|iPhone.Build.0 = Ad-Hoc|iPhone
		{BA6FC514-15DB-4435-BFE8-2D453D46FAD9}.Ad-Hoc|iPhoneSimulator.ActiveCfg = Ad-Hoc|iPhoneSimulator
		{BA6FC514-15DB-4435-BFE8-2D453D46FAD9}.Ad-Hoc|iPhoneSimulator.Build.0 = Ad-Hoc|iPhoneSimulator
		{BA6FC514-15DB-4435-BFE8-2D453D46FAD9}.Ad-Hoc|x64.ActiveCfg = Ad-Hoc|iPhoneSimulator
		{BA6FC514-15DB-4435-BFE8-2D453D46FAD9}.Ad-Hoc|x86.ActiveCfg = Ad-Hoc|iPhone
		{BA6FC514-15DB-4435-BFE8-2D453D46FAD9}.AppStore|Any CPU.ActiveCfg = AppStore|iPhone
		{BA6FC514-15DB-4435-BFE8-2D453D46FAD9}.AppStore|ARM.ActiveCfg = AppStore|iPhone
		{BA6FC514-15DB-4435-BFE8-2D453D46FAD9}.AppStore|iPhone.ActiveCfg = AppStore|iPhone
		{BA6FC514-15DB-4435-BFE8-2D453D46FAD9}.AppStore|iPhone.Build.0 = AppStore|iPhone
		{BA6FC514-15DB-4435-BFE8-2D453D46FAD9}.AppStore|iPhoneSimulator.ActiveCfg = AppStore|iPhoneSimulator
		{BA6FC514-15DB-4435-BFE8-2D453D46FAD9}.AppStore|iPhoneSimulator.Build.0 = AppStore|iPhoneSimulator
		{BA6FC514-15DB-4435-BFE8-2D453D46FAD9}.AppStore|x64.ActiveCfg = AppStore|iPhoneSimulator
		{BA6FC514-15DB-4435-BFE8-2D453D46FAD9}.AppStore|x86.ActiveCfg = AppStore|iPhone
		{BA6FC514-15DB-4435-BFE8-2D453D46FAD9}.Debug|Any CPU.ActiveCfg = Debug|iPhone
		{BA6FC514-15DB-4435-BFE8-2D453D46FAD9}.Debug|Any CPU.Build.0 = Debug|iPhone
		{BA6FC514-15DB-4435-BFE8-2D453D46FAD9}.Debug|ARM.ActiveCfg = Debug|iPhone
		{BA6FC514-15DB-4435-BFE8-2D453D46FAD9}.Debug|iPhone.ActiveCfg = Debug|iPhone
		{BA6FC514-15DB-4435-BFE8-2D453D46FAD9}.Debug|iPhone.Build.0 = Debug|iPhone
		{BA6FC514-15DB-4435-BFE8-2D453D46FAD9}.Debug|iPhoneSimulator.ActiveCfg = Debug|iPhoneSimulator
		{BA6FC514-15DB-4435-BFE8-2D453D46FAD9}.Debug|iPhoneSimulator.Build.0 = Debug|iPhoneSimulator
		{BA6FC514-15DB-4435-BFE8-2D453D46FAD9}.Debug|x64.ActiveCfg = Debug|iPhoneSimulator
		{BA6FC514-15DB-4435-BFE8-2D453D46FAD9}.Debug|x86.ActiveCfg = Debug|iPhone
		{BA6FC514-15DB-4435-BFE8-2D453D46FAD9}.Release|Any CPU.ActiveCfg = Release|iPhone
		{BA6FC514-15DB-4435-BFE8-2D453D46FAD9}.Release|ARM.ActiveCfg = Release|iPhone
		{BA6FC514-15DB-4435-BFE8-2D453D46FAD9}.Release|iPhone.ActiveCfg = Release|iPhone
		{BA6FC514-15DB-4435-BFE8-2D453D46FAD9}.Release|iPhone.Build.0 = Release|iPhone
		{BA6FC514-15DB-4435-BFE8-2D453D46FAD9}.Release|iPhoneSimulator.ActiveCfg = Release|iPhoneSimulator
		{BA6FC514-15DB-4435-BFE8-2D453D46FAD9}.Release|iPhoneSimulator.Build.0 = Release|iPhoneSimulator
		{BA6FC514-15DB-4435-BFE8-2D453D46FAD9}.Release|x64.ActiveCfg = Release|iPhoneSimulator
		{BA6FC514-15DB-4435-BFE8-2D453D46FAD9}.Release|x86.ActiveCfg = Release|iPhone
		{2FB69D22-A357-43CA-84A6-6924A7C87B23}.Ad-Hoc|Any CPU.ActiveCfg = Release|Any CPU
		{2FB69D22-A357-43CA-84A6-6924A7C87B23}.Ad-Hoc|Any CPU.Build.0 = Release|Any CPU
		{2FB69D22-A357-43CA-84A6-6924A7C87B23}.Ad-Hoc|Any CPU.Deploy.0 = Release|Any CPU
		{2FB69D22-A357-43CA-84A6-6924A7C87B23}.Ad-Hoc|ARM.ActiveCfg = Release|Any CPU
		{2FB69D22-A357-43CA-84A6-6924A7C87B23}.Ad-Hoc|ARM.Build.0 = Release|Any CPU
		{2FB69D22-A357-43CA-84A6-6924A7C87B23}.Ad-Hoc|ARM.Deploy.0 = Release|Any CPU
		{2FB69D22-A357-43CA-84A6-6924A7C87B23}.Ad-Hoc|iPhone.ActiveCfg = Release|Any CPU
		{2FB69D22-A357-43CA-84A6-6924A7C87B23}.Ad-Hoc|iPhone.Build.0 = Release|Any CPU
		{2FB69D22-A357-43CA-84A6-6924A7C87B23}.Ad-Hoc|iPhone.Deploy.0 = Release|Any CPU
		{2FB69D22-A357-43CA-84A6-6924A7C87B23}.Ad-Hoc|iPhoneSimulator.ActiveCfg = Release|Any CPU
		{2FB69D22-A357-43CA-84A6-6924A7C87B23}.Ad-Hoc|iPhoneSimulator.Build.0 = Release|Any CPU
		{2FB69D22-A357-43CA-84A6-6924A7C87B23}.Ad-Hoc|iPhoneSimulator.Deploy.0 = Release|Any CPU
		{2FB69D22-A357-43CA-84A6-6924A7C87B23}.Ad-Hoc|x64.ActiveCfg = Debug|Any CPU
		{2FB69D22-A357-43CA-84A6-6924A7C87B23}.Ad-Hoc|x64.Build.0 = Debug|Any CPU
		{2FB69D22-A357-43CA-84A6-6924A7C87B23}.Ad-Hoc|x64.Deploy.0 = Debug|Any CPU
		{2FB69D22-A357-43CA-84A6-6924A7C87B23}.Ad-Hoc|x86.ActiveCfg = Release|Any CPU
		{2FB69D22-A357-43CA-84A6-6924A7C87B23}.Ad-Hoc|x86.Build.0 = Release|Any CPU
		{2FB69D22-A357-43CA-84A6-6924A7C87B23}.Ad-Hoc|x86.Deploy.0 = Release|Any CPU
		{2FB69D22-A357-43CA-84A6-6924A7C87B23}.AppStore|Any CPU.ActiveCfg = Release|Any CPU
		{2FB69D22-A357-43CA-84A6-6924A7C87B23}.AppStore|Any CPU.Build.0 = Release|Any CPU
		{2FB69D22-A357-43CA-84A6-6924A7C87B23}.AppStore|Any CPU.Deploy.0 = Release|Any CPU
		{2FB69D22-A357-43CA-84A6-6924A7C87B23}.AppStore|ARM.ActiveCfg = Release|Any CPU
		{2FB69D22-A357-43CA-84A6-6924A7C87B23}.AppStore|ARM.Build.0 = Release|Any CPU
		{2FB69D22-A357-43CA-84A6-6924A7C87B23}.AppStore|ARM.Deploy.0 = Release|Any CPU
		{2FB69D22-A357-43CA-84A6-6924A7C87B23}.AppStore|iPhone.ActiveCfg = Release|Any CPU
		{2FB69D22-A357-43CA-84A6-6924A7C87B23}.AppStore|iPhone.Build.0 = Release|Any CPU
		{2FB69D22-A357-43CA-84A6-6924A7C87B23}.AppStore|iPhone.Deploy.0 = Release|Any CPU
		{2FB69D22-A357-43CA-84A6-6924A7C87B23}.AppStore|iPhoneSimulator.ActiveCfg = Release|Any CPU
		{2FB69D22-A357-43CA-84A6-6924A7C87B23}.AppStore|iPhoneSimulator.Build.0 = Release|Any CPU
		{2FB69D22-A357-43CA-84A6-6924A7C87B23}.AppStore|iPhoneSimulator.Deploy.0 = Release|Any CPU
		{2FB69D22-A357-43CA-84A6-6924A7C87B23}.AppStore|x64.ActiveCfg = Debug|Any CPU
		{2FB69D22-A357-43CA-84A6-6924A7C87B23}.AppStore|x64.Build.0 = Debug|Any CPU
		{2FB69D22-A357-43CA-84A6-6924A7C87B23}.AppStore|x64.Deploy.0 = Debug|Any CPU
		{2FB69D22-A357-43CA-84A6-6924A7C87B23}.AppStore|x86.ActiveCfg = Release|Any CPU
		{2FB69D22-A357-43CA-84A6-6924A7C87B23}.AppStore|x86.Build.0 = Release|Any CPU
		{2FB69D22-A357-43CA-84A6-6924A7C87B23}.AppStore|x86.Deploy.0 = Release|Any CPU
		{2FB69D22-A357-43CA-84A6-6924A7C87B23}.Debug|Any CPU.ActiveCfg = Debug|Any CPU
		{2FB69D22-A357-43CA-84A6-6924A7C87B23}.Debug|Any CPU.Build.0 = Debug|Any CPU
		{2FB69D22-A357-43CA-84A6-6924A7C87B23}.Debug|Any CPU.Deploy.0 = Debug|Any CPU
		{2FB69D22-A357-43CA-84A6-6924A7C87B23}.Debug|ARM.ActiveCfg = Debug|Any CPU
		{2FB69D22-A357-43CA-84A6-6924A7C87B23}.Debug|ARM.Build.0 = Debug|Any CPU
		{2FB69D22-A357-43CA-84A6-6924A7C87B23}.Debug|ARM.Deploy.0 = Debug|Any CPU
		{2FB69D22-A357-43CA-84A6-6924A7C87B23}.Debug|iPhone.ActiveCfg = Debug|Any CPU
		{2FB69D22-A357-43CA-84A6-6924A7C87B23}.Debug|iPhone.Build.0 = Debug|Any CPU
		{2FB69D22-A357-43CA-84A6-6924A7C87B23}.Debug|iPhone.Deploy.0 = Debug|Any CPU
		{2FB69D22-A357-43CA-84A6-6924A7C87B23}.Debug|iPhoneSimulator.ActiveCfg = Debug|Any CPU
		{2FB69D22-A357-43CA-84A6-6924A7C87B23}.Debug|iPhoneSimulator.Build.0 = Debug|Any CPU
		{2FB69D22-A357-43CA-84A6-6924A7C87B23}.Debug|iPhoneSimulator.Deploy.0 = Debug|Any CPU
		{2FB69D22-A357-43CA-84A6-6924A7C87B23}.Debug|x64.ActiveCfg = Debug|Any CPU
		{2FB69D22-A357-43CA-84A6-6924A7C87B23}.Debug|x64.Build.0 = Debug|Any CPU
		{2FB69D22-A357-43CA-84A6-6924A7C87B23}.Debug|x64.Deploy.0 = Debug|Any CPU
		{2FB69D22-A357-43CA-84A6-6924A7C87B23}.Debug|x86.ActiveCfg = Debug|Any CPU
		{2FB69D22-A357-43CA-84A6-6924A7C87B23}.Debug|x86.Build.0 = Debug|Any CPU
		{2FB69D22-A357-43CA-84A6-6924A7C87B23}.Debug|x86.Deploy.0 = Debug|Any CPU
		{2FB69D22-A357-43CA-84A6-6924A7C87B23}.Release|Any CPU.ActiveCfg = Release|Any CPU
		{2FB69D22-A357-43CA-84A6-6924A7C87B23}.Release|Any CPU.Build.0 = Release|Any CPU
		{2FB69D22-A357-43CA-84A6-6924A7C87B23}.Release|Any CPU.Deploy.0 = Release|Any CPU
		{2FB69D22-A357-43CA-84A6-6924A7C87B23}.Release|ARM.ActiveCfg = Release|Any CPU
		{2FB69D22-A357-43CA-84A6-6924A7C87B23}.Release|ARM.Build.0 = Release|Any CPU
		{2FB69D22-A357-43CA-84A6-6924A7C87B23}.Release|ARM.Deploy.0 = Release|Any CPU
		{2FB69D22-A357-43CA-84A6-6924A7C87B23}.Release|iPhone.ActiveCfg = Release|Any CPU
		{2FB69D22-A357-43CA-84A6-6924A7C87B23}.Release|iPhone.Build.0 = Release|Any CPU
		{2FB69D22-A357-43CA-84A6-6924A7C87B23}.Release|iPhone.Deploy.0 = Release|Any CPU
		{2FB69D22-A357-43CA-84A6-6924A7C87B23}.Release|iPhoneSimulator.ActiveCfg = Release|Any CPU
		{2FB69D22-A357-43CA-84A6-6924A7C87B23}.Release|iPhoneSimulator.Build.0 = Release|Any CPU
		{2FB69D22-A357-43CA-84A6-6924A7C87B23}.Release|iPhoneSimulator.Deploy.0 = Release|Any CPU
		{2FB69D22-A357-43CA-84A6-6924A7C87B23}.Release|x64.ActiveCfg = Release|Any CPU
		{2FB69D22-A357-43CA-84A6-6924A7C87B23}.Release|x64.Build.0 = Release|Any CPU
		{2FB69D22-A357-43CA-84A6-6924A7C87B23}.Release|x64.Deploy.0 = Release|Any CPU
		{2FB69D22-A357-43CA-84A6-6924A7C87B23}.Release|x86.ActiveCfg = Release|Any CPU
		{2FB69D22-A357-43CA-84A6-6924A7C87B23}.Release|x86.Build.0 = Release|Any CPU
		{2FB69D22-A357-43CA-84A6-6924A7C87B23}.Release|x86.Deploy.0 = Release|Any CPU
		{C180CADB-A0EA-4088-98F5-534C13397D27}.Ad-Hoc|Any CPU.ActiveCfg = Release|Any CPU
		{C180CADB-A0EA-4088-98F5-534C13397D27}.Ad-Hoc|Any CPU.Build.0 = Release|Any CPU
		{C180CADB-A0EA-4088-98F5-534C13397D27}.Ad-Hoc|ARM.ActiveCfg = Release|Any CPU
		{C180CADB-A0EA-4088-98F5-534C13397D27}.Ad-Hoc|ARM.Build.0 = Release|Any CPU
		{C180CADB-A0EA-4088-98F5-534C13397D27}.Ad-Hoc|iPhone.ActiveCfg = Release|Any CPU
		{C180CADB-A0EA-4088-98F5-534C13397D27}.Ad-Hoc|iPhone.Build.0 = Release|Any CPU
		{C180CADB-A0EA-4088-98F5-534C13397D27}.Ad-Hoc|iPhoneSimulator.ActiveCfg = Release|Any CPU
		{C180CADB-A0EA-4088-98F5-534C13397D27}.Ad-Hoc|iPhoneSimulator.Build.0 = Release|Any CPU
		{C180CADB-A0EA-4088-98F5-534C13397D27}.Ad-Hoc|x64.ActiveCfg = Release|Any CPU
		{C180CADB-A0EA-4088-98F5-534C13397D27}.Ad-Hoc|x64.Build.0 = Release|Any CPU
		{C180CADB-A0EA-4088-98F5-534C13397D27}.Ad-Hoc|x86.ActiveCfg = Release|Any CPU
		{C180CADB-A0EA-4088-98F5-534C13397D27}.Ad-Hoc|x86.Build.0 = Release|Any CPU
		{C180CADB-A0EA-4088-98F5-534C13397D27}.AppStore|Any CPU.ActiveCfg = Release|Any CPU
		{C180CADB-A0EA-4088-98F5-534C13397D27}.AppStore|Any CPU.Build.0 = Release|Any CPU
		{C180CADB-A0EA-4088-98F5-534C13397D27}.AppStore|ARM.ActiveCfg = Release|Any CPU
		{C180CADB-A0EA-4088-98F5-534C13397D27}.AppStore|ARM.Build.0 = Release|Any CPU
		{C180CADB-A0EA-4088-98F5-534C13397D27}.AppStore|iPhone.ActiveCfg = Release|Any CPU
		{C180CADB-A0EA-4088-98F5-534C13397D27}.AppStore|iPhone.Build.0 = Release|Any CPU
		{C180CADB-A0EA-4088-98F5-534C13397D27}.AppStore|iPhoneSimulator.ActiveCfg = Release|Any CPU
		{C180CADB-A0EA-4088-98F5-534C13397D27}.AppStore|iPhoneSimulator.Build.0 = Release|Any CPU
		{C180CADB-A0EA-4088-98F5-534C13397D27}.AppStore|x64.ActiveCfg = Release|Any CPU
		{C180CADB-A0EA-4088-98F5-534C13397D27}.AppStore|x64.Build.0 = Release|Any CPU
		{C180CADB-A0EA-4088-98F5-534C13397D27}.AppStore|x86.ActiveCfg = Release|Any CPU
		{C180CADB-A0EA-4088-98F5-534C13397D27}.AppStore|x86.Build.0 = Release|Any CPU
		{C180CADB-A0EA-4088-98F5-534C13397D27}.Debug|Any CPU.ActiveCfg = Debug|Any CPU
		{C180CADB-A0EA-4088-98F5-534C13397D27}.Debug|Any CPU.Build.0 = Debug|Any CPU
		{C180CADB-A0EA-4088-98F5-534C13397D27}.Debug|ARM.ActiveCfg = Debug|Any CPU
		{C180CADB-A0EA-4088-98F5-534C13397D27}.Debug|ARM.Build.0 = Debug|Any CPU
		{C180CADB-A0EA-4088-98F5-534C13397D27}.Debug|iPhone.ActiveCfg = Debug|Any CPU
		{C180CADB-A0EA-4088-98F5-534C13397D27}.Debug|iPhone.Build.0 = Debug|Any CPU
		{C180CADB-A0EA-4088-98F5-534C13397D27}.Debug|iPhoneSimulator.ActiveCfg = Debug|Any CPU
		{C180CADB-A0EA-4088-98F5-534C13397D27}.Debug|iPhoneSimulator.Build.0 = Debug|Any CPU
		{C180CADB-A0EA-4088-98F5-534C13397D27}.Debug|x64.ActiveCfg = Debug|Any CPU
		{C180CADB-A0EA-4088-98F5-534C13397D27}.Debug|x64.Build.0 = Debug|Any CPU
		{C180CADB-A0EA-4088-98F5-534C13397D27}.Debug|x86.ActiveCfg = Debug|Any CPU
		{C180CADB-A0EA-4088-98F5-534C13397D27}.Debug|x86.Build.0 = Debug|Any CPU
		{C180CADB-A0EA-4088-98F5-534C13397D27}.Release|Any CPU.ActiveCfg = Release|Any CPU
		{C180CADB-A0EA-4088-98F5-534C13397D27}.Release|Any CPU.Build.0 = Release|Any CPU
		{C180CADB-A0EA-4088-98F5-534C13397D27}.Release|ARM.ActiveCfg = Release|Any CPU
		{C180CADB-A0EA-4088-98F5-534C13397D27}.Release|ARM.Build.0 = Release|Any CPU
		{C180CADB-A0EA-4088-98F5-534C13397D27}.Release|iPhone.ActiveCfg = Release|Any CPU
		{C180CADB-A0EA-4088-98F5-534C13397D27}.Release|iPhone.Build.0 = Release|Any CPU
		{C180CADB-A0EA-4088-98F5-534C13397D27}.Release|iPhoneSimulator.ActiveCfg = Release|Any CPU
		{C180CADB-A0EA-4088-98F5-534C13397D27}.Release|iPhoneSimulator.Build.0 = Release|Any CPU
		{C180CADB-A0EA-4088-98F5-534C13397D27}.Release|x64.ActiveCfg = Release|Any CPU
		{C180CADB-A0EA-4088-98F5-534C13397D27}.Release|x64.Build.0 = Release|Any CPU
		{C180CADB-A0EA-4088-98F5-534C13397D27}.Release|x86.ActiveCfg = Release|Any CPU
		{C180CADB-A0EA-4088-98F5-534C13397D27}.Release|x86.Build.0 = Release|Any CPU
		{D27B7763-76AE-459A-8BA9-4079E3773E59}.Ad-Hoc|Any CPU.ActiveCfg = Release|x64
		{D27B7763-76AE-459A-8BA9-4079E3773E59}.Ad-Hoc|Any CPU.Build.0 = Release|x64
		{D27B7763-76AE-459A-8BA9-4079E3773E59}.Ad-Hoc|Any CPU.Deploy.0 = Release|x64
		{D27B7763-76AE-459A-8BA9-4079E3773E59}.Ad-Hoc|ARM.ActiveCfg = Release|ARM
		{D27B7763-76AE-459A-8BA9-4079E3773E59}.Ad-Hoc|ARM.Build.0 = Release|ARM
		{D27B7763-76AE-459A-8BA9-4079E3773E59}.Ad-Hoc|ARM.Deploy.0 = Release|ARM
		{D27B7763-76AE-459A-8BA9-4079E3773E59}.Ad-Hoc|iPhone.ActiveCfg = Release|x64
		{D27B7763-76AE-459A-8BA9-4079E3773E59}.Ad-Hoc|iPhone.Build.0 = Release|x64
		{D27B7763-76AE-459A-8BA9-4079E3773E59}.Ad-Hoc|iPhone.Deploy.0 = Release|x64
		{D27B7763-76AE-459A-8BA9-4079E3773E59}.Ad-Hoc|iPhoneSimulator.ActiveCfg = Release|x64
		{D27B7763-76AE-459A-8BA9-4079E3773E59}.Ad-Hoc|iPhoneSimulator.Build.0 = Release|x64
		{D27B7763-76AE-459A-8BA9-4079E3773E59}.Ad-Hoc|iPhoneSimulator.Deploy.0 = Release|x64
		{D27B7763-76AE-459A-8BA9-4079E3773E59}.Ad-Hoc|x64.ActiveCfg = Release|x64
		{D27B7763-76AE-459A-8BA9-4079E3773E59}.Ad-Hoc|x64.Build.0 = Release|x64
		{D27B7763-76AE-459A-8BA9-4079E3773E59}.Ad-Hoc|x64.Deploy.0 = Release|x64
		{D27B7763-76AE-459A-8BA9-4079E3773E59}.Ad-Hoc|x86.ActiveCfg = Release|x86
		{D27B7763-76AE-459A-8BA9-4079E3773E59}.Ad-Hoc|x86.Build.0 = Release|x86
		{D27B7763-76AE-459A-8BA9-4079E3773E59}.Ad-Hoc|x86.Deploy.0 = Release|x86
		{D27B7763-76AE-459A-8BA9-4079E3773E59}.AppStore|Any CPU.ActiveCfg = Release|x64
		{D27B7763-76AE-459A-8BA9-4079E3773E59}.AppStore|Any CPU.Build.0 = Release|x64
		{D27B7763-76AE-459A-8BA9-4079E3773E59}.AppStore|Any CPU.Deploy.0 = Release|x64
		{D27B7763-76AE-459A-8BA9-4079E3773E59}.AppStore|ARM.ActiveCfg = Release|ARM
		{D27B7763-76AE-459A-8BA9-4079E3773E59}.AppStore|ARM.Build.0 = Release|ARM
		{D27B7763-76AE-459A-8BA9-4079E3773E59}.AppStore|ARM.Deploy.0 = Release|ARM
		{D27B7763-76AE-459A-8BA9-4079E3773E59}.AppStore|iPhone.ActiveCfg = Release|x64
		{D27B7763-76AE-459A-8BA9-4079E3773E59}.AppStore|iPhone.Build.0 = Release|x64
		{D27B7763-76AE-459A-8BA9-4079E3773E59}.AppStore|iPhone.Deploy.0 = Release|x64
		{D27B7763-76AE-459A-8BA9-4079E3773E59}.AppStore|iPhoneSimulator.ActiveCfg = Release|x64
		{D27B7763-76AE-459A-8BA9-4079E3773E59}.AppStore|iPhoneSimulator.Build.0 = Release|x64
		{D27B7763-76AE-459A-8BA9-4079E3773E59}.AppStore|iPhoneSimulator.Deploy.0 = Release|x64
		{D27B7763-76AE-459A-8BA9-4079E3773E59}.AppStore|x64.ActiveCfg = Release|x64
		{D27B7763-76AE-459A-8BA9-4079E3773E59}.AppStore|x64.Build.0 = Release|x64
		{D27B7763-76AE-459A-8BA9-4079E3773E59}.AppStore|x64.Deploy.0 = Release|x64
		{D27B7763-76AE-459A-8BA9-4079E3773E59}.AppStore|x86.ActiveCfg = Release|x86
		{D27B7763-76AE-459A-8BA9-4079E3773E59}.AppStore|x86.Build.0 = Release|x86
		{D27B7763-76AE-459A-8BA9-4079E3773E59}.AppStore|x86.Deploy.0 = Release|x86
		{D27B7763-76AE-459A-8BA9-4079E3773E59}.Debug|Any CPU.ActiveCfg = Debug|x86
		{D27B7763-76AE-459A-8BA9-4079E3773E59}.Debug|ARM.ActiveCfg = Debug|ARM
		{D27B7763-76AE-459A-8BA9-4079E3773E59}.Debug|ARM.Build.0 = Debug|ARM
		{D27B7763-76AE-459A-8BA9-4079E3773E59}.Debug|ARM.Deploy.0 = Debug|ARM
		{D27B7763-76AE-459A-8BA9-4079E3773E59}.Debug|iPhone.ActiveCfg = Debug|x86
		{D27B7763-76AE-459A-8BA9-4079E3773E59}.Debug|iPhoneSimulator.ActiveCfg = Debug|x86
		{D27B7763-76AE-459A-8BA9-4079E3773E59}.Debug|x64.ActiveCfg = Debug|x64
		{D27B7763-76AE-459A-8BA9-4079E3773E59}.Debug|x64.Build.0 = Debug|x64
		{D27B7763-76AE-459A-8BA9-4079E3773E59}.Debug|x64.Deploy.0 = Debug|x64
		{D27B7763-76AE-459A-8BA9-4079E3773E59}.Debug|x86.ActiveCfg = Debug|x86
		{D27B7763-76AE-459A-8BA9-4079E3773E59}.Debug|x86.Build.0 = Debug|x86
		{D27B7763-76AE-459A-8BA9-4079E3773E59}.Debug|x86.Deploy.0 = Debug|x86
		{D27B7763-76AE-459A-8BA9-4079E3773E59}.Release|Any CPU.ActiveCfg = Release|x86
		{D27B7763-76AE-459A-8BA9-4079E3773E59}.Release|ARM.ActiveCfg = Release|ARM
		{D27B7763-76AE-459A-8BA9-4079E3773E59}.Release|ARM.Build.0 = Release|ARM
		{D27B7763-76AE-459A-8BA9-4079E3773E59}.Release|ARM.Deploy.0 = Release|ARM
		{D27B7763-76AE-459A-8BA9-4079E3773E59}.Release|iPhone.ActiveCfg = Release|x86
		{D27B7763-76AE-459A-8BA9-4079E3773E59}.Release|iPhoneSimulator.ActiveCfg = Release|x86
		{D27B7763-76AE-459A-8BA9-4079E3773E59}.Release|x64.ActiveCfg = Release|x64
		{D27B7763-76AE-459A-8BA9-4079E3773E59}.Release|x64.Build.0 = Release|x64
		{D27B7763-76AE-459A-8BA9-4079E3773E59}.Release|x64.Deploy.0 = Release|x64
		{D27B7763-76AE-459A-8BA9-4079E3773E59}.Release|x86.ActiveCfg = Release|x86
		{D27B7763-76AE-459A-8BA9-4079E3773E59}.Release|x86.Build.0 = Release|x86
		{D27B7763-76AE-459A-8BA9-4079E3773E59}.Release|x86.Deploy.0 = Release|x86
		{72B25A56-5586-4620-92C7-27404F7C1622}.Ad-Hoc|Any CPU.ActiveCfg = Release|Any CPU
		{72B25A56-5586-4620-92C7-27404F7C1622}.Ad-Hoc|Any CPU.Build.0 = Release|Any CPU
		{72B25A56-5586-4620-92C7-27404F7C1622}.Ad-Hoc|ARM.ActiveCfg = Release|Any CPU
		{72B25A56-5586-4620-92C7-27404F7C1622}.Ad-Hoc|ARM.Build.0 = Release|Any CPU
		{72B25A56-5586-4620-92C7-27404F7C1622}.Ad-Hoc|iPhone.ActiveCfg = Release|Any CPU
		{72B25A56-5586-4620-92C7-27404F7C1622}.Ad-Hoc|iPhone.Build.0 = Release|Any CPU
		{72B25A56-5586-4620-92C7-27404F7C1622}.Ad-Hoc|iPhoneSimulator.ActiveCfg = Release|Any CPU
		{72B25A56-5586-4620-92C7-27404F7C1622}.Ad-Hoc|iPhoneSimulator.Build.0 = Release|Any CPU
		{72B25A56-5586-4620-92C7-27404F7C1622}.Ad-Hoc|x64.ActiveCfg = Release|Any CPU
		{72B25A56-5586-4620-92C7-27404F7C1622}.Ad-Hoc|x64.Build.0 = Release|Any CPU
		{72B25A56-5586-4620-92C7-27404F7C1622}.Ad-Hoc|x86.ActiveCfg = Release|Any CPU
		{72B25A56-5586-4620-92C7-27404F7C1622}.Ad-Hoc|x86.Build.0 = Release|Any CPU
		{72B25A56-5586-4620-92C7-27404F7C1622}.AppStore|Any CPU.ActiveCfg = Release|Any CPU
		{72B25A56-5586-4620-92C7-27404F7C1622}.AppStore|Any CPU.Build.0 = Release|Any CPU
		{72B25A56-5586-4620-92C7-27404F7C1622}.AppStore|ARM.ActiveCfg = Release|Any CPU
		{72B25A56-5586-4620-92C7-27404F7C1622}.AppStore|ARM.Build.0 = Release|Any CPU
		{72B25A56-5586-4620-92C7-27404F7C1622}.AppStore|iPhone.ActiveCfg = Release|Any CPU
		{72B25A56-5586-4620-92C7-27404F7C1622}.AppStore|iPhone.Build.0 = Release|Any CPU
		{72B25A56-5586-4620-92C7-27404F7C1622}.AppStore|iPhoneSimulator.ActiveCfg = Release|Any CPU
		{72B25A56-5586-4620-92C7-27404F7C1622}.AppStore|iPhoneSimulator.Build.0 = Release|Any CPU
		{72B25A56-5586-4620-92C7-27404F7C1622}.AppStore|x64.ActiveCfg = Release|Any CPU
		{72B25A56-5586-4620-92C7-27404F7C1622}.AppStore|x64.Build.0 = Release|Any CPU
		{72B25A56-5586-4620-92C7-27404F7C1622}.AppStore|x86.ActiveCfg = Release|Any CPU
		{72B25A56-5586-4620-92C7-27404F7C1622}.AppStore|x86.Build.0 = Release|Any CPU
		{72B25A56-5586-4620-92C7-27404F7C1622}.Debug|Any CPU.ActiveCfg = Debug|Any CPU
		{72B25A56-5586-4620-92C7-27404F7C1622}.Debug|Any CPU.Build.0 = Debug|Any CPU
		{72B25A56-5586-4620-92C7-27404F7C1622}.Debug|ARM.ActiveCfg = Debug|Any CPU
		{72B25A56-5586-4620-92C7-27404F7C1622}.Debug|ARM.Build.0 = Debug|Any CPU
		{72B25A56-5586-4620-92C7-27404F7C1622}.Debug|iPhone.ActiveCfg = Debug|Any CPU
		{72B25A56-5586-4620-92C7-27404F7C1622}.Debug|iPhone.Build.0 = Debug|Any CPU
		{72B25A56-5586-4620-92C7-27404F7C1622}.Debug|iPhoneSimulator.ActiveCfg = Debug|Any CPU
		{72B25A56-5586-4620-92C7-27404F7C1622}.Debug|iPhoneSimulator.Build.0 = Debug|Any CPU
		{72B25A56-5586-4620-92C7-27404F7C1622}.Debug|x64.ActiveCfg = Debug|Any CPU
		{72B25A56-5586-4620-92C7-27404F7C1622}.Debug|x64.Build.0 = Debug|Any CPU
		{72B25A56-5586-4620-92C7-27404F7C1622}.Debug|x86.ActiveCfg = Debug|Any CPU
		{72B25A56-5586-4620-92C7-27404F7C1622}.Debug|x86.Build.0 = Debug|Any CPU
		{72B25A56-5586-4620-92C7-27404F7C1622}.Release|Any CPU.ActiveCfg = Release|Any CPU
		{72B25A56-5586-4620-92C7-27404F7C1622}.Release|Any CPU.Build.0 = Release|Any CPU
		{72B25A56-5586-4620-92C7-27404F7C1622}.Release|ARM.ActiveCfg = Release|Any CPU
		{72B25A56-5586-4620-92C7-27404F7C1622}.Release|ARM.Build.0 = Release|Any CPU
		{72B25A56-5586-4620-92C7-27404F7C1622}.Release|iPhone.ActiveCfg = Release|Any CPU
		{72B25A56-5586-4620-92C7-27404F7C1622}.Release|iPhone.Build.0 = Release|Any CPU
		{72B25A56-5586-4620-92C7-27404F7C1622}.Release|iPhoneSimulator.ActiveCfg = Release|Any CPU
		{72B25A56-5586-4620-92C7-27404F7C1622}.Release|iPhoneSimulator.Build.0 = Release|Any CPU
		{72B25A56-5586-4620-92C7-27404F7C1622}.Release|x64.ActiveCfg = Release|Any CPU
		{72B25A56-5586-4620-92C7-27404F7C1622}.Release|x64.Build.0 = Release|Any CPU
		{72B25A56-5586-4620-92C7-27404F7C1622}.Release|x86.ActiveCfg = Release|Any CPU
		{72B25A56-5586-4620-92C7-27404F7C1622}.Release|x86.Build.0 = Release|Any CPU
		{C2C3B4AB-0CB1-418B-A3F1-F5ACB56920D3}.Ad-Hoc|Any CPU.ActiveCfg = Release|Any CPU
		{C2C3B4AB-0CB1-418B-A3F1-F5ACB56920D3}.Ad-Hoc|Any CPU.Build.0 = Release|Any CPU
		{C2C3B4AB-0CB1-418B-A3F1-F5ACB56920D3}.Ad-Hoc|ARM.ActiveCfg = Release|Any CPU
		{C2C3B4AB-0CB1-418B-A3F1-F5ACB56920D3}.Ad-Hoc|ARM.Build.0 = Release|Any CPU
		{C2C3B4AB-0CB1-418B-A3F1-F5ACB56920D3}.Ad-Hoc|iPhone.ActiveCfg = Release|Any CPU
		{C2C3B4AB-0CB1-418B-A3F1-F5ACB56920D3}.Ad-Hoc|iPhone.Build.0 = Release|Any CPU
		{C2C3B4AB-0CB1-418B-A3F1-F5ACB56920D3}.Ad-Hoc|iPhoneSimulator.ActiveCfg = Release|Any CPU
		{C2C3B4AB-0CB1-418B-A3F1-F5ACB56920D3}.Ad-Hoc|iPhoneSimulator.Build.0 = Release|Any CPU
		{C2C3B4AB-0CB1-418B-A3F1-F5ACB56920D3}.Ad-Hoc|x64.ActiveCfg = Release|Any CPU
		{C2C3B4AB-0CB1-418B-A3F1-F5ACB56920D3}.Ad-Hoc|x64.Build.0 = Release|Any CPU
		{C2C3B4AB-0CB1-418B-A3F1-F5ACB56920D3}.Ad-Hoc|x86.ActiveCfg = Release|Any CPU
		{C2C3B4AB-0CB1-418B-A3F1-F5ACB56920D3}.Ad-Hoc|x86.Build.0 = Release|Any CPU
		{C2C3B4AB-0CB1-418B-A3F1-F5ACB56920D3}.AppStore|Any CPU.ActiveCfg = Release|Any CPU
		{C2C3B4AB-0CB1-418B-A3F1-F5ACB56920D3}.AppStore|Any CPU.Build.0 = Release|Any CPU
		{C2C3B4AB-0CB1-418B-A3F1-F5ACB56920D3}.AppStore|ARM.ActiveCfg = Release|Any CPU
		{C2C3B4AB-0CB1-418B-A3F1-F5ACB56920D3}.AppStore|ARM.Build.0 = Release|Any CPU
		{C2C3B4AB-0CB1-418B-A3F1-F5ACB56920D3}.AppStore|iPhone.ActiveCfg = Release|Any CPU
		{C2C3B4AB-0CB1-418B-A3F1-F5ACB56920D3}.AppStore|iPhone.Build.0 = Release|Any CPU
		{C2C3B4AB-0CB1-418B-A3F1-F5ACB56920D3}.AppStore|iPhoneSimulator.ActiveCfg = Release|Any CPU
		{C2C3B4AB-0CB1-418B-A3F1-F5ACB56920D3}.AppStore|iPhoneSimulator.Build.0 = Release|Any CPU
		{C2C3B4AB-0CB1-418B-A3F1-F5ACB56920D3}.AppStore|x64.ActiveCfg = Release|Any CPU
		{C2C3B4AB-0CB1-418B-A3F1-F5ACB56920D3}.AppStore|x64.Build.0 = Release|Any CPU
		{C2C3B4AB-0CB1-418B-A3F1-F5ACB56920D3}.AppStore|x86.ActiveCfg = Release|Any CPU
		{C2C3B4AB-0CB1-418B-A3F1-F5ACB56920D3}.AppStore|x86.Build.0 = Release|Any CPU
		{C2C3B4AB-0CB1-418B-A3F1-F5ACB56920D3}.Debug|Any CPU.ActiveCfg = Debug|Any CPU
		{C2C3B4AB-0CB1-418B-A3F1-F5ACB56920D3}.Debug|Any CPU.Build.0 = Debug|Any CPU
		{C2C3B4AB-0CB1-418B-A3F1-F5ACB56920D3}.Debug|ARM.ActiveCfg = Debug|Any CPU
		{C2C3B4AB-0CB1-418B-A3F1-F5ACB56920D3}.Debug|ARM.Build.0 = Debug|Any CPU
		{C2C3B4AB-0CB1-418B-A3F1-F5ACB56920D3}.Debug|iPhone.ActiveCfg = Debug|Any CPU
		{C2C3B4AB-0CB1-418B-A3F1-F5ACB56920D3}.Debug|iPhone.Build.0 = Debug|Any CPU
		{C2C3B4AB-0CB1-418B-A3F1-F5ACB56920D3}.Debug|iPhoneSimulator.ActiveCfg = Debug|Any CPU
		{C2C3B4AB-0CB1-418B-A3F1-F5ACB56920D3}.Debug|iPhoneSimulator.Build.0 = Debug|Any CPU
		{C2C3B4AB-0CB1-418B-A3F1-F5ACB56920D3}.Debug|x64.ActiveCfg = Debug|Any CPU
		{C2C3B4AB-0CB1-418B-A3F1-F5ACB56920D3}.Debug|x64.Build.0 = Debug|Any CPU
		{C2C3B4AB-0CB1-418B-A3F1-F5ACB56920D3}.Debug|x86.ActiveCfg = Debug|Any CPU
		{C2C3B4AB-0CB1-418B-A3F1-F5ACB56920D3}.Debug|x86.Build.0 = Debug|Any CPU
		{C2C3B4AB-0CB1-418B-A3F1-F5ACB56920D3}.Release|Any CPU.ActiveCfg = Release|Any CPU
		{C2C3B4AB-0CB1-418B-A3F1-F5ACB56920D3}.Release|Any CPU.Build.0 = Release|Any CPU
		{C2C3B4AB-0CB1-418B-A3F1-F5ACB56920D3}.Release|ARM.ActiveCfg = Release|Any CPU
		{C2C3B4AB-0CB1-418B-A3F1-F5ACB56920D3}.Release|ARM.Build.0 = Release|Any CPU
		{C2C3B4AB-0CB1-418B-A3F1-F5ACB56920D3}.Release|iPhone.ActiveCfg = Release|Any CPU
		{C2C3B4AB-0CB1-418B-A3F1-F5ACB56920D3}.Release|iPhone.Build.0 = Release|Any CPU
		{C2C3B4AB-0CB1-418B-A3F1-F5ACB56920D3}.Release|iPhoneSimulator.ActiveCfg = Release|Any CPU
		{C2C3B4AB-0CB1-418B-A3F1-F5ACB56920D3}.Release|iPhoneSimulator.Build.0 = Release|Any CPU
		{C2C3B4AB-0CB1-418B-A3F1-F5ACB56920D3}.Release|x64.ActiveCfg = Release|Any CPU
		{C2C3B4AB-0CB1-418B-A3F1-F5ACB56920D3}.Release|x64.Build.0 = Release|Any CPU
		{C2C3B4AB-0CB1-418B-A3F1-F5ACB56920D3}.Release|x86.ActiveCfg = Release|Any CPU
		{C2C3B4AB-0CB1-418B-A3F1-F5ACB56920D3}.Release|x86.Build.0 = Release|Any CPU
	EndGlobalSection
	GlobalSection(SolutionProperties) = preSolution
		HideSolutionNode = FALSE
	EndGlobalSection
	GlobalSection(NestedProjects) = preSolution
		{31FA338F-6BC7-4BC3-95DF-3E91ABD7A01A} = {5A2C2356-A926-4917-9A1F-6101A6CD515D}
		{5EFF1CD0-BB12-47AE-A348-D0C761A754F3} = {5A2C2356-A926-4917-9A1F-6101A6CD515D}
		{A62A945C-0797-4805-A1BD-C7B809D4EA14} = {5A2C2356-A926-4917-9A1F-6101A6CD515D}
		{7E23F192-5D23-4B7F-9823-2960083E47EC} = {5A2C2356-A926-4917-9A1F-6101A6CD515D}
		{C180CADB-A0EA-4088-98F5-534C13397D27} = {5A2C2356-A926-4917-9A1F-6101A6CD515D}
		{72B25A56-5586-4620-92C7-27404F7C1622} = {5A2C2356-A926-4917-9A1F-6101A6CD515D}
		{C2C3B4AB-0CB1-418B-A3F1-F5ACB56920D3} = {5A2C2356-A926-4917-9A1F-6101A6CD515D}
	EndGlobalSection
EndGlobal
