
Microsoft Visual Studio Solution File, Format Version 12.00
# Visual Studio 15
VisualStudioVersion = 15.0.26430.15
MinimumVisualStudioVersion = 10.0.40219.1
Project("{2150E333-8FDC-42A3-9474-1A3956D46DE8}") = "Solution Items", "Solution Items", "{5B00BCAB-D8AA-4D9D-861F-5F758D3B1E64}"
	ProjectSection(SolutionItems) = preProject
		nuspec\Acr.Geofencing.nuspec = nuspec\Acr.Geofencing.nuspec
		ISSUE_TEMPLATE = ISSUE_TEMPLATE
		LICENSE.md = LICENSE.md
		nuspec\nuget.exe = nuspec\nuget.exe
		nuspec\pack.cmd = nuspec\pack.cmd
		nuspec\Plugin.Geofencing.nuspec = nuspec\Plugin.Geofencing.nuspec
		nuspec\push.cmd = nuspec\push.cmd
		README.md = README.md
	EndProjectSection
EndProject
Project("{FAE04EC0-301F-11D3-BF4B-00C04F79EFBC}") = "Samples.iOS", "Samples\Samples.iOS\Samples.iOS.csproj", "{BA6FC514-15DB-4435-BFE8-2D453D46FAD9}"
EndProject
Project("{FAE04EC0-301F-11D3-BF4B-00C04F79EFBC}") = "Samples.Droid", "Samples\Samples.Droid\Samples.Droid.csproj", "{2FB69D22-A357-43CA-84A6-6924A7C87B23}"
EndProject
Project("{2150E333-8FDC-42A3-9474-1A3956D46DE8}") = "lib", "lib", "{5A2C2356-A926-4917-9A1F-6101A6CD515D}"
EndProject
Project("{FAE04EC0-301F-11D3-BF4B-00C04F79EFBC}") = "Samples.Uwp", "samples\Samples.Uwp\Samples.Uwp.csproj", "{D27B7763-76AE-459A-8BA9-4079E3773E59}"
EndProject
Project("{9A19103F-16F7-4668-BE54-9A1E7A4F7556}") = "Plugin.Geofencing", "Plugin.Geofencing\Plugin.Geofencing.csproj", "{82AB56BE-2DAF-4C8B-9775-D7BC90912E95}"
EndProject
Project("{9A19103F-16F7-4668-BE54-9A1E7A4F7556}") = "Plugin.Geofencing.Abstractions", "Plugin.Geofencing.Abstractions\Plugin.Geofencing.Abstractions.csproj", "{6E6F7F81-1C3B-4242-A628-22100CB47CFF}"
EndProject
Project("{D954291E-2A0B-460D-934E-DC6B0785DB48}") = "Plugin.Geofencing.Shared", "Plugin.Geofencing.Shared\Plugin.Geofencing.Shared.shproj", "{AD9D5D42-D649-4CCF-B571-394FD46D8DDD}"
EndProject
Project("{9A19103F-16F7-4668-BE54-9A1E7A4F7556}") = "Plugin.Geofencing.Geolocator", "Plugin.Geofencing.Geolocator\Plugin.Geofencing.Geolocator.csproj", "{A0071FD6-3AF4-42D6-B585-0360CE2F3FDE}"
EndProject
Project("{FAE04EC0-301F-11D3-BF4B-00C04F79EFBC}") = "Plugin.Geofencing.iOS", "Plugin.Geofencing.iOS\Plugin.Geofencing.iOS.csproj", "{A508D742-87F2-4AE3-97B2-031017675712}"
EndProject
Project("{FAE04EC0-301F-11D3-BF4B-00C04F79EFBC}") = "Plugin.Geofencing.Abstractions.Tests", "Plugin.Geofencing.Abstractions.Tests\Plugin.Geofencing.Abstractions.Tests.csproj", "{32A02C4A-4B7B-4BB5-87F9-D8B7C0B6A5C4}"
EndProject
Project("{9A19103F-16F7-4668-BE54-9A1E7A4F7556}") = "Samples.Core", "Samples.Core\Samples.Core.csproj", "{7EA3D0D7-5D3C-49BF-AD4C-1735DBE167B4}"
EndProject
Global
	GlobalSection(SharedMSBuildProjectFiles) = preSolution
		Plugin.Geofencing.Shared\Plugin.Geofencing.Shared.projitems*{a508d742-87f2-4ae3-97b2-031017675712}*SharedItemsImports = 4
		Plugin.Geofencing.Shared\Plugin.Geofencing.Shared.projitems*{ad9d5d42-d649-4ccf-b571-394fd46d8ddd}*SharedItemsImports = 13
	EndGlobalSection
	GlobalSection(SolutionConfigurationPlatforms) = preSolution
		Ad-Hoc|Any CPU = Ad-Hoc|Any CPU
		Ad-Hoc|ARM = Ad-Hoc|ARM
		Ad-Hoc|iPhone = Ad-Hoc|iPhone
		Ad-Hoc|iPhoneSimulator = Ad-Hoc|iPhoneSimulator
		Ad-Hoc|x64 = Ad-Hoc|x64
		Ad-Hoc|x86 = Ad-Hoc|x86
		AppStore|Any CPU = AppStore|Any CPU
		AppStore|ARM = AppStore|ARM
		AppStore|iPhone = AppStore|iPhone
		AppStore|iPhoneSimulator = AppStore|iPhoneSimulator
		AppStore|x64 = AppStore|x64
		AppStore|x86 = AppStore|x86
		Debug|Any CPU = Debug|Any CPU
		Debug|ARM = Debug|ARM
		Debug|iPhone = Debug|iPhone
		Debug|iPhoneSimulator = Debug|iPhoneSimulator
		Debug|x64 = Debug|x64
		Debug|x86 = Debug|x86
		Release|Any CPU = Release|Any CPU
		Release|ARM = Release|ARM
		Release|iPhone = Release|iPhone
		Release|iPhoneSimulator = Release|iPhoneSimulator
		Release|x64 = Release|x64
		Release|x86 = Release|x86
	EndGlobalSection
	GlobalSection(ProjectConfigurationPlatforms) = postSolution
		{BA6FC514-15DB-4435-BFE8-2D453D46FAD9}.Ad-Hoc|Any CPU.ActiveCfg = Ad-Hoc|iPhone
		{BA6FC514-15DB-4435-BFE8-2D453D46FAD9}.Ad-Hoc|ARM.ActiveCfg = Ad-Hoc|iPhone
		{BA6FC514-15DB-4435-BFE8-2D453D46FAD9}.Ad-Hoc|iPhone.ActiveCfg = Ad-Hoc|iPhone
		{BA6FC514-15DB-4435-BFE8-2D453D46FAD9}.Ad-Hoc|iPhone.Build.0 = Ad-Hoc|iPhone
		{BA6FC514-15DB-4435-BFE8-2D453D46FAD9}.Ad-Hoc|iPhoneSimulator.ActiveCfg = Ad-Hoc|iPhoneSimulator
		{BA6FC514-15DB-4435-BFE8-2D453D46FAD9}.Ad-Hoc|iPhoneSimulator.Build.0 = Ad-Hoc|iPhoneSimulator
		{BA6FC514-15DB-4435-BFE8-2D453D46FAD9}.Ad-Hoc|x64.ActiveCfg = Ad-Hoc|iPhoneSimulator
		{BA6FC514-15DB-4435-BFE8-2D453D46FAD9}.Ad-Hoc|x86.ActiveCfg = Ad-Hoc|iPhone
		{BA6FC514-15DB-4435-BFE8-2D453D46FAD9}.AppStore|Any CPU.ActiveCfg = AppStore|iPhone
		{BA6FC514-15DB-4435-BFE8-2D453D46FAD9}.AppStore|ARM.ActiveCfg = AppStore|iPhone
		{BA6FC514-15DB-4435-BFE8-2D453D46FAD9}.AppStore|iPhone.ActiveCfg = AppStore|iPhone
		{BA6FC514-15DB-4435-BFE8-2D453D46FAD9}.AppStore|iPhone.Build.0 = AppStore|iPhone
		{BA6FC514-15DB-4435-BFE8-2D453D46FAD9}.AppStore|iPhoneSimulator.ActiveCfg = AppStore|iPhoneSimulator
		{BA6FC514-15DB-4435-BFE8-2D453D46FAD9}.AppStore|iPhoneSimulator.Build.0 = AppStore|iPhoneSimulator
		{BA6FC514-15DB-4435-BFE8-2D453D46FAD9}.AppStore|x64.ActiveCfg = AppStore|iPhoneSimulator
		{BA6FC514-15DB-4435-BFE8-2D453D46FAD9}.AppStore|x86.ActiveCfg = AppStore|iPhone
		{BA6FC514-15DB-4435-BFE8-2D453D46FAD9}.Debug|Any CPU.ActiveCfg = Debug|iPhone
		{BA6FC514-15DB-4435-BFE8-2D453D46FAD9}.Debug|Any CPU.Build.0 = Debug|iPhone
		{BA6FC514-15DB-4435-BFE8-2D453D46FAD9}.Debug|ARM.ActiveCfg = Debug|iPhone
		{BA6FC514-15DB-4435-BFE8-2D453D46FAD9}.Debug|iPhone.ActiveCfg = Debug|iPhone
		{BA6FC514-15DB-4435-BFE8-2D453D46FAD9}.Debug|iPhone.Build.0 = Debug|iPhone
		{BA6FC514-15DB-4435-BFE8-2D453D46FAD9}.Debug|iPhoneSimulator.ActiveCfg = Debug|iPhoneSimulator
		{BA6FC514-15DB-4435-BFE8-2D453D46FAD9}.Debug|iPhoneSimulator.Build.0 = Debug|iPhoneSimulator
		{BA6FC514-15DB-4435-BFE8-2D453D46FAD9}.Debug|x64.ActiveCfg = Debug|iPhoneSimulator
		{BA6FC514-15DB-4435-BFE8-2D453D46FAD9}.Debug|x86.ActiveCfg = Debug|iPhone
		{BA6FC514-15DB-4435-BFE8-2D453D46FAD9}.Release|Any CPU.ActiveCfg = Release|iPhone
		{BA6FC514-15DB-4435-BFE8-2D453D46FAD9}.Release|ARM.ActiveCfg = Release|iPhone
		{BA6FC514-15DB-4435-BFE8-2D453D46FAD9}.Release|iPhone.ActiveCfg = Release|iPhone
		{BA6FC514-15DB-4435-BFE8-2D453D46FAD9}.Release|iPhone.Build.0 = Release|iPhone
		{BA6FC514-15DB-4435-BFE8-2D453D46FAD9}.Release|iPhoneSimulator.ActiveCfg = Release|iPhoneSimulator
		{BA6FC514-15DB-4435-BFE8-2D453D46FAD9}.Release|iPhoneSimulator.Build.0 = Release|iPhoneSimulator
		{BA6FC514-15DB-4435-BFE8-2D453D46FAD9}.Release|x64.ActiveCfg = Release|iPhoneSimulator
		{BA6FC514-15DB-4435-BFE8-2D453D46FAD9}.Release|x86.ActiveCfg = Release|iPhone
		{2FB69D22-A357-43CA-84A6-6924A7C87B23}.Ad-Hoc|Any CPU.ActiveCfg = Release|Any CPU
		{2FB69D22-A357-43CA-84A6-6924A7C87B23}.Ad-Hoc|Any CPU.Build.0 = Release|Any CPU
		{2FB69D22-A357-43CA-84A6-6924A7C87B23}.Ad-Hoc|Any CPU.Deploy.0 = Release|Any CPU
		{2FB69D22-A357-43CA-84A6-6924A7C87B23}.Ad-Hoc|ARM.ActiveCfg = Release|Any CPU
		{2FB69D22-A357-43CA-84A6-6924A7C87B23}.Ad-Hoc|ARM.Build.0 = Release|Any CPU
		{2FB69D22-A357-43CA-84A6-6924A7C87B23}.Ad-Hoc|ARM.Deploy.0 = Release|Any CPU
		{2FB69D22-A357-43CA-84A6-6924A7C87B23}.Ad-Hoc|iPhone.ActiveCfg = Release|Any CPU
		{2FB69D22-A357-43CA-84A6-6924A7C87B23}.Ad-Hoc|iPhone.Build.0 = Release|Any CPU
		{2FB69D22-A357-43CA-84A6-6924A7C87B23}.Ad-Hoc|iPhone.Deploy.0 = Release|Any CPU
		{2FB69D22-A357-43CA-84A6-6924A7C87B23}.Ad-Hoc|iPhoneSimulator.ActiveCfg = Release|Any CPU
		{2FB69D22-A357-43CA-84A6-6924A7C87B23}.Ad-Hoc|iPhoneSimulator.Build.0 = Release|Any CPU
		{2FB69D22-A357-43CA-84A6-6924A7C87B23}.Ad-Hoc|iPhoneSimulator.Deploy.0 = Release|Any CPU
		{2FB69D22-A357-43CA-84A6-6924A7C87B23}.Ad-Hoc|x64.ActiveCfg = Debug|Any CPU
		{2FB69D22-A357-43CA-84A6-6924A7C87B23}.Ad-Hoc|x64.Build.0 = Debug|Any CPU
		{2FB69D22-A357-43CA-84A6-6924A7C87B23}.Ad-Hoc|x64.Deploy.0 = Debug|Any CPU
		{2FB69D22-A357-43CA-84A6-6924A7C87B23}.Ad-Hoc|x86.ActiveCfg = Release|Any CPU
		{2FB69D22-A357-43CA-84A6-6924A7C87B23}.Ad-Hoc|x86.Build.0 = Release|Any CPU
		{2FB69D22-A357-43CA-84A6-6924A7C87B23}.Ad-Hoc|x86.Deploy.0 = Release|Any CPU
		{2FB69D22-A357-43CA-84A6-6924A7C87B23}.AppStore|Any CPU.ActiveCfg = Release|Any CPU
		{2FB69D22-A357-43CA-84A6-6924A7C87B23}.AppStore|Any CPU.Build.0 = Release|Any CPU
		{2FB69D22-A357-43CA-84A6-6924A7C87B23}.AppStore|Any CPU.Deploy.0 = Release|Any CPU
		{2FB69D22-A357-43CA-84A6-6924A7C87B23}.AppStore|ARM.ActiveCfg = Release|Any CPU
		{2FB69D22-A357-43CA-84A6-6924A7C87B23}.AppStore|ARM.Build.0 = Release|Any CPU
		{2FB69D22-A357-43CA-84A6-6924A7C87B23}.AppStore|ARM.Deploy.0 = Release|Any CPU
		{2FB69D22-A357-43CA-84A6-6924A7C87B23}.AppStore|iPhone.ActiveCfg = Release|Any CPU
		{2FB69D22-A357-43CA-84A6-6924A7C87B23}.AppStore|iPhone.Build.0 = Release|Any CPU
		{2FB69D22-A357-43CA-84A6-6924A7C87B23}.AppStore|iPhone.Deploy.0 = Release|Any CPU
		{2FB69D22-A357-43CA-84A6-6924A7C87B23}.AppStore|iPhoneSimulator.ActiveCfg = Release|Any CPU
		{2FB69D22-A357-43CA-84A6-6924A7C87B23}.AppStore|iPhoneSimulator.Build.0 = Release|Any CPU
		{2FB69D22-A357-43CA-84A6-6924A7C87B23}.AppStore|iPhoneSimulator.Deploy.0 = Release|Any CPU
		{2FB69D22-A357-43CA-84A6-6924A7C87B23}.AppStore|x64.ActiveCfg = Debug|Any CPU
		{2FB69D22-A357-43CA-84A6-6924A7C87B23}.AppStore|x64.Build.0 = Debug|Any CPU
		{2FB69D22-A357-43CA-84A6-6924A7C87B23}.AppStore|x64.Deploy.0 = Debug|Any CPU
		{2FB69D22-A357-43CA-84A6-6924A7C87B23}.AppStore|x86.ActiveCfg = Release|Any CPU
		{2FB69D22-A357-43CA-84A6-6924A7C87B23}.AppStore|x86.Build.0 = Release|Any CPU
		{2FB69D22-A357-43CA-84A6-6924A7C87B23}.AppStore|x86.Deploy.0 = Release|Any CPU
		{2FB69D22-A357-43CA-84A6-6924A7C87B23}.Debug|Any CPU.ActiveCfg = Debug|Any CPU
		{2FB69D22-A357-43CA-84A6-6924A7C87B23}.Debug|Any CPU.Build.0 = Debug|Any CPU
		{2FB69D22-A357-43CA-84A6-6924A7C87B23}.Debug|Any CPU.Deploy.0 = Debug|Any CPU
		{2FB69D22-A357-43CA-84A6-6924A7C87B23}.Debug|ARM.ActiveCfg = Debug|Any CPU
		{2FB69D22-A357-43CA-84A6-6924A7C87B23}.Debug|ARM.Build.0 = Debug|Any CPU
		{2FB69D22-A357-43CA-84A6-6924A7C87B23}.Debug|ARM.Deploy.0 = Debug|Any CPU
		{2FB69D22-A357-43CA-84A6-6924A7C87B23}.Debug|iPhone.ActiveCfg = Debug|Any CPU
		{2FB69D22-A357-43CA-84A6-6924A7C87B23}.Debug|iPhone.Build.0 = Debug|Any CPU
		{2FB69D22-A357-43CA-84A6-6924A7C87B23}.Debug|iPhone.Deploy.0 = Debug|Any CPU
		{2FB69D22-A357-43CA-84A6-6924A7C87B23}.Debug|iPhoneSimulator.ActiveCfg = Debug|Any CPU
		{2FB69D22-A357-43CA-84A6-6924A7C87B23}.Debug|iPhoneSimulator.Build.0 = Debug|Any CPU
		{2FB69D22-A357-43CA-84A6-6924A7C87B23}.Debug|iPhoneSimulator.Deploy.0 = Debug|Any CPU
		{2FB69D22-A357-43CA-84A6-6924A7C87B23}.Debug|x64.ActiveCfg = Debug|Any CPU
		{2FB69D22-A357-43CA-84A6-6924A7C87B23}.Debug|x64.Build.0 = Debug|Any CPU
		{2FB69D22-A357-43CA-84A6-6924A7C87B23}.Debug|x64.Deploy.0 = Debug|Any CPU
		{2FB69D22-A357-43CA-84A6-6924A7C87B23}.Debug|x86.ActiveCfg = Debug|Any CPU
		{2FB69D22-A357-43CA-84A6-6924A7C87B23}.Debug|x86.Build.0 = Debug|Any CPU
		{2FB69D22-A357-43CA-84A6-6924A7C87B23}.Debug|x86.Deploy.0 = Debug|Any CPU
		{2FB69D22-A357-43CA-84A6-6924A7C87B23}.Release|Any CPU.ActiveCfg = Release|Any CPU
		{2FB69D22-A357-43CA-84A6-6924A7C87B23}.Release|Any CPU.Build.0 = Release|Any CPU
		{2FB69D22-A357-43CA-84A6-6924A7C87B23}.Release|Any CPU.Deploy.0 = Release|Any CPU
		{2FB69D22-A357-43CA-84A6-6924A7C87B23}.Release|ARM.ActiveCfg = Release|Any CPU
		{2FB69D22-A357-43CA-84A6-6924A7C87B23}.Release|ARM.Build.0 = Release|Any CPU
		{2FB69D22-A357-43CA-84A6-6924A7C87B23}.Release|ARM.Deploy.0 = Release|Any CPU
		{2FB69D22-A357-43CA-84A6-6924A7C87B23}.Release|iPhone.ActiveCfg = Release|Any CPU
		{2FB69D22-A357-43CA-84A6-6924A7C87B23}.Release|iPhone.Build.0 = Release|Any CPU
		{2FB69D22-A357-43CA-84A6-6924A7C87B23}.Release|iPhone.Deploy.0 = Release|Any CPU
		{2FB69D22-A357-43CA-84A6-6924A7C87B23}.Release|iPhoneSimulator.ActiveCfg = Release|Any CPU
		{2FB69D22-A357-43CA-84A6-6924A7C87B23}.Release|iPhoneSimulator.Build.0 = Release|Any CPU
		{2FB69D22-A357-43CA-84A6-6924A7C87B23}.Release|iPhoneSimulator.Deploy.0 = Release|Any CPU
		{2FB69D22-A357-43CA-84A6-6924A7C87B23}.Release|x64.ActiveCfg = Release|Any CPU
		{2FB69D22-A357-43CA-84A6-6924A7C87B23}.Release|x64.Build.0 = Release|Any CPU
		{2FB69D22-A357-43CA-84A6-6924A7C87B23}.Release|x64.Deploy.0 = Release|Any CPU
		{2FB69D22-A357-43CA-84A6-6924A7C87B23}.Release|x86.ActiveCfg = Release|Any CPU
		{2FB69D22-A357-43CA-84A6-6924A7C87B23}.Release|x86.Build.0 = Release|Any CPU
		{2FB69D22-A357-43CA-84A6-6924A7C87B23}.Release|x86.Deploy.0 = Release|Any CPU
		{D27B7763-76AE-459A-8BA9-4079E3773E59}.Ad-Hoc|Any CPU.ActiveCfg = Release|x64
		{D27B7763-76AE-459A-8BA9-4079E3773E59}.Ad-Hoc|Any CPU.Build.0 = Release|x64
		{D27B7763-76AE-459A-8BA9-4079E3773E59}.Ad-Hoc|Any CPU.Deploy.0 = Release|x64
		{D27B7763-76AE-459A-8BA9-4079E3773E59}.Ad-Hoc|ARM.ActiveCfg = Release|ARM
		{D27B7763-76AE-459A-8BA9-4079E3773E59}.Ad-Hoc|ARM.Build.0 = Release|ARM
		{D27B7763-76AE-459A-8BA9-4079E3773E59}.Ad-Hoc|ARM.Deploy.0 = Release|ARM
		{D27B7763-76AE-459A-8BA9-4079E3773E59}.Ad-Hoc|iPhone.ActiveCfg = Release|x64
		{D27B7763-76AE-459A-8BA9-4079E3773E59}.Ad-Hoc|iPhone.Build.0 = Release|x64
		{D27B7763-76AE-459A-8BA9-4079E3773E59}.Ad-Hoc|iPhone.Deploy.0 = Release|x64
		{D27B7763-76AE-459A-8BA9-4079E3773E59}.Ad-Hoc|iPhoneSimulator.ActiveCfg = Release|x64
		{D27B7763-76AE-459A-8BA9-4079E3773E59}.Ad-Hoc|iPhoneSimulator.Build.0 = Release|x64
		{D27B7763-76AE-459A-8BA9-4079E3773E59}.Ad-Hoc|iPhoneSimulator.Deploy.0 = Release|x64
		{D27B7763-76AE-459A-8BA9-4079E3773E59}.Ad-Hoc|x64.ActiveCfg = Release|x64
		{D27B7763-76AE-459A-8BA9-4079E3773E59}.Ad-Hoc|x64.Build.0 = Release|x64
		{D27B7763-76AE-459A-8BA9-4079E3773E59}.Ad-Hoc|x64.Deploy.0 = Release|x64
		{D27B7763-76AE-459A-8BA9-4079E3773E59}.Ad-Hoc|x86.ActiveCfg = Release|x86
		{D27B7763-76AE-459A-8BA9-4079E3773E59}.Ad-Hoc|x86.Build.0 = Release|x86
		{D27B7763-76AE-459A-8BA9-4079E3773E59}.Ad-Hoc|x86.Deploy.0 = Release|x86
		{D27B7763-76AE-459A-8BA9-4079E3773E59}.AppStore|Any CPU.ActiveCfg = Release|x64
		{D27B7763-76AE-459A-8BA9-4079E3773E59}.AppStore|Any CPU.Build.0 = Release|x64
		{D27B7763-76AE-459A-8BA9-4079E3773E59}.AppStore|Any CPU.Deploy.0 = Release|x64
		{D27B7763-76AE-459A-8BA9-4079E3773E59}.AppStore|ARM.ActiveCfg = Release|ARM
		{D27B7763-76AE-459A-8BA9-4079E3773E59}.AppStore|ARM.Build.0 = Release|ARM
		{D27B7763-76AE-459A-8BA9-4079E3773E59}.AppStore|ARM.Deploy.0 = Release|ARM
		{D27B7763-76AE-459A-8BA9-4079E3773E59}.AppStore|iPhone.ActiveCfg = Release|x64
		{D27B7763-76AE-459A-8BA9-4079E3773E59}.AppStore|iPhone.Build.0 = Release|x64
		{D27B7763-76AE-459A-8BA9-4079E3773E59}.AppStore|iPhone.Deploy.0 = Release|x64
		{D27B7763-76AE-459A-8BA9-4079E3773E59}.AppStore|iPhoneSimulator.ActiveCfg = Release|x64
		{D27B7763-76AE-459A-8BA9-4079E3773E59}.AppStore|iPhoneSimulator.Build.0 = Release|x64
		{D27B7763-76AE-459A-8BA9-4079E3773E59}.AppStore|iPhoneSimulator.Deploy.0 = Release|x64
		{D27B7763-76AE-459A-8BA9-4079E3773E59}.AppStore|x64.ActiveCfg = Release|x64
		{D27B7763-76AE-459A-8BA9-4079E3773E59}.AppStore|x64.Build.0 = Release|x64
		{D27B7763-76AE-459A-8BA9-4079E3773E59}.AppStore|x64.Deploy.0 = Release|x64
		{D27B7763-76AE-459A-8BA9-4079E3773E59}.AppStore|x86.ActiveCfg = Release|x86
		{D27B7763-76AE-459A-8BA9-4079E3773E59}.AppStore|x86.Build.0 = Release|x86
		{D27B7763-76AE-459A-8BA9-4079E3773E59}.AppStore|x86.Deploy.0 = Release|x86
		{D27B7763-76AE-459A-8BA9-4079E3773E59}.Debug|Any CPU.ActiveCfg = Debug|x86
		{D27B7763-76AE-459A-8BA9-4079E3773E59}.Debug|ARM.ActiveCfg = Debug|ARM
		{D27B7763-76AE-459A-8BA9-4079E3773E59}.Debug|ARM.Build.0 = Debug|ARM
		{D27B7763-76AE-459A-8BA9-4079E3773E59}.Debug|ARM.Deploy.0 = Debug|ARM
		{D27B7763-76AE-459A-8BA9-4079E3773E59}.Debug|iPhone.ActiveCfg = Debug|x86
		{D27B7763-76AE-459A-8BA9-4079E3773E59}.Debug|iPhoneSimulator.ActiveCfg = Debug|x86
		{D27B7763-76AE-459A-8BA9-4079E3773E59}.Debug|x64.ActiveCfg = Debug|x64
		{D27B7763-76AE-459A-8BA9-4079E3773E59}.Debug|x64.Build.0 = Debug|x64
		{D27B7763-76AE-459A-8BA9-4079E3773E59}.Debug|x64.Deploy.0 = Debug|x64
		{D27B7763-76AE-459A-8BA9-4079E3773E59}.Debug|x86.ActiveCfg = Debug|x86
		{D27B7763-76AE-459A-8BA9-4079E3773E59}.Debug|x86.Build.0 = Debug|x86
		{D27B7763-76AE-459A-8BA9-4079E3773E59}.Debug|x86.Deploy.0 = Debug|x86
		{D27B7763-76AE-459A-8BA9-4079E3773E59}.Release|Any CPU.ActiveCfg = Release|x86
		{D27B7763-76AE-459A-8BA9-4079E3773E59}.Release|ARM.ActiveCfg = Release|ARM
		{D27B7763-76AE-459A-8BA9-4079E3773E59}.Release|ARM.Build.0 = Release|ARM
		{D27B7763-76AE-459A-8BA9-4079E3773E59}.Release|ARM.Deploy.0 = Release|ARM
		{D27B7763-76AE-459A-8BA9-4079E3773E59}.Release|iPhone.ActiveCfg = Release|x86
		{D27B7763-76AE-459A-8BA9-4079E3773E59}.Release|iPhoneSimulator.ActiveCfg = Release|x86
		{D27B7763-76AE-459A-8BA9-4079E3773E59}.Release|x64.ActiveCfg = Release|x64
		{D27B7763-76AE-459A-8BA9-4079E3773E59}.Release|x64.Build.0 = Release|x64
		{D27B7763-76AE-459A-8BA9-4079E3773E59}.Release|x64.Deploy.0 = Release|x64
		{D27B7763-76AE-459A-8BA9-4079E3773E59}.Release|x86.ActiveCfg = Release|x86
		{D27B7763-76AE-459A-8BA9-4079E3773E59}.Release|x86.Build.0 = Release|x86
		{D27B7763-76AE-459A-8BA9-4079E3773E59}.Release|x86.Deploy.0 = Release|x86
		{82AB56BE-2DAF-4C8B-9775-D7BC90912E95}.Ad-Hoc|Any CPU.ActiveCfg = Debug|Any CPU
		{82AB56BE-2DAF-4C8B-9775-D7BC90912E95}.Ad-Hoc|Any CPU.Build.0 = Debug|Any CPU
		{82AB56BE-2DAF-4C8B-9775-D7BC90912E95}.Ad-Hoc|ARM.ActiveCfg = Debug|Any CPU
		{82AB56BE-2DAF-4C8B-9775-D7BC90912E95}.Ad-Hoc|ARM.Build.0 = Debug|Any CPU
		{82AB56BE-2DAF-4C8B-9775-D7BC90912E95}.Ad-Hoc|iPhone.ActiveCfg = Debug|Any CPU
		{82AB56BE-2DAF-4C8B-9775-D7BC90912E95}.Ad-Hoc|iPhone.Build.0 = Debug|Any CPU
		{82AB56BE-2DAF-4C8B-9775-D7BC90912E95}.Ad-Hoc|iPhoneSimulator.ActiveCfg = Debug|Any CPU
		{82AB56BE-2DAF-4C8B-9775-D7BC90912E95}.Ad-Hoc|iPhoneSimulator.Build.0 = Debug|Any CPU
		{82AB56BE-2DAF-4C8B-9775-D7BC90912E95}.Ad-Hoc|x64.ActiveCfg = Debug|Any CPU
		{82AB56BE-2DAF-4C8B-9775-D7BC90912E95}.Ad-Hoc|x64.Build.0 = Debug|Any CPU
		{82AB56BE-2DAF-4C8B-9775-D7BC90912E95}.Ad-Hoc|x86.ActiveCfg = Debug|Any CPU
		{82AB56BE-2DAF-4C8B-9775-D7BC90912E95}.Ad-Hoc|x86.Build.0 = Debug|Any CPU
		{82AB56BE-2DAF-4C8B-9775-D7BC90912E95}.AppStore|Any CPU.ActiveCfg = Debug|Any CPU
		{82AB56BE-2DAF-4C8B-9775-D7BC90912E95}.AppStore|Any CPU.Build.0 = Debug|Any CPU
		{82AB56BE-2DAF-4C8B-9775-D7BC90912E95}.AppStore|ARM.ActiveCfg = Debug|Any CPU
		{82AB56BE-2DAF-4C8B-9775-D7BC90912E95}.AppStore|ARM.Build.0 = Debug|Any CPU
		{82AB56BE-2DAF-4C8B-9775-D7BC90912E95}.AppStore|iPhone.ActiveCfg = Debug|Any CPU
		{82AB56BE-2DAF-4C8B-9775-D7BC90912E95}.AppStore|iPhone.Build.0 = Debug|Any CPU
		{82AB56BE-2DAF-4C8B-9775-D7BC90912E95}.AppStore|iPhoneSimulator.ActiveCfg = Debug|Any CPU
		{82AB56BE-2DAF-4C8B-9775-D7BC90912E95}.AppStore|iPhoneSimulator.Build.0 = Debug|Any CPU
		{82AB56BE-2DAF-4C8B-9775-D7BC90912E95}.AppStore|x64.ActiveCfg = Debug|Any CPU
		{82AB56BE-2DAF-4C8B-9775-D7BC90912E95}.AppStore|x64.Build.0 = Debug|Any CPU
		{82AB56BE-2DAF-4C8B-9775-D7BC90912E95}.AppStore|x86.ActiveCfg = Debug|Any CPU
		{82AB56BE-2DAF-4C8B-9775-D7BC90912E95}.AppStore|x86.Build.0 = Debug|Any CPU
		{82AB56BE-2DAF-4C8B-9775-D7BC90912E95}.Debug|Any CPU.ActiveCfg = Debug|Any CPU
		{82AB56BE-2DAF-4C8B-9775-D7BC90912E95}.Debug|Any CPU.Build.0 = Debug|Any CPU
		{82AB56BE-2DAF-4C8B-9775-D7BC90912E95}.Debug|ARM.ActiveCfg = Debug|Any CPU
		{82AB56BE-2DAF-4C8B-9775-D7BC90912E95}.Debug|ARM.Build.0 = Debug|Any CPU
		{82AB56BE-2DAF-4C8B-9775-D7BC90912E95}.Debug|iPhone.ActiveCfg = Debug|Any CPU
		{82AB56BE-2DAF-4C8B-9775-D7BC90912E95}.Debug|iPhone.Build.0 = Debug|Any CPU
		{82AB56BE-2DAF-4C8B-9775-D7BC90912E95}.Debug|iPhoneSimulator.ActiveCfg = Debug|Any CPU
		{82AB56BE-2DAF-4C8B-9775-D7BC90912E95}.Debug|iPhoneSimulator.Build.0 = Debug|Any CPU
		{82AB56BE-2DAF-4C8B-9775-D7BC90912E95}.Debug|x64.ActiveCfg = Debug|Any CPU
		{82AB56BE-2DAF-4C8B-9775-D7BC90912E95}.Debug|x64.Build.0 = Debug|Any CPU
		{82AB56BE-2DAF-4C8B-9775-D7BC90912E95}.Debug|x86.ActiveCfg = Debug|Any CPU
		{82AB56BE-2DAF-4C8B-9775-D7BC90912E95}.Debug|x86.Build.0 = Debug|Any CPU
		{82AB56BE-2DAF-4C8B-9775-D7BC90912E95}.Release|Any CPU.ActiveCfg = Release|Any CPU
		{82AB56BE-2DAF-4C8B-9775-D7BC90912E95}.Release|Any CPU.Build.0 = Release|Any CPU
		{82AB56BE-2DAF-4C8B-9775-D7BC90912E95}.Release|ARM.ActiveCfg = Release|Any CPU
		{82AB56BE-2DAF-4C8B-9775-D7BC90912E95}.Release|ARM.Build.0 = Release|Any CPU
		{82AB56BE-2DAF-4C8B-9775-D7BC90912E95}.Release|iPhone.ActiveCfg = Release|Any CPU
		{82AB56BE-2DAF-4C8B-9775-D7BC90912E95}.Release|iPhone.Build.0 = Release|Any CPU
		{82AB56BE-2DAF-4C8B-9775-D7BC90912E95}.Release|iPhoneSimulator.ActiveCfg = Release|Any CPU
		{82AB56BE-2DAF-4C8B-9775-D7BC90912E95}.Release|iPhoneSimulator.Build.0 = Release|Any CPU
		{82AB56BE-2DAF-4C8B-9775-D7BC90912E95}.Release|x64.ActiveCfg = Release|Any CPU
		{82AB56BE-2DAF-4C8B-9775-D7BC90912E95}.Release|x64.Build.0 = Release|Any CPU
		{82AB56BE-2DAF-4C8B-9775-D7BC90912E95}.Release|x86.ActiveCfg = Release|Any CPU
		{82AB56BE-2DAF-4C8B-9775-D7BC90912E95}.Release|x86.Build.0 = Release|Any CPU
		{6E6F7F81-1C3B-4242-A628-22100CB47CFF}.Ad-Hoc|Any CPU.ActiveCfg = Debug|Any CPU
		{6E6F7F81-1C3B-4242-A628-22100CB47CFF}.Ad-Hoc|Any CPU.Build.0 = Debug|Any CPU
		{6E6F7F81-1C3B-4242-A628-22100CB47CFF}.Ad-Hoc|ARM.ActiveCfg = Debug|Any CPU
		{6E6F7F81-1C3B-4242-A628-22100CB47CFF}.Ad-Hoc|ARM.Build.0 = Debug|Any CPU
		{6E6F7F81-1C3B-4242-A628-22100CB47CFF}.Ad-Hoc|iPhone.ActiveCfg = Debug|Any CPU
		{6E6F7F81-1C3B-4242-A628-22100CB47CFF}.Ad-Hoc|iPhone.Build.0 = Debug|Any CPU
		{6E6F7F81-1C3B-4242-A628-22100CB47CFF}.Ad-Hoc|iPhoneSimulator.ActiveCfg = Debug|Any CPU
		{6E6F7F81-1C3B-4242-A628-22100CB47CFF}.Ad-Hoc|iPhoneSimulator.Build.0 = Debug|Any CPU
		{6E6F7F81-1C3B-4242-A628-22100CB47CFF}.Ad-Hoc|x64.ActiveCfg = Debug|Any CPU
		{6E6F7F81-1C3B-4242-A628-22100CB47CFF}.Ad-Hoc|x64.Build.0 = Debug|Any CPU
		{6E6F7F81-1C3B-4242-A628-22100CB47CFF}.Ad-Hoc|x86.ActiveCfg = Debug|Any CPU
		{6E6F7F81-1C3B-4242-A628-22100CB47CFF}.Ad-Hoc|x86.Build.0 = Debug|Any CPU
		{6E6F7F81-1C3B-4242-A628-22100CB47CFF}.AppStore|Any CPU.ActiveCfg = Debug|Any CPU
		{6E6F7F81-1C3B-4242-A628-22100CB47CFF}.AppStore|Any CPU.Build.0 = Debug|Any CPU
		{6E6F7F81-1C3B-4242-A628-22100CB47CFF}.AppStore|ARM.ActiveCfg = Debug|Any CPU
		{6E6F7F81-1C3B-4242-A628-22100CB47CFF}.AppStore|ARM.Build.0 = Debug|Any CPU
		{6E6F7F81-1C3B-4242-A628-22100CB47CFF}.AppStore|iPhone.ActiveCfg = Debug|Any CPU
		{6E6F7F81-1C3B-4242-A628-22100CB47CFF}.AppStore|iPhone.Build.0 = Debug|Any CPU
		{6E6F7F81-1C3B-4242-A628-22100CB47CFF}.AppStore|iPhoneSimulator.ActiveCfg = Debug|Any CPU
		{6E6F7F81-1C3B-4242-A628-22100CB47CFF}.AppStore|iPhoneSimulator.Build.0 = Debug|Any CPU
		{6E6F7F81-1C3B-4242-A628-22100CB47CFF}.AppStore|x64.ActiveCfg = Debug|Any CPU
		{6E6F7F81-1C3B-4242-A628-22100CB47CFF}.AppStore|x64.Build.0 = Debug|Any CPU
		{6E6F7F81-1C3B-4242-A628-22100CB47CFF}.AppStore|x86.ActiveCfg = Debug|Any CPU
		{6E6F7F81-1C3B-4242-A628-22100CB47CFF}.AppStore|x86.Build.0 = Debug|Any CPU
		{6E6F7F81-1C3B-4242-A628-22100CB47CFF}.Debug|Any CPU.ActiveCfg = Debug|Any CPU
		{6E6F7F81-1C3B-4242-A628-22100CB47CFF}.Debug|Any CPU.Build.0 = Debug|Any CPU
		{6E6F7F81-1C3B-4242-A628-22100CB47CFF}.Debug|ARM.ActiveCfg = Debug|Any CPU
		{6E6F7F81-1C3B-4242-A628-22100CB47CFF}.Debug|ARM.Build.0 = Debug|Any CPU
		{6E6F7F81-1C3B-4242-A628-22100CB47CFF}.Debug|iPhone.ActiveCfg = Debug|Any CPU
		{6E6F7F81-1C3B-4242-A628-22100CB47CFF}.Debug|iPhone.Build.0 = Debug|Any CPU
		{6E6F7F81-1C3B-4242-A628-22100CB47CFF}.Debug|iPhoneSimulator.ActiveCfg = Debug|Any CPU
		{6E6F7F81-1C3B-4242-A628-22100CB47CFF}.Debug|iPhoneSimulator.Build.0 = Debug|Any CPU
		{6E6F7F81-1C3B-4242-A628-22100CB47CFF}.Debug|x64.ActiveCfg = Debug|Any CPU
		{6E6F7F81-1C3B-4242-A628-22100CB47CFF}.Debug|x64.Build.0 = Debug|Any CPU
		{6E6F7F81-1C3B-4242-A628-22100CB47CFF}.Debug|x86.ActiveCfg = Debug|Any CPU
		{6E6F7F81-1C3B-4242-A628-22100CB47CFF}.Debug|x86.Build.0 = Debug|Any CPU
		{6E6F7F81-1C3B-4242-A628-22100CB47CFF}.Release|Any CPU.ActiveCfg = Release|Any CPU
		{6E6F7F81-1C3B-4242-A628-22100CB47CFF}.Release|Any CPU.Build.0 = Release|Any CPU
		{6E6F7F81-1C3B-4242-A628-22100CB47CFF}.Release|ARM.ActiveCfg = Release|Any CPU
		{6E6F7F81-1C3B-4242-A628-22100CB47CFF}.Release|ARM.Build.0 = Release|Any CPU
		{6E6F7F81-1C3B-4242-A628-22100CB47CFF}.Release|iPhone.ActiveCfg = Release|Any CPU
		{6E6F7F81-1C3B-4242-A628-22100CB47CFF}.Release|iPhone.Build.0 = Release|Any CPU
		{6E6F7F81-1C3B-4242-A628-22100CB47CFF}.Release|iPhoneSimulator.ActiveCfg = Release|Any CPU
		{6E6F7F81-1C3B-4242-A628-22100CB47CFF}.Release|iPhoneSimulator.Build.0 = Release|Any CPU
		{6E6F7F81-1C3B-4242-A628-22100CB47CFF}.Release|x64.ActiveCfg = Release|Any CPU
		{6E6F7F81-1C3B-4242-A628-22100CB47CFF}.Release|x64.Build.0 = Release|Any CPU
		{6E6F7F81-1C3B-4242-A628-22100CB47CFF}.Release|x86.ActiveCfg = Release|Any CPU
		{6E6F7F81-1C3B-4242-A628-22100CB47CFF}.Release|x86.Build.0 = Release|Any CPU
		{A0071FD6-3AF4-42D6-B585-0360CE2F3FDE}.Ad-Hoc|Any CPU.ActiveCfg = Debug|Any CPU
		{A0071FD6-3AF4-42D6-B585-0360CE2F3FDE}.Ad-Hoc|Any CPU.Build.0 = Debug|Any CPU
		{A0071FD6-3AF4-42D6-B585-0360CE2F3FDE}.Ad-Hoc|ARM.ActiveCfg = Debug|Any CPU
		{A0071FD6-3AF4-42D6-B585-0360CE2F3FDE}.Ad-Hoc|ARM.Build.0 = Debug|Any CPU
		{A0071FD6-3AF4-42D6-B585-0360CE2F3FDE}.Ad-Hoc|iPhone.ActiveCfg = Debug|Any CPU
		{A0071FD6-3AF4-42D6-B585-0360CE2F3FDE}.Ad-Hoc|iPhone.Build.0 = Debug|Any CPU
		{A0071FD6-3AF4-42D6-B585-0360CE2F3FDE}.Ad-Hoc|iPhoneSimulator.ActiveCfg = Debug|Any CPU
		{A0071FD6-3AF4-42D6-B585-0360CE2F3FDE}.Ad-Hoc|iPhoneSimulator.Build.0 = Debug|Any CPU
		{A0071FD6-3AF4-42D6-B585-0360CE2F3FDE}.Ad-Hoc|x64.ActiveCfg = Debug|Any CPU
		{A0071FD6-3AF4-42D6-B585-0360CE2F3FDE}.Ad-Hoc|x64.Build.0 = Debug|Any CPU
		{A0071FD6-3AF4-42D6-B585-0360CE2F3FDE}.Ad-Hoc|x86.ActiveCfg = Debug|Any CPU
		{A0071FD6-3AF4-42D6-B585-0360CE2F3FDE}.Ad-Hoc|x86.Build.0 = Debug|Any CPU
		{A0071FD6-3AF4-42D6-B585-0360CE2F3FDE}.AppStore|Any CPU.ActiveCfg = Debug|Any CPU
		{A0071FD6-3AF4-42D6-B585-0360CE2F3FDE}.AppStore|Any CPU.Build.0 = Debug|Any CPU
		{A0071FD6-3AF4-42D6-B585-0360CE2F3FDE}.AppStore|ARM.ActiveCfg = Debug|Any CPU
		{A0071FD6-3AF4-42D6-B585-0360CE2F3FDE}.AppStore|ARM.Build.0 = Debug|Any CPU
		{A0071FD6-3AF4-42D6-B585-0360CE2F3FDE}.AppStore|iPhone.ActiveCfg = Debug|Any CPU
		{A0071FD6-3AF4-42D6-B585-0360CE2F3FDE}.AppStore|iPhone.Build.0 = Debug|Any CPU
		{A0071FD6-3AF4-42D6-B585-0360CE2F3FDE}.AppStore|iPhoneSimulator.ActiveCfg = Debug|Any CPU
		{A0071FD6-3AF4-42D6-B585-0360CE2F3FDE}.AppStore|iPhoneSimulator.Build.0 = Debug|Any CPU
		{A0071FD6-3AF4-42D6-B585-0360CE2F3FDE}.AppStore|x64.ActiveCfg = Debug|Any CPU
		{A0071FD6-3AF4-42D6-B585-0360CE2F3FDE}.AppStore|x64.Build.0 = Debug|Any CPU
		{A0071FD6-3AF4-42D6-B585-0360CE2F3FDE}.AppStore|x86.ActiveCfg = Debug|Any CPU
		{A0071FD6-3AF4-42D6-B585-0360CE2F3FDE}.AppStore|x86.Build.0 = Debug|Any CPU
		{A0071FD6-3AF4-42D6-B585-0360CE2F3FDE}.Debug|Any CPU.ActiveCfg = Debug|Any CPU
		{A0071FD6-3AF4-42D6-B585-0360CE2F3FDE}.Debug|Any CPU.Build.0 = Debug|Any CPU
		{A0071FD6-3AF4-42D6-B585-0360CE2F3FDE}.Debug|ARM.ActiveCfg = Debug|Any CPU
		{A0071FD6-3AF4-42D6-B585-0360CE2F3FDE}.Debug|ARM.Build.0 = Debug|Any CPU
		{A0071FD6-3AF4-42D6-B585-0360CE2F3FDE}.Debug|iPhone.ActiveCfg = Debug|Any CPU
		{A0071FD6-3AF4-42D6-B585-0360CE2F3FDE}.Debug|iPhone.Build.0 = Debug|Any CPU
		{A0071FD6-3AF4-42D6-B585-0360CE2F3FDE}.Debug|iPhoneSimulator.ActiveCfg = Debug|Any CPU
		{A0071FD6-3AF4-42D6-B585-0360CE2F3FDE}.Debug|iPhoneSimulator.Build.0 = Debug|Any CPU
		{A0071FD6-3AF4-42D6-B585-0360CE2F3FDE}.Debug|x64.ActiveCfg = Debug|Any CPU
		{A0071FD6-3AF4-42D6-B585-0360CE2F3FDE}.Debug|x64.Build.0 = Debug|Any CPU
		{A0071FD6-3AF4-42D6-B585-0360CE2F3FDE}.Debug|x86.ActiveCfg = Debug|Any CPU
		{A0071FD6-3AF4-42D6-B585-0360CE2F3FDE}.Debug|x86.Build.0 = Debug|Any CPU
		{A0071FD6-3AF4-42D6-B585-0360CE2F3FDE}.Release|Any CPU.ActiveCfg = Release|Any CPU
		{A0071FD6-3AF4-42D6-B585-0360CE2F3FDE}.Release|Any CPU.Build.0 = Release|Any CPU
		{A0071FD6-3AF4-42D6-B585-0360CE2F3FDE}.Release|ARM.ActiveCfg = Release|Any CPU
		{A0071FD6-3AF4-42D6-B585-0360CE2F3FDE}.Release|ARM.Build.0 = Release|Any CPU
		{A0071FD6-3AF4-42D6-B585-0360CE2F3FDE}.Release|iPhone.ActiveCfg = Release|Any CPU
		{A0071FD6-3AF4-42D6-B585-0360CE2F3FDE}.Release|iPhone.Build.0 = Release|Any CPU
		{A0071FD6-3AF4-42D6-B585-0360CE2F3FDE}.Release|iPhoneSimulator.ActiveCfg = Release|Any CPU
		{A0071FD6-3AF4-42D6-B585-0360CE2F3FDE}.Release|iPhoneSimulator.Build.0 = Release|Any CPU
		{A0071FD6-3AF4-42D6-B585-0360CE2F3FDE}.Release|x64.ActiveCfg = Release|Any CPU
		{A0071FD6-3AF4-42D6-B585-0360CE2F3FDE}.Release|x64.Build.0 = Release|Any CPU
		{A0071FD6-3AF4-42D6-B585-0360CE2F3FDE}.Release|x86.ActiveCfg = Release|Any CPU
		{A0071FD6-3AF4-42D6-B585-0360CE2F3FDE}.Release|x86.Build.0 = Release|Any CPU
		{A508D742-87F2-4AE3-97B2-031017675712}.Ad-Hoc|Any CPU.ActiveCfg = Release|Any CPU
		{A508D742-87F2-4AE3-97B2-031017675712}.Ad-Hoc|Any CPU.Build.0 = Release|Any CPU
		{A508D742-87F2-4AE3-97B2-031017675712}.Ad-Hoc|ARM.ActiveCfg = Release|Any CPU
		{A508D742-87F2-4AE3-97B2-031017675712}.Ad-Hoc|ARM.Build.0 = Release|Any CPU
		{A508D742-87F2-4AE3-97B2-031017675712}.Ad-Hoc|iPhone.ActiveCfg = Release|Any CPU
		{A508D742-87F2-4AE3-97B2-031017675712}.Ad-Hoc|iPhone.Build.0 = Release|Any CPU
		{A508D742-87F2-4AE3-97B2-031017675712}.Ad-Hoc|iPhoneSimulator.ActiveCfg = Release|Any CPU
		{A508D742-87F2-4AE3-97B2-031017675712}.Ad-Hoc|iPhoneSimulator.Build.0 = Release|Any CPU
		{A508D742-87F2-4AE3-97B2-031017675712}.Ad-Hoc|x64.ActiveCfg = Release|Any CPU
		{A508D742-87F2-4AE3-97B2-031017675712}.Ad-Hoc|x64.Build.0 = Release|Any CPU
		{A508D742-87F2-4AE3-97B2-031017675712}.Ad-Hoc|x86.ActiveCfg = Release|Any CPU
		{A508D742-87F2-4AE3-97B2-031017675712}.Ad-Hoc|x86.Build.0 = Release|Any CPU
		{A508D742-87F2-4AE3-97B2-031017675712}.AppStore|Any CPU.ActiveCfg = Release|Any CPU
		{A508D742-87F2-4AE3-97B2-031017675712}.AppStore|Any CPU.Build.0 = Release|Any CPU
		{A508D742-87F2-4AE3-97B2-031017675712}.AppStore|ARM.ActiveCfg = Release|Any CPU
		{A508D742-87F2-4AE3-97B2-031017675712}.AppStore|ARM.Build.0 = Release|Any CPU
		{A508D742-87F2-4AE3-97B2-031017675712}.AppStore|iPhone.ActiveCfg = Release|Any CPU
		{A508D742-87F2-4AE3-97B2-031017675712}.AppStore|iPhone.Build.0 = Release|Any CPU
		{A508D742-87F2-4AE3-97B2-031017675712}.AppStore|iPhoneSimulator.ActiveCfg = Release|Any CPU
		{A508D742-87F2-4AE3-97B2-031017675712}.AppStore|iPhoneSimulator.Build.0 = Release|Any CPU
		{A508D742-87F2-4AE3-97B2-031017675712}.AppStore|x64.ActiveCfg = Release|Any CPU
		{A508D742-87F2-4AE3-97B2-031017675712}.AppStore|x64.Build.0 = Release|Any CPU
		{A508D742-87F2-4AE3-97B2-031017675712}.AppStore|x86.ActiveCfg = Release|Any CPU
		{A508D742-87F2-4AE3-97B2-031017675712}.AppStore|x86.Build.0 = Release|Any CPU
		{A508D742-87F2-4AE3-97B2-031017675712}.Debug|Any CPU.ActiveCfg = Debug|Any CPU
		{A508D742-87F2-4AE3-97B2-031017675712}.Debug|Any CPU.Build.0 = Debug|Any CPU
		{A508D742-87F2-4AE3-97B2-031017675712}.Debug|ARM.ActiveCfg = Debug|Any CPU
		{A508D742-87F2-4AE3-97B2-031017675712}.Debug|ARM.Build.0 = Debug|Any CPU
		{A508D742-87F2-4AE3-97B2-031017675712}.Debug|iPhone.ActiveCfg = Debug|Any CPU
		{A508D742-87F2-4AE3-97B2-031017675712}.Debug|iPhone.Build.0 = Debug|Any CPU
		{A508D742-87F2-4AE3-97B2-031017675712}.Debug|iPhoneSimulator.ActiveCfg = Debug|Any CPU
		{A508D742-87F2-4AE3-97B2-031017675712}.Debug|iPhoneSimulator.Build.0 = Debug|Any CPU
		{A508D742-87F2-4AE3-97B2-031017675712}.Debug|x64.ActiveCfg = Debug|Any CPU
		{A508D742-87F2-4AE3-97B2-031017675712}.Debug|x64.Build.0 = Debug|Any CPU
		{A508D742-87F2-4AE3-97B2-031017675712}.Debug|x86.ActiveCfg = Debug|Any CPU
		{A508D742-87F2-4AE3-97B2-031017675712}.Debug|x86.Build.0 = Debug|Any CPU
		{A508D742-87F2-4AE3-97B2-031017675712}.Release|Any CPU.ActiveCfg = Release|Any CPU
		{A508D742-87F2-4AE3-97B2-031017675712}.Release|Any CPU.Build.0 = Release|Any CPU
		{A508D742-87F2-4AE3-97B2-031017675712}.Release|ARM.ActiveCfg = Release|Any CPU
		{A508D742-87F2-4AE3-97B2-031017675712}.Release|ARM.Build.0 = Release|Any CPU
		{A508D742-87F2-4AE3-97B2-031017675712}.Release|iPhone.ActiveCfg = Release|Any CPU
		{A508D742-87F2-4AE3-97B2-031017675712}.Release|iPhone.Build.0 = Release|Any CPU
		{A508D742-87F2-4AE3-97B2-031017675712}.Release|iPhoneSimulator.ActiveCfg = Release|Any CPU
		{A508D742-87F2-4AE3-97B2-031017675712}.Release|iPhoneSimulator.Build.0 = Release|Any CPU
		{A508D742-87F2-4AE3-97B2-031017675712}.Release|x64.ActiveCfg = Release|Any CPU
		{A508D742-87F2-4AE3-97B2-031017675712}.Release|x64.Build.0 = Release|Any CPU
		{A508D742-87F2-4AE3-97B2-031017675712}.Release|x86.ActiveCfg = Release|Any CPU
		{A508D742-87F2-4AE3-97B2-031017675712}.Release|x86.Build.0 = Release|Any CPU
		{32A02C4A-4B7B-4BB5-87F9-D8B7C0B6A5C4}.Ad-Hoc|Any CPU.ActiveCfg = Release|Any CPU
		{32A02C4A-4B7B-4BB5-87F9-D8B7C0B6A5C4}.Ad-Hoc|Any CPU.Build.0 = Release|Any CPU
		{32A02C4A-4B7B-4BB5-87F9-D8B7C0B6A5C4}.Ad-Hoc|ARM.ActiveCfg = Release|Any CPU
		{32A02C4A-4B7B-4BB5-87F9-D8B7C0B6A5C4}.Ad-Hoc|ARM.Build.0 = Release|Any CPU
		{32A02C4A-4B7B-4BB5-87F9-D8B7C0B6A5C4}.Ad-Hoc|iPhone.ActiveCfg = Release|Any CPU
		{32A02C4A-4B7B-4BB5-87F9-D8B7C0B6A5C4}.Ad-Hoc|iPhone.Build.0 = Release|Any CPU
		{32A02C4A-4B7B-4BB5-87F9-D8B7C0B6A5C4}.Ad-Hoc|iPhoneSimulator.ActiveCfg = Release|Any CPU
		{32A02C4A-4B7B-4BB5-87F9-D8B7C0B6A5C4}.Ad-Hoc|iPhoneSimulator.Build.0 = Release|Any CPU
		{32A02C4A-4B7B-4BB5-87F9-D8B7C0B6A5C4}.Ad-Hoc|x64.ActiveCfg = Release|Any CPU
		{32A02C4A-4B7B-4BB5-87F9-D8B7C0B6A5C4}.Ad-Hoc|x64.Build.0 = Release|Any CPU
		{32A02C4A-4B7B-4BB5-87F9-D8B7C0B6A5C4}.Ad-Hoc|x86.ActiveCfg = Release|Any CPU
		{32A02C4A-4B7B-4BB5-87F9-D8B7C0B6A5C4}.Ad-Hoc|x86.Build.0 = Release|Any CPU
		{32A02C4A-4B7B-4BB5-87F9-D8B7C0B6A5C4}.AppStore|Any CPU.ActiveCfg = Release|Any CPU
		{32A02C4A-4B7B-4BB5-87F9-D8B7C0B6A5C4}.AppStore|Any CPU.Build.0 = Release|Any CPU
		{32A02C4A-4B7B-4BB5-87F9-D8B7C0B6A5C4}.AppStore|ARM.ActiveCfg = Release|Any CPU
		{32A02C4A-4B7B-4BB5-87F9-D8B7C0B6A5C4}.AppStore|ARM.Build.0 = Release|Any CPU
		{32A02C4A-4B7B-4BB5-87F9-D8B7C0B6A5C4}.AppStore|iPhone.ActiveCfg = Release|Any CPU
		{32A02C4A-4B7B-4BB5-87F9-D8B7C0B6A5C4}.AppStore|iPhone.Build.0 = Release|Any CPU
		{32A02C4A-4B7B-4BB5-87F9-D8B7C0B6A5C4}.AppStore|iPhoneSimulator.ActiveCfg = Release|Any CPU
		{32A02C4A-4B7B-4BB5-87F9-D8B7C0B6A5C4}.AppStore|iPhoneSimulator.Build.0 = Release|Any CPU
		{32A02C4A-4B7B-4BB5-87F9-D8B7C0B6A5C4}.AppStore|x64.ActiveCfg = Release|Any CPU
		{32A02C4A-4B7B-4BB5-87F9-D8B7C0B6A5C4}.AppStore|x64.Build.0 = Release|Any CPU
		{32A02C4A-4B7B-4BB5-87F9-D8B7C0B6A5C4}.AppStore|x86.ActiveCfg = Release|Any CPU
		{32A02C4A-4B7B-4BB5-87F9-D8B7C0B6A5C4}.AppStore|x86.Build.0 = Release|Any CPU
		{32A02C4A-4B7B-4BB5-87F9-D8B7C0B6A5C4}.Debug|Any CPU.ActiveCfg = Debug|Any CPU
		{32A02C4A-4B7B-4BB5-87F9-D8B7C0B6A5C4}.Debug|Any CPU.Build.0 = Debug|Any CPU
		{32A02C4A-4B7B-4BB5-87F9-D8B7C0B6A5C4}.Debug|ARM.ActiveCfg = Debug|Any CPU
		{32A02C4A-4B7B-4BB5-87F9-D8B7C0B6A5C4}.Debug|ARM.Build.0 = Debug|Any CPU
		{32A02C4A-4B7B-4BB5-87F9-D8B7C0B6A5C4}.Debug|iPhone.ActiveCfg = Debug|Any CPU
		{32A02C4A-4B7B-4BB5-87F9-D8B7C0B6A5C4}.Debug|iPhone.Build.0 = Debug|Any CPU
		{32A02C4A-4B7B-4BB5-87F9-D8B7C0B6A5C4}.Debug|iPhoneSimulator.ActiveCfg = Debug|Any CPU
		{32A02C4A-4B7B-4BB5-87F9-D8B7C0B6A5C4}.Debug|iPhoneSimulator.Build.0 = Debug|Any CPU
		{32A02C4A-4B7B-4BB5-87F9-D8B7C0B6A5C4}.Debug|x64.ActiveCfg = Debug|Any CPU
		{32A02C4A-4B7B-4BB5-87F9-D8B7C0B6A5C4}.Debug|x64.Build.0 = Debug|Any CPU
		{32A02C4A-4B7B-4BB5-87F9-D8B7C0B6A5C4}.Debug|x86.ActiveCfg = Debug|Any CPU
		{32A02C4A-4B7B-4BB5-87F9-D8B7C0B6A5C4}.Debug|x86.Build.0 = Debug|Any CPU
		{32A02C4A-4B7B-4BB5-87F9-D8B7C0B6A5C4}.Release|Any CPU.ActiveCfg = Release|Any CPU
		{32A02C4A-4B7B-4BB5-87F9-D8B7C0B6A5C4}.Release|Any CPU.Build.0 = Release|Any CPU
		{32A02C4A-4B7B-4BB5-87F9-D8B7C0B6A5C4}.Release|ARM.ActiveCfg = Release|Any CPU
		{32A02C4A-4B7B-4BB5-87F9-D8B7C0B6A5C4}.Release|ARM.Build.0 = Release|Any CPU
		{32A02C4A-4B7B-4BB5-87F9-D8B7C0B6A5C4}.Release|iPhone.ActiveCfg = Release|Any CPU
		{32A02C4A-4B7B-4BB5-87F9-D8B7C0B6A5C4}.Release|iPhone.Build.0 = Release|Any CPU
		{32A02C4A-4B7B-4BB5-87F9-D8B7C0B6A5C4}.Release|iPhoneSimulator.ActiveCfg = Release|Any CPU
		{32A02C4A-4B7B-4BB5-87F9-D8B7C0B6A5C4}.Release|iPhoneSimulator.Build.0 = Release|Any CPU
		{32A02C4A-4B7B-4BB5-87F9-D8B7C0B6A5C4}.Release|x64.ActiveCfg = Release|Any CPU
		{32A02C4A-4B7B-4BB5-87F9-D8B7C0B6A5C4}.Release|x64.Build.0 = Release|Any CPU
		{32A02C4A-4B7B-4BB5-87F9-D8B7C0B6A5C4}.Release|x86.ActiveCfg = Release|Any CPU
		{32A02C4A-4B7B-4BB5-87F9-D8B7C0B6A5C4}.Release|x86.Build.0 = Release|Any CPU
		{7EA3D0D7-5D3C-49BF-AD4C-1735DBE167B4}.Ad-Hoc|Any CPU.ActiveCfg = Debug|Any CPU
		{7EA3D0D7-5D3C-49BF-AD4C-1735DBE167B4}.Ad-Hoc|Any CPU.Build.0 = Debug|Any CPU
		{7EA3D0D7-5D3C-49BF-AD4C-1735DBE167B4}.Ad-Hoc|ARM.ActiveCfg = Debug|Any CPU
		{7EA3D0D7-5D3C-49BF-AD4C-1735DBE167B4}.Ad-Hoc|ARM.Build.0 = Debug|Any CPU
		{7EA3D0D7-5D3C-49BF-AD4C-1735DBE167B4}.Ad-Hoc|iPhone.ActiveCfg = Debug|Any CPU
		{7EA3D0D7-5D3C-49BF-AD4C-1735DBE167B4}.Ad-Hoc|iPhone.Build.0 = Debug|Any CPU
		{7EA3D0D7-5D3C-49BF-AD4C-1735DBE167B4}.Ad-Hoc|iPhoneSimulator.ActiveCfg = Debug|Any CPU
		{7EA3D0D7-5D3C-49BF-AD4C-1735DBE167B4}.Ad-Hoc|iPhoneSimulator.Build.0 = Debug|Any CPU
		{7EA3D0D7-5D3C-49BF-AD4C-1735DBE167B4}.Ad-Hoc|x64.ActiveCfg = Debug|Any CPU
		{7EA3D0D7-5D3C-49BF-AD4C-1735DBE167B4}.Ad-Hoc|x64.Build.0 = Debug|Any CPU
		{7EA3D0D7-5D3C-49BF-AD4C-1735DBE167B4}.Ad-Hoc|x86.ActiveCfg = Debug|Any CPU
		{7EA3D0D7-5D3C-49BF-AD4C-1735DBE167B4}.Ad-Hoc|x86.Build.0 = Debug|Any CPU
		{7EA3D0D7-5D3C-49BF-AD4C-1735DBE167B4}.AppStore|Any CPU.ActiveCfg = Debug|Any CPU
		{7EA3D0D7-5D3C-49BF-AD4C-1735DBE167B4}.AppStore|Any CPU.Build.0 = Debug|Any CPU
		{7EA3D0D7-5D3C-49BF-AD4C-1735DBE167B4}.AppStore|ARM.ActiveCfg = Debug|Any CPU
		{7EA3D0D7-5D3C-49BF-AD4C-1735DBE167B4}.AppStore|ARM.Build.0 = Debug|Any CPU
		{7EA3D0D7-5D3C-49BF-AD4C-1735DBE167B4}.AppStore|iPhone.ActiveCfg = Debug|Any CPU
		{7EA3D0D7-5D3C-49BF-AD4C-1735DBE167B4}.AppStore|iPhone.Build.0 = Debug|Any CPU
		{7EA3D0D7-5D3C-49BF-AD4C-1735DBE167B4}.AppStore|iPhoneSimulator.ActiveCfg = Debug|Any CPU
		{7EA3D0D7-5D3C-49BF-AD4C-1735DBE167B4}.AppStore|iPhoneSimulator.Build.0 = Debug|Any CPU
		{7EA3D0D7-5D3C-49BF-AD4C-1735DBE167B4}.AppStore|x64.ActiveCfg = Debug|Any CPU
		{7EA3D0D7-5D3C-49BF-AD4C-1735DBE167B4}.AppStore|x64.Build.0 = Debug|Any CPU
		{7EA3D0D7-5D3C-49BF-AD4C-1735DBE167B4}.AppStore|x86.ActiveCfg = Debug|Any CPU
		{7EA3D0D7-5D3C-49BF-AD4C-1735DBE167B4}.AppStore|x86.Build.0 = Debug|Any CPU
		{7EA3D0D7-5D3C-49BF-AD4C-1735DBE167B4}.Debug|Any CPU.ActiveCfg = Debug|Any CPU
		{7EA3D0D7-5D3C-49BF-AD4C-1735DBE167B4}.Debug|Any CPU.Build.0 = Debug|Any CPU
		{7EA3D0D7-5D3C-49BF-AD4C-1735DBE167B4}.Debug|ARM.ActiveCfg = Debug|Any CPU
		{7EA3D0D7-5D3C-49BF-AD4C-1735DBE167B4}.Debug|ARM.Build.0 = Debug|Any CPU
		{7EA3D0D7-5D3C-49BF-AD4C-1735DBE167B4}.Debug|iPhone.ActiveCfg = Debug|Any CPU
		{7EA3D0D7-5D3C-49BF-AD4C-1735DBE167B4}.Debug|iPhone.Build.0 = Debug|Any CPU
		{7EA3D0D7-5D3C-49BF-AD4C-1735DBE167B4}.Debug|iPhoneSimulator.ActiveCfg = Debug|Any CPU
		{7EA3D0D7-5D3C-49BF-AD4C-1735DBE167B4}.Debug|iPhoneSimulator.Build.0 = Debug|Any CPU
		{7EA3D0D7-5D3C-49BF-AD4C-1735DBE167B4}.Debug|x64.ActiveCfg = Debug|Any CPU
		{7EA3D0D7-5D3C-49BF-AD4C-1735DBE167B4}.Debug|x64.Build.0 = Debug|Any CPU
		{7EA3D0D7-5D3C-49BF-AD4C-1735DBE167B4}.Debug|x86.ActiveCfg = Debug|Any CPU
		{7EA3D0D7-5D3C-49BF-AD4C-1735DBE167B4}.Debug|x86.Build.0 = Debug|Any CPU
		{7EA3D0D7-5D3C-49BF-AD4C-1735DBE167B4}.Release|Any CPU.ActiveCfg = Release|Any CPU
		{7EA3D0D7-5D3C-49BF-AD4C-1735DBE167B4}.Release|Any CPU.Build.0 = Release|Any CPU
		{7EA3D0D7-5D3C-49BF-AD4C-1735DBE167B4}.Release|ARM.ActiveCfg = Release|Any CPU
		{7EA3D0D7-5D3C-49BF-AD4C-1735DBE167B4}.Release|ARM.Build.0 = Release|Any CPU
		{7EA3D0D7-5D3C-49BF-AD4C-1735DBE167B4}.Release|iPhone.ActiveCfg = Release|Any CPU
		{7EA3D0D7-5D3C-49BF-AD4C-1735DBE167B4}.Release|iPhone.Build.0 = Release|Any CPU
		{7EA3D0D7-5D3C-49BF-AD4C-1735DBE167B4}.Release|iPhoneSimulator.ActiveCfg = Release|Any CPU
		{7EA3D0D7-5D3C-49BF-AD4C-1735DBE167B4}.Release|iPhoneSimulator.Build.0 = Release|Any CPU
		{7EA3D0D7-5D3C-49BF-AD4C-1735DBE167B4}.Release|x64.ActiveCfg = Release|Any CPU
		{7EA3D0D7-5D3C-49BF-AD4C-1735DBE167B4}.Release|x64.Build.0 = Release|Any CPU
		{7EA3D0D7-5D3C-49BF-AD4C-1735DBE167B4}.Release|x86.ActiveCfg = Release|Any CPU
		{7EA3D0D7-5D3C-49BF-AD4C-1735DBE167B4}.Release|x86.Build.0 = Release|Any CPU
	EndGlobalSection
	GlobalSection(SolutionProperties) = preSolution
		HideSolutionNode = FALSE
	EndGlobalSection
	GlobalSection(NestedProjects) = preSolution
		{82AB56BE-2DAF-4C8B-9775-D7BC90912E95} = {5A2C2356-A926-4917-9A1F-6101A6CD515D}
		{6E6F7F81-1C3B-4242-A628-22100CB47CFF} = {5A2C2356-A926-4917-9A1F-6101A6CD515D}
		{AD9D5D42-D649-4CCF-B571-394FD46D8DDD} = {5A2C2356-A926-4917-9A1F-6101A6CD515D}
		{A0071FD6-3AF4-42D6-B585-0360CE2F3FDE} = {5A2C2356-A926-4917-9A1F-6101A6CD515D}
		{A508D742-87F2-4AE3-97B2-031017675712} = {5A2C2356-A926-4917-9A1F-6101A6CD515D}
		{32A02C4A-4B7B-4BB5-87F9-D8B7C0B6A5C4} = {5A2C2356-A926-4917-9A1F-6101A6CD515D}
	EndGlobalSection
EndGlobal
