
Microsoft Visual Studio Solution File, Format Version 12.00
# Visual Studio 15
VisualStudioVersion = 15.0.26730.12
MinimumVisualStudioVersion = 10.0.40219.1
Project("{2150E333-8FDC-42A3-9474-1A3956D46DE8}") = "Solution Items", "Solution Items", "{5B00BCAB-D8AA-4D9D-861F-5F758D3B1E64}"
	ProjectSection(SolutionItems) = preProject
		changelog.md = changelog.md
		ISSUE_TEMPLATE = ISSUE_TEMPLATE
		LICENSE.md = LICENSE.md
		nuget.exe = nuget.exe
		push.cmd = push.cmd
		README.md = README.md
	EndProjectSection
EndProject
Project("{FAE04EC0-301F-11D3-BF4B-00C04F79EFBC}") = "Samples.iOS", "Samples\Samples.iOS\Samples.iOS.csproj", "{BA6FC514-15DB-4435-BFE8-2D453D46FAD9}"
EndProject
Project("{FAE04EC0-301F-11D3-BF4B-00C04F79EFBC}") = "Samples.Droid", "Samples\Samples.Droid\Samples.Droid.csproj", "{2FB69D22-A357-43CA-84A6-6924A7C87B23}"
EndProject
Project("{FAE04EC0-301F-11D3-BF4B-00C04F79EFBC}") = "Samples.Uwp", "samples\Samples.Uwp\Samples.Uwp.csproj", "{D27B7763-76AE-459A-8BA9-4079E3773E59}"
EndProject
Project("{9A19103F-16F7-4668-BE54-9A1E7A4F7556}") = "Plugin.Geofencing", "Plugin.Geofencing\Plugin.Geofencing.csproj", "{82AB56BE-2DAF-4C8B-9775-D7BC90912E95}"
EndProject
Project("{9A19103F-16F7-4668-BE54-9A1E7A4F7556}") = "Plugin.Geofencing.Tests", "Plugin.Geofencing.Tests\Plugin.Geofencing.Tests.csproj", "{E7DBC4CB-4309-497E-93F5-E53C158D070A}"
EndProject
Project("{9A19103F-16F7-4668-BE54-9A1E7A4F7556}") = "Samples", "Samples\Samples\Samples.csproj", "{D596D4AF-F525-4189-8311-9B0CBD979AC3}"
EndProject
Global
	GlobalSection(SolutionConfigurationPlatforms) = preSolution
		Ad-Hoc|Any CPU = Ad-Hoc|Any CPU
		Ad-Hoc|ARM = Ad-Hoc|ARM
		Ad-Hoc|iPhone = Ad-Hoc|iPhone
		Ad-Hoc|iPhoneSimulator = Ad-Hoc|iPhoneSimulator
		Ad-Hoc|x64 = Ad-Hoc|x64
		Ad-Hoc|x86 = Ad-Hoc|x86
		AppStore|Any CPU = AppStore|Any CPU
		AppStore|ARM = AppStore|ARM
		AppStore|iPhone = AppStore|iPhone
		AppStore|iPhoneSimulator = AppStore|iPhoneSimulator
		AppStore|x64 = AppStore|x64
		AppStore|x86 = AppStore|x86
		Debug|Any CPU = Debug|Any CPU
		Debug|ARM = Debug|ARM
		Debug|iPhone = Debug|iPhone
		Debug|iPhoneSimulator = Debug|iPhoneSimulator
		Debug|x64 = Debug|x64
		Debug|x86 = Debug|x86
		Release|Any CPU = Release|Any CPU
		Release|ARM = Release|ARM
		Release|iPhone = Release|iPhone
		Release|iPhoneSimulator = Release|iPhoneSimulator
		Release|x64 = Release|x64
		Release|x86 = Release|x86
	EndGlobalSection
	GlobalSection(ProjectConfigurationPlatforms) = postSolution
		{BA6FC514-15DB-4435-BFE8-2D453D46FAD9}.Ad-Hoc|Any CPU.ActiveCfg = Ad-Hoc|iPhone
		{BA6FC514-15DB-4435-BFE8-2D453D46FAD9}.Ad-Hoc|ARM.ActiveCfg = Ad-Hoc|iPhone
		{BA6FC514-15DB-4435-BFE8-2D453D46FAD9}.Ad-Hoc|iPhone.ActiveCfg = Ad-Hoc|iPhone
		{BA6FC514-15DB-4435-BFE8-2D453D46FAD9}.Ad-Hoc|iPhone.Build.0 = Ad-Hoc|iPhone
		{BA6FC514-15DB-4435-BFE8-2D453D46FAD9}.Ad-Hoc|iPhoneSimulator.ActiveCfg = Ad-Hoc|iPhoneSimulator
		{BA6FC514-15DB-4435-BFE8-2D453D46FAD9}.Ad-Hoc|iPhoneSimulator.Build.0 = Ad-Hoc|iPhoneSimulator
		{BA6FC514-15DB-4435-BFE8-2D453D46FAD9}.Ad-Hoc|x64.ActiveCfg = Ad-Hoc|iPhoneSimulator
		{BA6FC514-15DB-4435-BFE8-2D453D46FAD9}.Ad-Hoc|x86.ActiveCfg = Ad-Hoc|iPhone
		{BA6FC514-15DB-4435-BFE8-2D453D46FAD9}.AppStore|Any CPU.ActiveCfg = AppStore|iPhone
		{BA6FC514-15DB-4435-BFE8-2D453D46FAD9}.AppStore|ARM.ActiveCfg = AppStore|iPhone
		{BA6FC514-15DB-4435-BFE8-2D453D46FAD9}.AppStore|iPhone.ActiveCfg = AppStore|iPhone
		{BA6FC514-15DB-4435-BFE8-2D453D46FAD9}.AppStore|iPhone.Build.0 = AppStore|iPhone
		{BA6FC514-15DB-4435-BFE8-2D453D46FAD9}.AppStore|iPhoneSimulator.ActiveCfg = AppStore|iPhoneSimulator
		{BA6FC514-15DB-4435-BFE8-2D453D46FAD9}.AppStore|iPhoneSimulator.Build.0 = AppStore|iPhoneSimulator
		{BA6FC514-15DB-4435-BFE8-2D453D46FAD9}.AppStore|x64.ActiveCfg = AppStore|iPhoneSimulator
		{BA6FC514-15DB-4435-BFE8-2D453D46FAD9}.AppStore|x86.ActiveCfg = AppStore|iPhone
		{BA6FC514-15DB-4435-BFE8-2D453D46FAD9}.Debug|Any CPU.ActiveCfg = Debug|iPhone
		{BA6FC514-15DB-4435-BFE8-2D453D46FAD9}.Debug|ARM.ActiveCfg = Debug|iPhone
		{BA6FC514-15DB-4435-BFE8-2D453D46FAD9}.Debug|iPhone.ActiveCfg = Debug|iPhone
		{BA6FC514-15DB-4435-BFE8-2D453D46FAD9}.Debug|iPhone.Build.0 = Debug|iPhone
		{BA6FC514-15DB-4435-BFE8-2D453D46FAD9}.Debug|iPhoneSimulator.ActiveCfg = Debug|iPhoneSimulator
		{BA6FC514-15DB-4435-BFE8-2D453D46FAD9}.Debug|iPhoneSimulator.Build.0 = Debug|iPhoneSimulator
		{BA6FC514-15DB-4435-BFE8-2D453D46FAD9}.Debug|x64.ActiveCfg = Debug|iPhoneSimulator
		{BA6FC514-15DB-4435-BFE8-2D453D46FAD9}.Debug|x86.ActiveCfg = Debug|iPhone
		{BA6FC514-15DB-4435-BFE8-2D453D46FAD9}.Release|Any CPU.ActiveCfg = Release|iPhone
		{BA6FC514-15DB-4435-BFE8-2D453D46FAD9}.Release|ARM.ActiveCfg = Release|iPhone
		{BA6FC514-15DB-4435-BFE8-2D453D46FAD9}.Release|iPhone.ActiveCfg = Release|iPhone
		{BA6FC514-15DB-4435-BFE8-2D453D46FAD9}.Release|iPhone.Build.0 = Release|iPhone
		{BA6FC514-15DB-4435-BFE8-2D453D46FAD9}.Release|iPhoneSimulator.ActiveCfg = Release|iPhoneSimulator
		{BA6FC514-15DB-4435-BFE8-2D453D46FAD9}.Release|iPhoneSimulator.Build.0 = Release|iPhoneSimulator
		{BA6FC514-15DB-4435-BFE8-2D453D46FAD9}.Release|x64.ActiveCfg = Release|iPhoneSimulator
		{BA6FC514-15DB-4435-BFE8-2D453D46FAD9}.Release|x86.ActiveCfg = Release|iPhone
		{2FB69D22-A357-43CA-84A6-6924A7C87B23}.Ad-Hoc|Any CPU.ActiveCfg = Release|Any CPU
		{2FB69D22-A357-43CA-84A6-6924A7C87B23}.Ad-Hoc|Any CPU.Build.0 = Release|Any CPU
		{2FB69D22-A357-43CA-84A6-6924A7C87B23}.Ad-Hoc|Any CPU.Deploy.0 = Release|Any CPU
		{2FB69D22-A357-43CA-84A6-6924A7C87B23}.Ad-Hoc|ARM.ActiveCfg = Release|Any CPU
		{2FB69D22-A357-43CA-84A6-6924A7C87B23}.Ad-Hoc|ARM.Build.0 = Release|Any CPU
		{2FB69D22-A357-43CA-84A6-6924A7C87B23}.Ad-Hoc|ARM.Deploy.0 = Release|Any CPU
		{2FB69D22-A357-43CA-84A6-6924A7C87B23}.Ad-Hoc|iPhone.ActiveCfg = Release|Any CPU
		{2FB69D22-A357-43CA-84A6-6924A7C87B23}.Ad-Hoc|iPhone.Build.0 = Release|Any CPU
		{2FB69D22-A357-43CA-84A6-6924A7C87B23}.Ad-Hoc|iPhone.Deploy.0 = Release|Any CPU
		{2FB69D22-A357-43CA-84A6-6924A7C87B23}.Ad-Hoc|iPhoneSimulator.ActiveCfg = Release|Any CPU
		{2FB69D22-A357-43CA-84A6-6924A7C87B23}.Ad-Hoc|iPhoneSimulator.Build.0 = Release|Any CPU
		{2FB69D22-A357-43CA-84A6-6924A7C87B23}.Ad-Hoc|iPhoneSimulator.Deploy.0 = Release|Any CPU
		{2FB69D22-A357-43CA-84A6-6924A7C87B23}.Ad-Hoc|x64.ActiveCfg = Debug|Any CPU
		{2FB69D22-A357-43CA-84A6-6924A7C87B23}.Ad-Hoc|x64.Build.0 = Debug|Any CPU
		{2FB69D22-A357-43CA-84A6-6924A7C87B23}.Ad-Hoc|x64.Deploy.0 = Debug|Any CPU
		{2FB69D22-A357-43CA-84A6-6924A7C87B23}.Ad-Hoc|x86.ActiveCfg = Release|Any CPU
		{2FB69D22-A357-43CA-84A6-6924A7C87B23}.Ad-Hoc|x86.Build.0 = Release|Any CPU
		{2FB69D22-A357-43CA-84A6-6924A7C87B23}.Ad-Hoc|x86.Deploy.0 = Release|Any CPU
		{2FB69D22-A357-43CA-84A6-6924A7C87B23}.AppStore|Any CPU.ActiveCfg = Release|Any CPU
		{2FB69D22-A357-43CA-84A6-6924A7C87B23}.AppStore|Any CPU.Build.0 = Release|Any CPU
		{2FB69D22-A357-43CA-84A6-6924A7C87B23}.AppStore|Any CPU.Deploy.0 = Release|Any CPU
		{2FB69D22-A357-43CA-84A6-6924A7C87B23}.AppStore|ARM.ActiveCfg = Release|Any CPU
		{2FB69D22-A357-43CA-84A6-6924A7C87B23}.AppStore|ARM.Build.0 = Release|Any CPU
		{2FB69D22-A357-43CA-84A6-6924A7C87B23}.AppStore|ARM.Deploy.0 = Release|Any CPU
		{2FB69D22-A357-43CA-84A6-6924A7C87B23}.AppStore|iPhone.ActiveCfg = Release|Any CPU
		{2FB69D22-A357-43CA-84A6-6924A7C87B23}.AppStore|iPhone.Build.0 = Release|Any CPU
		{2FB69D22-A357-43CA-84A6-6924A7C87B23}.AppStore|iPhone.Deploy.0 = Release|Any CPU
		{2FB69D22-A357-43CA-84A6-6924A7C87B23}.AppStore|iPhoneSimulator.ActiveCfg = Release|Any CPU
		{2FB69D22-A357-43CA-84A6-6924A7C87B23}.AppStore|iPhoneSimulator.Build.0 = Release|Any CPU
		{2FB69D22-A357-43CA-84A6-6924A7C87B23}.AppStore|iPhoneSimulator.Deploy.0 = Release|Any CPU
		{2FB69D22-A357-43CA-84A6-6924A7C87B23}.AppStore|x64.ActiveCfg = Debug|Any CPU
		{2FB69D22-A357-43CA-84A6-6924A7C87B23}.AppStore|x64.Build.0 = Debug|Any CPU
		{2FB69D22-A357-43CA-84A6-6924A7C87B23}.AppStore|x64.Deploy.0 = Debug|Any CPU
		{2FB69D22-A357-43CA-84A6-6924A7C87B23}.AppStore|x86.ActiveCfg = Release|Any CPU
		{2FB69D22-A357-43CA-84A6-6924A7C87B23}.AppStore|x86.Build.0 = Release|Any CPU
		{2FB69D22-A357-43CA-84A6-6924A7C87B23}.AppStore|x86.Deploy.0 = Release|Any CPU
		{2FB69D22-A357-43CA-84A6-6924A7C87B23}.Debug|Any CPU.ActiveCfg = Debug|Any CPU
		{2FB69D22-A357-43CA-84A6-6924A7C87B23}.Debug|Any CPU.Build.0 = Debug|Any CPU
		{2FB69D22-A357-43CA-84A6-6924A7C87B23}.Debug|Any CPU.Deploy.0 = Debug|Any CPU
		{2FB69D22-A357-43CA-84A6-6924A7C87B23}.Debug|ARM.ActiveCfg = Debug|Any CPU
		{2FB69D22-A357-43CA-84A6-6924A7C87B23}.Debug|ARM.Build.0 = Debug|Any CPU
		{2FB69D22-A357-43CA-84A6-6924A7C87B23}.Debug|ARM.Deploy.0 = Debug|Any CPU
		{2FB69D22-A357-43CA-84A6-6924A7C87B23}.Debug|iPhone.ActiveCfg = Debug|Any CPU
		{2FB69D22-A357-43CA-84A6-6924A7C87B23}.Debug|iPhone.Build.0 = Debug|Any CPU
		{2FB69D22-A357-43CA-84A6-6924A7C87B23}.Debug|iPhone.Deploy.0 = Debug|Any CPU
		{2FB69D22-A357-43CA-84A6-6924A7C87B23}.Debug|iPhoneSimulator.ActiveCfg = Debug|Any CPU
		{2FB69D22-A357-43CA-84A6-6924A7C87B23}.Debug|iPhoneSimulator.Build.0 = Debug|Any CPU
		{2FB69D22-A357-43CA-84A6-6924A7C87B23}.Debug|iPhoneSimulator.Deploy.0 = Debug|Any CPU
		{2FB69D22-A357-43CA-84A6-6924A7C87B23}.Debug|x64.ActiveCfg = Debug|Any CPU
		{2FB69D22-A357-43CA-84A6-6924A7C87B23}.Debug|x64.Build.0 = Debug|Any CPU
		{2FB69D22-A357-43CA-84A6-6924A7C87B23}.Debug|x64.Deploy.0 = Debug|Any CPU
		{2FB69D22-A357-43CA-84A6-6924A7C87B23}.Debug|x86.ActiveCfg = Debug|Any CPU
		{2FB69D22-A357-43CA-84A6-6924A7C87B23}.Debug|x86.Build.0 = Debug|Any CPU
		{2FB69D22-A357-43CA-84A6-6924A7C87B23}.Debug|x86.Deploy.0 = Debug|Any CPU
		{2FB69D22-A357-43CA-84A6-6924A7C87B23}.Release|Any CPU.ActiveCfg = Release|Any CPU
		{2FB69D22-A357-43CA-84A6-6924A7C87B23}.Release|Any CPU.Build.0 = Release|Any CPU
		{2FB69D22-A357-43CA-84A6-6924A7C87B23}.Release|Any CPU.Deploy.0 = Release|Any CPU
		{2FB69D22-A357-43CA-84A6-6924A7C87B23}.Release|ARM.ActiveCfg = Release|Any CPU
		{2FB69D22-A357-43CA-84A6-6924A7C87B23}.Release|ARM.Build.0 = Release|Any CPU
		{2FB69D22-A357-43CA-84A6-6924A7C87B23}.Release|ARM.Deploy.0 = Release|Any CPU
		{2FB69D22-A357-43CA-84A6-6924A7C87B23}.Release|iPhone.ActiveCfg = Release|Any CPU
		{2FB69D22-A357-43CA-84A6-6924A7C87B23}.Release|iPhone.Build.0 = Release|Any CPU
		{2FB69D22-A357-43CA-84A6-6924A7C87B23}.Release|iPhone.Deploy.0 = Release|Any CPU
		{2FB69D22-A357-43CA-84A6-6924A7C87B23}.Release|iPhoneSimulator.ActiveCfg = Release|Any CPU
		{2FB69D22-A357-43CA-84A6-6924A7C87B23}.Release|iPhoneSimulator.Build.0 = Release|Any CPU
		{2FB69D22-A357-43CA-84A6-6924A7C87B23}.Release|iPhoneSimulator.Deploy.0 = Release|Any CPU
		{2FB69D22-A357-43CA-84A6-6924A7C87B23}.Release|x64.ActiveCfg = Release|Any CPU
		{2FB69D22-A357-43CA-84A6-6924A7C87B23}.Release|x64.Build.0 = Release|Any CPU
		{2FB69D22-A357-43CA-84A6-6924A7C87B23}.Release|x64.Deploy.0 = Release|Any CPU
		{2FB69D22-A357-43CA-84A6-6924A7C87B23}.Release|x86.ActiveCfg = Release|Any CPU
		{2FB69D22-A357-43CA-84A6-6924A7C87B23}.Release|x86.Build.0 = Release|Any CPU
		{2FB69D22-A357-43CA-84A6-6924A7C87B23}.Release|x86.Deploy.0 = Release|Any CPU
		{D27B7763-76AE-459A-8BA9-4079E3773E59}.Ad-Hoc|Any CPU.ActiveCfg = Release|x64
		{D27B7763-76AE-459A-8BA9-4079E3773E59}.Ad-Hoc|Any CPU.Build.0 = Release|x64
		{D27B7763-76AE-459A-8BA9-4079E3773E59}.Ad-Hoc|Any CPU.Deploy.0 = Release|x64
		{D27B7763-76AE-459A-8BA9-4079E3773E59}.Ad-Hoc|ARM.ActiveCfg = Release|ARM
		{D27B7763-76AE-459A-8BA9-4079E3773E59}.Ad-Hoc|ARM.Build.0 = Release|ARM
		{D27B7763-76AE-459A-8BA9-4079E3773E59}.Ad-Hoc|ARM.Deploy.0 = Release|ARM
		{D27B7763-76AE-459A-8BA9-4079E3773E59}.Ad-Hoc|iPhone.ActiveCfg = Release|x64
		{D27B7763-76AE-459A-8BA9-4079E3773E59}.Ad-Hoc|iPhone.Build.0 = Release|x64
		{D27B7763-76AE-459A-8BA9-4079E3773E59}.Ad-Hoc|iPhone.Deploy.0 = Release|x64
		{D27B7763-76AE-459A-8BA9-4079E3773E59}.Ad-Hoc|iPhoneSimulator.ActiveCfg = Release|x64
		{D27B7763-76AE-459A-8BA9-4079E3773E59}.Ad-Hoc|iPhoneSimulator.Build.0 = Release|x64
		{D27B7763-76AE-459A-8BA9-4079E3773E59}.Ad-Hoc|iPhoneSimulator.Deploy.0 = Release|x64
		{D27B7763-76AE-459A-8BA9-4079E3773E59}.Ad-Hoc|x64.ActiveCfg = Release|x64
		{D27B7763-76AE-459A-8BA9-4079E3773E59}.Ad-Hoc|x64.Build.0 = Release|x64
		{D27B7763-76AE-459A-8BA9-4079E3773E59}.Ad-Hoc|x64.Deploy.0 = Release|x64
		{D27B7763-76AE-459A-8BA9-4079E3773E59}.Ad-Hoc|x86.ActiveCfg = Release|x86
		{D27B7763-76AE-459A-8BA9-4079E3773E59}.Ad-Hoc|x86.Build.0 = Release|x86
		{D27B7763-76AE-459A-8BA9-4079E3773E59}.Ad-Hoc|x86.Deploy.0 = Release|x86
		{D27B7763-76AE-459A-8BA9-4079E3773E59}.AppStore|Any CPU.ActiveCfg = Release|x64
		{D27B7763-76AE-459A-8BA9-4079E3773E59}.AppStore|Any CPU.Build.0 = Release|x64
		{D27B7763-76AE-459A-8BA9-4079E3773E59}.AppStore|Any CPU.Deploy.0 = Release|x64
		{D27B7763-76AE-459A-8BA9-4079E3773E59}.AppStore|ARM.ActiveCfg = Release|ARM
		{D27B7763-76AE-459A-8BA9-4079E3773E59}.AppStore|ARM.Build.0 = Release|ARM
		{D27B7763-76AE-459A-8BA9-4079E3773E59}.AppStore|ARM.Deploy.0 = Release|ARM
		{D27B7763-76AE-459A-8BA9-4079E3773E59}.AppStore|iPhone.ActiveCfg = Release|x64
		{D27B7763-76AE-459A-8BA9-4079E3773E59}.AppStore|iPhone.Build.0 = Release|x64
		{D27B7763-76AE-459A-8BA9-4079E3773E59}.AppStore|iPhone.Deploy.0 = Release|x64
		{D27B7763-76AE-459A-8BA9-4079E3773E59}.AppStore|iPhoneSimulator.ActiveCfg = Release|x64
		{D27B7763-76AE-459A-8BA9-4079E3773E59}.AppStore|iPhoneSimulator.Build.0 = Release|x64
		{D27B7763-76AE-459A-8BA9-4079E3773E59}.AppStore|iPhoneSimulator.Deploy.0 = Release|x64
		{D27B7763-76AE-459A-8BA9-4079E3773E59}.AppStore|x64.ActiveCfg = Release|x64
		{D27B7763-76AE-459A-8BA9-4079E3773E59}.AppStore|x64.Build.0 = Release|x64
		{D27B7763-76AE-459A-8BA9-4079E3773E59}.AppStore|x64.Deploy.0 = Release|x64
		{D27B7763-76AE-459A-8BA9-4079E3773E59}.AppStore|x86.ActiveCfg = Release|x86
		{D27B7763-76AE-459A-8BA9-4079E3773E59}.AppStore|x86.Build.0 = Release|x86
		{D27B7763-76AE-459A-8BA9-4079E3773E59}.AppStore|x86.Deploy.0 = Release|x86
		{D27B7763-76AE-459A-8BA9-4079E3773E59}.Debug|Any CPU.ActiveCfg = Debug|x86
		{D27B7763-76AE-459A-8BA9-4079E3773E59}.Debug|ARM.ActiveCfg = Debug|ARM
		{D27B7763-76AE-459A-8BA9-4079E3773E59}.Debug|ARM.Build.0 = Debug|ARM
		{D27B7763-76AE-459A-8BA9-4079E3773E59}.Debug|ARM.Deploy.0 = Debug|ARM
		{D27B7763-76AE-459A-8BA9-4079E3773E59}.Debug|iPhone.ActiveCfg = Debug|x86
		{D27B7763-76AE-459A-8BA9-4079E3773E59}.Debug|iPhoneSimulator.ActiveCfg = Debug|x86
		{D27B7763-76AE-459A-8BA9-4079E3773E59}.Debug|x64.ActiveCfg = Debug|x64
		{D27B7763-76AE-459A-8BA9-4079E3773E59}.Debug|x64.Build.0 = Debug|x64
		{D27B7763-76AE-459A-8BA9-4079E3773E59}.Debug|x64.Deploy.0 = Debug|x64
		{D27B7763-76AE-459A-8BA9-4079E3773E59}.Debug|x86.ActiveCfg = Debug|x86
		{D27B7763-76AE-459A-8BA9-4079E3773E59}.Debug|x86.Build.0 = Debug|x86
		{D27B7763-76AE-459A-8BA9-4079E3773E59}.Debug|x86.Deploy.0 = Debug|x86
		{D27B7763-76AE-459A-8BA9-4079E3773E59}.Release|Any CPU.ActiveCfg = Release|x86
		{D27B7763-76AE-459A-8BA9-4079E3773E59}.Release|ARM.ActiveCfg = Release|ARM
		{D27B7763-76AE-459A-8BA9-4079E3773E59}.Release|ARM.Build.0 = Release|ARM
		{D27B7763-76AE-459A-8BA9-4079E3773E59}.Release|ARM.Deploy.0 = Release|ARM
		{D27B7763-76AE-459A-8BA9-4079E3773E59}.Release|iPhone.ActiveCfg = Release|x86
		{D27B7763-76AE-459A-8BA9-4079E3773E59}.Release|iPhoneSimulator.ActiveCfg = Release|x86
		{D27B7763-76AE-459A-8BA9-4079E3773E59}.Release|x64.ActiveCfg = Release|x64
		{D27B7763-76AE-459A-8BA9-4079E3773E59}.Release|x64.Build.0 = Release|x64
		{D27B7763-76AE-459A-8BA9-4079E3773E59}.Release|x64.Deploy.0 = Release|x64
		{D27B7763-76AE-459A-8BA9-4079E3773E59}.Release|x86.ActiveCfg = Release|x86
		{D27B7763-76AE-459A-8BA9-4079E3773E59}.Release|x86.Build.0 = Release|x86
		{D27B7763-76AE-459A-8BA9-4079E3773E59}.Release|x86.Deploy.0 = Release|x86
		{82AB56BE-2DAF-4C8B-9775-D7BC90912E95}.Ad-Hoc|Any CPU.ActiveCfg = Debug|Any CPU
		{82AB56BE-2DAF-4C8B-9775-D7BC90912E95}.Ad-Hoc|Any CPU.Build.0 = Debug|Any CPU
		{82AB56BE-2DAF-4C8B-9775-D7BC90912E95}.Ad-Hoc|ARM.ActiveCfg = Debug|Any CPU
		{82AB56BE-2DAF-4C8B-9775-D7BC90912E95}.Ad-Hoc|ARM.Build.0 = Debug|Any CPU
		{82AB56BE-2DAF-4C8B-9775-D7BC90912E95}.Ad-Hoc|iPhone.ActiveCfg = Debug|Any CPU
		{82AB56BE-2DAF-4C8B-9775-D7BC90912E95}.Ad-Hoc|iPhone.Build.0 = Debug|Any CPU
		{82AB56BE-2DAF-4C8B-9775-D7BC90912E95}.Ad-Hoc|iPhoneSimulator.ActiveCfg = Debug|Any CPU
		{82AB56BE-2DAF-4C8B-9775-D7BC90912E95}.Ad-Hoc|iPhoneSimulator.Build.0 = Debug|Any CPU
		{82AB56BE-2DAF-4C8B-9775-D7BC90912E95}.Ad-Hoc|x64.ActiveCfg = Debug|Any CPU
		{82AB56BE-2DAF-4C8B-9775-D7BC90912E95}.Ad-Hoc|x64.Build.0 = Debug|Any CPU
		{82AB56BE-2DAF-4C8B-9775-D7BC90912E95}.Ad-Hoc|x86.ActiveCfg = Debug|Any CPU
		{82AB56BE-2DAF-4C8B-9775-D7BC90912E95}.Ad-Hoc|x86.Build.0 = Debug|Any CPU
		{82AB56BE-2DAF-4C8B-9775-D7BC90912E95}.AppStore|Any CPU.ActiveCfg = Debug|Any CPU
		{82AB56BE-2DAF-4C8B-9775-D7BC90912E95}.AppStore|Any CPU.Build.0 = Debug|Any CPU
		{82AB56BE-2DAF-4C8B-9775-D7BC90912E95}.AppStore|ARM.ActiveCfg = Debug|Any CPU
		{82AB56BE-2DAF-4C8B-9775-D7BC90912E95}.AppStore|ARM.Build.0 = Debug|Any CPU
		{82AB56BE-2DAF-4C8B-9775-D7BC90912E95}.AppStore|iPhone.ActiveCfg = Debug|Any CPU
		{82AB56BE-2DAF-4C8B-9775-D7BC90912E95}.AppStore|iPhone.Build.0 = Debug|Any CPU
		{82AB56BE-2DAF-4C8B-9775-D7BC90912E95}.AppStore|iPhoneSimulator.ActiveCfg = Debug|Any CPU
		{82AB56BE-2DAF-4C8B-9775-D7BC90912E95}.AppStore|iPhoneSimulator.Build.0 = Debug|Any CPU
		{82AB56BE-2DAF-4C8B-9775-D7BC90912E95}.AppStore|x64.ActiveCfg = Debug|Any CPU
		{82AB56BE-2DAF-4C8B-9775-D7BC90912E95}.AppStore|x64.Build.0 = Debug|Any CPU
		{82AB56BE-2DAF-4C8B-9775-D7BC90912E95}.AppStore|x86.ActiveCfg = Debug|Any CPU
		{82AB56BE-2DAF-4C8B-9775-D7BC90912E95}.AppStore|x86.Build.0 = Debug|Any CPU
		{82AB56BE-2DAF-4C8B-9775-D7BC90912E95}.Debug|Any CPU.ActiveCfg = Debug|Any CPU
		{82AB56BE-2DAF-4C8B-9775-D7BC90912E95}.Debug|Any CPU.Build.0 = Debug|Any CPU
		{82AB56BE-2DAF-4C8B-9775-D7BC90912E95}.Debug|ARM.ActiveCfg = Debug|Any CPU
		{82AB56BE-2DAF-4C8B-9775-D7BC90912E95}.Debug|ARM.Build.0 = Debug|Any CPU
		{82AB56BE-2DAF-4C8B-9775-D7BC90912E95}.Debug|iPhone.ActiveCfg = Debug|Any CPU
		{82AB56BE-2DAF-4C8B-9775-D7BC90912E95}.Debug|iPhone.Build.0 = Debug|Any CPU
		{82AB56BE-2DAF-4C8B-9775-D7BC90912E95}.Debug|iPhoneSimulator.ActiveCfg = Debug|Any CPU
		{82AB56BE-2DAF-4C8B-9775-D7BC90912E95}.Debug|iPhoneSimulator.Build.0 = Debug|Any CPU
		{82AB56BE-2DAF-4C8B-9775-D7BC90912E95}.Debug|x64.ActiveCfg = Debug|Any CPU
		{82AB56BE-2DAF-4C8B-9775-D7BC90912E95}.Debug|x64.Build.0 = Debug|Any CPU
		{82AB56BE-2DAF-4C8B-9775-D7BC90912E95}.Debug|x86.ActiveCfg = Debug|Any CPU
		{82AB56BE-2DAF-4C8B-9775-D7BC90912E95}.Debug|x86.Build.0 = Debug|Any CPU
		{82AB56BE-2DAF-4C8B-9775-D7BC90912E95}.Release|Any CPU.ActiveCfg = Release|Any CPU
		{82AB56BE-2DAF-4C8B-9775-D7BC90912E95}.Release|Any CPU.Build.0 = Release|Any CPU
		{82AB56BE-2DAF-4C8B-9775-D7BC90912E95}.Release|ARM.ActiveCfg = Release|Any CPU
		{82AB56BE-2DAF-4C8B-9775-D7BC90912E95}.Release|ARM.Build.0 = Release|Any CPU
		{82AB56BE-2DAF-4C8B-9775-D7BC90912E95}.Release|iPhone.ActiveCfg = Release|Any CPU
		{82AB56BE-2DAF-4C8B-9775-D7BC90912E95}.Release|iPhone.Build.0 = Release|Any CPU
		{82AB56BE-2DAF-4C8B-9775-D7BC90912E95}.Release|iPhoneSimulator.ActiveCfg = Release|Any CPU
		{82AB56BE-2DAF-4C8B-9775-D7BC90912E95}.Release|iPhoneSimulator.Build.0 = Release|Any CPU
		{82AB56BE-2DAF-4C8B-9775-D7BC90912E95}.Release|x64.ActiveCfg = Release|Any CPU
		{82AB56BE-2DAF-4C8B-9775-D7BC90912E95}.Release|x64.Build.0 = Release|Any CPU
		{82AB56BE-2DAF-4C8B-9775-D7BC90912E95}.Release|x86.ActiveCfg = Release|Any CPU
		{82AB56BE-2DAF-4C8B-9775-D7BC90912E95}.Release|x86.Build.0 = Release|Any CPU
		{E7DBC4CB-4309-497E-93F5-E53C158D070A}.Ad-Hoc|Any CPU.ActiveCfg = Debug|Any CPU
		{E7DBC4CB-4309-497E-93F5-E53C158D070A}.Ad-Hoc|Any CPU.Build.0 = Debug|Any CPU
		{E7DBC4CB-4309-497E-93F5-E53C158D070A}.Ad-Hoc|ARM.ActiveCfg = Debug|Any CPU
		{E7DBC4CB-4309-497E-93F5-E53C158D070A}.Ad-Hoc|ARM.Build.0 = Debug|Any CPU
		{E7DBC4CB-4309-497E-93F5-E53C158D070A}.Ad-Hoc|iPhone.ActiveCfg = Debug|Any CPU
		{E7DBC4CB-4309-497E-93F5-E53C158D070A}.Ad-Hoc|iPhone.Build.0 = Debug|Any CPU
		{E7DBC4CB-4309-497E-93F5-E53C158D070A}.Ad-Hoc|iPhoneSimulator.ActiveCfg = Debug|Any CPU
		{E7DBC4CB-4309-497E-93F5-E53C158D070A}.Ad-Hoc|iPhoneSimulator.Build.0 = Debug|Any CPU
		{E7DBC4CB-4309-497E-93F5-E53C158D070A}.Ad-Hoc|x64.ActiveCfg = Debug|Any CPU
		{E7DBC4CB-4309-497E-93F5-E53C158D070A}.Ad-Hoc|x64.Build.0 = Debug|Any CPU
		{E7DBC4CB-4309-497E-93F5-E53C158D070A}.Ad-Hoc|x86.ActiveCfg = Debug|Any CPU
		{E7DBC4CB-4309-497E-93F5-E53C158D070A}.Ad-Hoc|x86.Build.0 = Debug|Any CPU
		{E7DBC4CB-4309-497E-93F5-E53C158D070A}.AppStore|Any CPU.ActiveCfg = Debug|Any CPU
		{E7DBC4CB-4309-497E-93F5-E53C158D070A}.AppStore|Any CPU.Build.0 = Debug|Any CPU
		{E7DBC4CB-4309-497E-93F5-E53C158D070A}.AppStore|ARM.ActiveCfg = Debug|Any CPU
		{E7DBC4CB-4309-497E-93F5-E53C158D070A}.AppStore|ARM.Build.0 = Debug|Any CPU
		{E7DBC4CB-4309-497E-93F5-E53C158D070A}.AppStore|iPhone.ActiveCfg = Debug|Any CPU
		{E7DBC4CB-4309-497E-93F5-E53C158D070A}.AppStore|iPhone.Build.0 = Debug|Any CPU
		{E7DBC4CB-4309-497E-93F5-E53C158D070A}.AppStore|iPhoneSimulator.ActiveCfg = Debug|Any CPU
		{E7DBC4CB-4309-497E-93F5-E53C158D070A}.AppStore|iPhoneSimulator.Build.0 = Debug|Any CPU
		{E7DBC4CB-4309-497E-93F5-E53C158D070A}.AppStore|x64.ActiveCfg = Debug|Any CPU
		{E7DBC4CB-4309-497E-93F5-E53C158D070A}.AppStore|x64.Build.0 = Debug|Any CPU
		{E7DBC4CB-4309-497E-93F5-E53C158D070A}.AppStore|x86.ActiveCfg = Debug|Any CPU
		{E7DBC4CB-4309-497E-93F5-E53C158D070A}.AppStore|x86.Build.0 = Debug|Any CPU
		{E7DBC4CB-4309-497E-93F5-E53C158D070A}.Debug|Any CPU.ActiveCfg = Debug|Any CPU
		{E7DBC4CB-4309-497E-93F5-E53C158D070A}.Debug|Any CPU.Build.0 = Debug|Any CPU
		{E7DBC4CB-4309-497E-93F5-E53C158D070A}.Debug|ARM.ActiveCfg = Debug|Any CPU
		{E7DBC4CB-4309-497E-93F5-E53C158D070A}.Debug|ARM.Build.0 = Debug|Any CPU
		{E7DBC4CB-4309-497E-93F5-E53C158D070A}.Debug|iPhone.ActiveCfg = Debug|Any CPU
		{E7DBC4CB-4309-497E-93F5-E53C158D070A}.Debug|iPhone.Build.0 = Debug|Any CPU
		{E7DBC4CB-4309-497E-93F5-E53C158D070A}.Debug|iPhoneSimulator.ActiveCfg = Debug|Any CPU
		{E7DBC4CB-4309-497E-93F5-E53C158D070A}.Debug|iPhoneSimulator.Build.0 = Debug|Any CPU
		{E7DBC4CB-4309-497E-93F5-E53C158D070A}.Debug|x64.ActiveCfg = Debug|Any CPU
		{E7DBC4CB-4309-497E-93F5-E53C158D070A}.Debug|x64.Build.0 = Debug|Any CPU
		{E7DBC4CB-4309-497E-93F5-E53C158D070A}.Debug|x86.ActiveCfg = Debug|Any CPU
		{E7DBC4CB-4309-497E-93F5-E53C158D070A}.Debug|x86.Build.0 = Debug|Any CPU
		{E7DBC4CB-4309-497E-93F5-E53C158D070A}.Release|Any CPU.ActiveCfg = Release|Any CPU
		{E7DBC4CB-4309-497E-93F5-E53C158D070A}.Release|Any CPU.Build.0 = Release|Any CPU
		{E7DBC4CB-4309-497E-93F5-E53C158D070A}.Release|ARM.ActiveCfg = Release|Any CPU
		{E7DBC4CB-4309-497E-93F5-E53C158D070A}.Release|ARM.Build.0 = Release|Any CPU
		{E7DBC4CB-4309-497E-93F5-E53C158D070A}.Release|iPhone.ActiveCfg = Release|Any CPU
		{E7DBC4CB-4309-497E-93F5-E53C158D070A}.Release|iPhone.Build.0 = Release|Any CPU
		{E7DBC4CB-4309-497E-93F5-E53C158D070A}.Release|iPhoneSimulator.ActiveCfg = Release|Any CPU
		{E7DBC4CB-4309-497E-93F5-E53C158D070A}.Release|iPhoneSimulator.Build.0 = Release|Any CPU
		{E7DBC4CB-4309-497E-93F5-E53C158D070A}.Release|x64.ActiveCfg = Release|Any CPU
		{E7DBC4CB-4309-497E-93F5-E53C158D070A}.Release|x64.Build.0 = Release|Any CPU
		{E7DBC4CB-4309-497E-93F5-E53C158D070A}.Release|x86.ActiveCfg = Release|Any CPU
		{E7DBC4CB-4309-497E-93F5-E53C158D070A}.Release|x86.Build.0 = Release|Any CPU
		{D596D4AF-F525-4189-8311-9B0CBD979AC3}.Ad-Hoc|Any CPU.ActiveCfg = Debug|Any CPU
		{D596D4AF-F525-4189-8311-9B0CBD979AC3}.Ad-Hoc|Any CPU.Build.0 = Debug|Any CPU
		{D596D4AF-F525-4189-8311-9B0CBD979AC3}.Ad-Hoc|ARM.ActiveCfg = Debug|Any CPU
		{D596D4AF-F525-4189-8311-9B0CBD979AC3}.Ad-Hoc|ARM.Build.0 = Debug|Any CPU
		{D596D4AF-F525-4189-8311-9B0CBD979AC3}.Ad-Hoc|iPhone.ActiveCfg = Debug|Any CPU
		{D596D4AF-F525-4189-8311-9B0CBD979AC3}.Ad-Hoc|iPhone.Build.0 = Debug|Any CPU
		{D596D4AF-F525-4189-8311-9B0CBD979AC3}.Ad-Hoc|iPhoneSimulator.ActiveCfg = Debug|Any CPU
		{D596D4AF-F525-4189-8311-9B0CBD979AC3}.Ad-Hoc|iPhoneSimulator.Build.0 = Debug|Any CPU
		{D596D4AF-F525-4189-8311-9B0CBD979AC3}.Ad-Hoc|x64.ActiveCfg = Debug|Any CPU
		{D596D4AF-F525-4189-8311-9B0CBD979AC3}.Ad-Hoc|x64.Build.0 = Debug|Any CPU
		{D596D4AF-F525-4189-8311-9B0CBD979AC3}.Ad-Hoc|x86.ActiveCfg = Debug|Any CPU
		{D596D4AF-F525-4189-8311-9B0CBD979AC3}.Ad-Hoc|x86.Build.0 = Debug|Any CPU
		{D596D4AF-F525-4189-8311-9B0CBD979AC3}.AppStore|Any CPU.ActiveCfg = Debug|Any CPU
		{D596D4AF-F525-4189-8311-9B0CBD979AC3}.AppStore|Any CPU.Build.0 = Debug|Any CPU
		{D596D4AF-F525-4189-8311-9B0CBD979AC3}.AppStore|ARM.ActiveCfg = Debug|Any CPU
		{D596D4AF-F525-4189-8311-9B0CBD979AC3}.AppStore|ARM.Build.0 = Debug|Any CPU
		{D596D4AF-F525-4189-8311-9B0CBD979AC3}.AppStore|iPhone.ActiveCfg = Debug|Any CPU
		{D596D4AF-F525-4189-8311-9B0CBD979AC3}.AppStore|iPhone.Build.0 = Debug|Any CPU
		{D596D4AF-F525-4189-8311-9B0CBD979AC3}.AppStore|iPhoneSimulator.ActiveCfg = Debug|Any CPU
		{D596D4AF-F525-4189-8311-9B0CBD979AC3}.AppStore|iPhoneSimulator.Build.0 = Debug|Any CPU
		{D596D4AF-F525-4189-8311-9B0CBD979AC3}.AppStore|x64.ActiveCfg = Debug|Any CPU
		{D596D4AF-F525-4189-8311-9B0CBD979AC3}.AppStore|x64.Build.0 = Debug|Any CPU
		{D596D4AF-F525-4189-8311-9B0CBD979AC3}.AppStore|x86.ActiveCfg = Debug|Any CPU
		{D596D4AF-F525-4189-8311-9B0CBD979AC3}.AppStore|x86.Build.0 = Debug|Any CPU
		{D596D4AF-F525-4189-8311-9B0CBD979AC3}.Debug|Any CPU.ActiveCfg = Debug|Any CPU
		{D596D4AF-F525-4189-8311-9B0CBD979AC3}.Debug|Any CPU.Build.0 = Debug|Any CPU
		{D596D4AF-F525-4189-8311-9B0CBD979AC3}.Debug|ARM.ActiveCfg = Debug|Any CPU
		{D596D4AF-F525-4189-8311-9B0CBD979AC3}.Debug|ARM.Build.0 = Debug|Any CPU
		{D596D4AF-F525-4189-8311-9B0CBD979AC3}.Debug|iPhone.ActiveCfg = Debug|Any CPU
		{D596D4AF-F525-4189-8311-9B0CBD979AC3}.Debug|iPhone.Build.0 = Debug|Any CPU
		{D596D4AF-F525-4189-8311-9B0CBD979AC3}.Debug|iPhoneSimulator.ActiveCfg = Debug|Any CPU
		{D596D4AF-F525-4189-8311-9B0CBD979AC3}.Debug|iPhoneSimulator.Build.0 = Debug|Any CPU
		{D596D4AF-F525-4189-8311-9B0CBD979AC3}.Debug|x64.ActiveCfg = Debug|Any CPU
		{D596D4AF-F525-4189-8311-9B0CBD979AC3}.Debug|x64.Build.0 = Debug|Any CPU
		{D596D4AF-F525-4189-8311-9B0CBD979AC3}.Debug|x86.ActiveCfg = Debug|Any CPU
		{D596D4AF-F525-4189-8311-9B0CBD979AC3}.Debug|x86.Build.0 = Debug|Any CPU
		{D596D4AF-F525-4189-8311-9B0CBD979AC3}.Release|Any CPU.ActiveCfg = Release|Any CPU
		{D596D4AF-F525-4189-8311-9B0CBD979AC3}.Release|Any CPU.Build.0 = Release|Any CPU
		{D596D4AF-F525-4189-8311-9B0CBD979AC3}.Release|ARM.ActiveCfg = Release|Any CPU
		{D596D4AF-F525-4189-8311-9B0CBD979AC3}.Release|ARM.Build.0 = Release|Any CPU
		{D596D4AF-F525-4189-8311-9B0CBD979AC3}.Release|iPhone.ActiveCfg = Release|Any CPU
		{D596D4AF-F525-4189-8311-9B0CBD979AC3}.Release|iPhone.Build.0 = Release|Any CPU
		{D596D4AF-F525-4189-8311-9B0CBD979AC3}.Release|iPhoneSimulator.ActiveCfg = Release|Any CPU
		{D596D4AF-F525-4189-8311-9B0CBD979AC3}.Release|iPhoneSimulator.Build.0 = Release|Any CPU
		{D596D4AF-F525-4189-8311-9B0CBD979AC3}.Release|x64.ActiveCfg = Release|Any CPU
		{D596D4AF-F525-4189-8311-9B0CBD979AC3}.Release|x64.Build.0 = Release|Any CPU
		{D596D4AF-F525-4189-8311-9B0CBD979AC3}.Release|x86.ActiveCfg = Release|Any CPU
		{D596D4AF-F525-4189-8311-9B0CBD979AC3}.Release|x86.Build.0 = Release|Any CPU
	EndGlobalSection
	GlobalSection(SolutionProperties) = preSolution
		HideSolutionNode = FALSE
	EndGlobalSection
	GlobalSection(ExtensibilityGlobals) = postSolution
		SolutionGuid = {AF8C90FE-33C4-4A91-9C7F-D776E371E74F}
	EndGlobalSection
EndGlobal
